{
  "version": 4,
  "terraform_version": "1.15.6",
  "serial": 304,
  "lineage": "e55771e6-f883-b246-adab-f19a3e805ba1",
  "outputs": {},
  "resources": [
    {
      "mode": "data",
      "type": "aws_availability_zones",
      "name": "available",
      "provider": "provider[\"registry.terraform.io/hashicorp/aws\"]",
      "instances": [
        {
          "schema_version": 0,
          "attributes": {
            "all_availability_zones": null,
            "exclude_names": null,
            "exclude_zone_ids": null,
            "filter": [
              {
                "name": "opt-in-status",
                "values": [
                  "opt-in-not-required"
                ]
              }
            ],
            "group_names": [
              "eu-north-1-zg-1"
            ],
            "id": "eu-north-1",
            "names": [
              "eu-north-1a",
              "eu-north-1b",
              "eu-north-1c"
            ],
            "region": "eu-north-1",
            "state": null,
            "timeouts": null,
            "zone_ids": [
              "eun1-az1",
              "eun1-az2",
              "eun1-az3"
            ]
          },
          "sensitive_attributes": [],
          "identity_schema_version": 0
        }
      ]
    },
    {
      "module": "module.eks_al2023",
      "mode": "data",
      "type": "aws_caller_identity",
      "name": "current",
      "provider": "provider[\"registry.terraform.io/hashicorp/aws\"]",
      "instances": [
        {
          "index_key": 0,
          "schema_version": 0,
          "attributes": {
            "account_id": "547320736290",
            "arn": "arn:aws:iam::547320736290:root",
            "id": "547320736290",
            "user_id": "547320736290"
          },
          "sensitive_attributes": [],
          "identity_schema_version": 0
        }
      ]
    },
    {
      "module": "module.eks_al2023",
      "mode": "data",
      "type": "aws_eks_addon_version",
      "name": "this",
      "provider": "provider[\"registry.terraform.io/hashicorp/aws\"]",
      "instances": [
        {
          "index_key": "coredns",
          "schema_version": 0,
          "attributes": {
            "addon_name": "coredns",
            "id": "coredns",
            "kubernetes_version": "1.33",
            "most_recent": true,
            "region": "eu-north-1",
            "version": "v1.13.2-eksbuild.11"
          },
          "sensitive_attributes": [],
          "identity_schema_version": 0
        },
        {
          "index_key": "eks-pod-identity-agent",
          "schema_version": 0,
          "attributes": {
            "addon_name": "eks-pod-identity-agent",
            "id": "eks-pod-identity-agent",
            "kubernetes_version": "1.33",
            "most_recent": true,
            "region": "eu-north-1",
            "version": "v1.3.10-eksbuild.3"
          },
          "sensitive_attributes": [],
          "identity_schema_version": 0
        },
        {
          "index_key": "kube-proxy",
          "schema_version": 0,
          "attributes": {
            "addon_name": "kube-proxy",
            "id": "kube-proxy",
            "kubernetes_version": "1.33",
            "most_recent": true,
            "region": "eu-north-1",
            "version": "v1.33.10-eksbuild.13"
          },
          "sensitive_attributes": [],
          "identity_schema_version": 0
        },
        {
          "index_key": "vpc-cni",
          "schema_version": 0,
          "attributes": {
            "addon_name": "vpc-cni",
            "id": "vpc-cni",
            "kubernetes_version": "1.33",
            "most_recent": true,
            "region": "eu-north-1",
            "version": "v1.22.2-eksbuild.1"
          },
          "sensitive_attributes": [],
          "identity_schema_version": 0
        }
      ]
    },
    {
      "module": "module.eks_al2023",
      "mode": "data",
      "type": "aws_iam_policy_document",
      "name": "assume_role_policy",
      "provider": "provider[\"registry.terraform.io/hashicorp/aws\"]",
      "instances": [
        {
          "index_key": 0,
          "schema_version": 0,
          "attributes": {
            "id": "2830595799",
            "json": "{\n  \"Version\": \"2012-10-17\",\n  \"Statement\": [\n    {\n      \"Sid\": \"EKSClusterAssumeRole\",\n      \"Effect\": \"Allow\",\n      \"Action\": [\n        \"sts:TagSession\",\n        \"sts:AssumeRole\"\n      ],\n      \"Principal\": {\n        \"Service\": \"eks.amazonaws.com\"\n      }\n    }\n  ]\n}",
            "minified_json": "{\"Version\":\"2012-10-17\",\"Statement\":[{\"Sid\":\"EKSClusterAssumeRole\",\"Effect\":\"Allow\",\"Action\":[\"sts:TagSession\",\"sts:AssumeRole\"],\"Principal\":{\"Service\":\"eks.amazonaws.com\"}}]}",
            "override_json": null,
            "override_policy_documents": null,
            "policy_id": null,
            "source_json": null,
            "source_policy_documents": null,
            "statement": [
              {
                "actions": [
                  "sts:AssumeRole",
                  "sts:TagSession"
                ],
                "condition": [],
                "effect": "Allow",
                "not_actions": [],
                "not_principals": [],
                "not_resources": [],
                "principals": [
                  {
                    "identifiers": [
                      "eks.amazonaws.com"
                    ],
                    "type": "Service"
                  }
                ],
                "resources": [],
                "sid": "EKSClusterAssumeRole"
              }
            ],
            "version": "2012-10-17"
          },
          "sensitive_attributes": [],
          "identity_schema_version": 0
        }
      ]
    },
    {
      "module": "module.eks_al2023",
      "mode": "data",
      "type": "aws_iam_policy_document",
      "name": "cni_ipv6_policy",
      "provider": "provider[\"registry.terraform.io/hashicorp/aws\"]",
      "instances": []
    },
    {
      "module": "module.eks_al2023",
      "mode": "data",
      "type": "aws_iam_policy_document",
      "name": "custom",
      "provider": "provider[\"registry.terraform.io/hashicorp/aws\"]",
      "instances": []
    },
    {
      "module": "module.eks_al2023",
      "mode": "data",
      "type": "aws_iam_policy_document",
      "name": "node_assume_role_policy",
      "provider": "provider[\"registry.terraform.io/hashicorp/aws\"]",
      "instances": []
    },
    {
      "module": "module.eks_al2023",
      "mode": "data",
      "type": "aws_iam_session_context",
      "name": "current",
      "provider": "provider[\"registry.terraform.io/hashicorp/aws\"]",
      "instances": [
        {
          "index_key": 0,
          "schema_version": 0,
          "attributes": {
            "arn": "arn:aws:iam::547320736290:root",
            "id": "arn:aws:iam::547320736290:root",
            "issuer_arn": "arn:aws:iam::547320736290:root",
            "issuer_id": "",
            "issuer_name": "",
            "session_name": ""
          },
          "sensitive_attributes": [],
          "identity_schema_version": 0
        }
      ]
    },
    {
      "module": "module.eks_al2023",
      "mode": "data",
      "type": "aws_partition",
      "name": "current",
      "provider": "provider[\"registry.terraform.io/hashicorp/aws\"]",
      "instances": [
        {
          "index_key": 0,
          "schema_version": 0,
          "attributes": {
            "dns_suffix": "amazonaws.com",
            "id": "aws",
            "partition": "aws",
            "reverse_dns_prefix": "com.amazonaws"
          },
          "sensitive_attributes": [],
          "identity_schema_version": 0
        }
      ]
    },
    {
      "module": "module.eks_al2023",
      "mode": "data",
      "type": "tls_certificate",
      "name": "this",
      "provider": "provider[\"registry.terraform.io/hashicorp/tls\"]",
      "instances": [
        {
          "index_key": 0,
          "schema_version": 0,
          "attributes": {
            "certificates": [
              {
                "cert_pem": "-----BEGIN CERTIFICATE-----\nMIIEkjCCA3qgAwIBAgITBn+USionzfP6wq4rAfkI7rnExjANBgkqhkiG9w0BAQsF\nADCBmDELMAkGA1UEBhMCVVMxEDAOBgNVBAgTB0FyaXpvbmExEzARBgNVBAcTClNj\nb3R0c2RhbGUxJTAjBgNVBAoTHFN0YXJmaWVsZCBUZWNobm9sb2dpZXMsIEluYy4x\nOzA5BgNVBAMTMlN0YXJmaWVsZCBTZXJ2aWNlcyBSb290IENlcnRpZmljYXRlIEF1\ndGhvcml0eSAtIEcyMB4XDTE1MDUyNTEyMDAwMFoXDTM3MTIzMTAxMDAwMFowOTEL\nMAkGA1UEBhMCVVMxDzANBgNVBAoTBkFtYXpvbjEZMBcGA1UEAxMQQW1hem9uIFJv\nb3QgQ0EgMTCCASIwDQYJKoZIhvcNAQEBBQADggEPADCCAQoCggEBALJ4gHHKeNXj\nca9HgFB0fW7Y14h29Jlo91ghYPl0hAEvrAIthtOgQ3pOsqTQNroBvo3bSMgHFzZM\n9O6II8c+6zf1tRn4SWiw3te5djgdYZ6k/oI2peVKVuRF4fn9tBb6dNqcmzU5L/qw\nIFAGbHrQgLKm+a/sRxmPUDgH3KKHOVj4utWp+UhnMJbulHheb4mjUcAwhmahRWa6\nVOujw5H5SNz/0egwLX0tdHA114gk957EWW67c4cX8jJGKLhD+rcdqsq08p8kDi1L\n93FcXmn/6pUCyziKrlA4b9v7LWIbxcceVOF34GfID5yHI9Y/QCB/IIDEgEw+OyQm\njgSubJrIqg0CAwEAAaOCATEwggEtMA8GA1UdEwEB/wQFMAMBAf8wDgYDVR0PAQH/\nBAQDAgGGMB0GA1UdDgQWBBSEGMyFNOy8DJSULghZnMeyEE4KCDAfBgNVHSMEGDAW\ngBScXwDfqgHXMCs4iKK4bUqc8hGRgzB4BggrBgEFBQcBAQRsMGowLgYIKwYBBQUH\nMAGGImh0dHA6Ly9vY3NwLnJvb3RnMi5hbWF6b250cnVzdC5jb20wOAYIKwYBBQUH\nMAKGLGh0dHA6Ly9jcnQucm9vdGcyLmFtYXpvbnRydXN0LmNvbS9yb290ZzIuY2Vy\nMD0GA1UdHwQ2MDQwMqAwoC6GLGh0dHA6Ly9jcmwucm9vdGcyLmFtYXpvbnRydXN0\nLmNvbS9yb290ZzIuY3JsMBEGA1UdIAQKMAgwBgYEVR0gADANBgkqhkiG9w0BAQsF\nAAOCAQEAYjdCXLwQtT6LLOkMm2xF4gcAevnFWAu5CIw+7bMlPLVvUOTNNWqnkzSW\nMiGpSESrnO09tKpzbeR/FoCJbM8oAxiDR3mjEH4wW6w7sGDgd9QIpuEdfF7Au/ma\neyKdpwAJfqxGF4PcnCZXmTA5YpaP7dreqsXMGz7KQ2hsVxa81Q4gLv7/wmpdLqBK\nbRRYh5TmOTFffHPLkIhqhBGWJ6bt2YFGpn6jcgAKUj6DiAdjd4lpFw85hdKrCEVN\n0FE6/V1dN2RMfjCyVSRCnTawXZwXgWHxyvkQAiSr6w10kY17RSlQOYiypok1JR4U\nakcjMS9cmvqtmg5iUaQqqcT5NJ0hGA==\n-----END CERTIFICATE-----\n",
                "is_ca": true,
                "issuer": "CN=Starfield Services Root Certificate Authority - G2,O=Starfield Technologies\\, Inc.,L=Scottsdale,ST=Arizona,C=US",
                "max_path_length": -1,
                "not_after": "2037-12-31T01:00:00Z",
                "not_before": "2015-05-25T12:00:00Z",
                "public_key_algorithm": "RSA",
                "serial_number": "144918191876577076464031512351042010504348870",
                "sha1_fingerprint": "06b25927c42a721631c1efd9431e648fa62e1e39",
                "signature_algorithm": "SHA256-RSA",
                "subject": "CN=Amazon Root CA 1,O=Amazon,C=US",
                "version": 3
              },
              {
                "cert_pem": "-----BEGIN CERTIFICATE-----\nMIIEXjCCA0agAwIBAgITB3MSTyqVLj7Rili9uF0bwM5fJzANBgkqhkiG9w0BAQsF\nADA5MQswCQYDVQQGEwJVUzEPMA0GA1UEChMGQW1hem9uMRkwFwYDVQQDExBBbWF6\nb24gUm9vdCBDQSAxMB4XDTIyMDgyMzIyMjYzNVoXDTMwMDgyMzIyMjYzNVowPDEL\nMAkGA1UEBhMCVVMxDzANBgNVBAoTBkFtYXpvbjEcMBoGA1UEAxMTQW1hem9uIFJT\nQSAyMDQ4IE0wNDCCASIwDQYJKoZIhvcNAQEBBQADggEPADCCAQoCggEBAM3pVR6A\nlQOp4xe776FdePXyejgA38mYx1ou9/jrpV6Sfn+/oqBKgwhY6ePsQHHQayWBJdBn\nv4Wz363qRI4XUh9swBFJ11TnZ3LqOMvHmWq2+loA0QPtOfXdJ2fHBLrBrngtJ/GB\n0p5olAVYrSZgvQGP16Rf8ddtNyxEEhYm3HuhmNi+vSeAq1tLYJPAvRCXonTpWdSD\nxY6hvdmxlqTYi82AtBXSfpGQ58HHM0hw0C6aQakghrwWi5fGslLOqzpimNMIsT7c\nqa0GJx6JfKqJqmQQNplO2h8n9ZsFJgBowof01ppdoLAWg6caMOM0om/VILKaa30F\n9W/r8Qjah7ltGVkCAwEAAaOCAVowggFWMBIGA1UdEwEB/wQIMAYBAf8CAQAwDgYD\nVR0PAQH/BAQDAgGGMB0GA1UdJQQWMBQGCCsGAQUFBwMBBggrBgEFBQcDAjAdBgNV\nHQ4EFgQUH1KSYVaCVH+BZtgdPQqqMlyH3QgwHwYDVR0jBBgwFoAUhBjMhTTsvAyU\nlC4IWZzHshBOCggwewYIKwYBBQUHAQEEbzBtMC8GCCsGAQUFBzABhiNodHRwOi8v\nb2NzcC5yb290Y2ExLmFtYXpvbnRydXN0LmNvbTA6BggrBgEFBQcwAoYuaHR0cDov\nL2NydC5yb290Y2ExLmFtYXpvbnRydXN0LmNvbS9yb290Y2ExLmNlcjA/BgNVHR8E\nODA2MDSgMqAwhi5odHRwOi8vY3JsLnJvb3RjYTEuYW1hem9udHJ1c3QuY29tL3Jv\nb3RjYTEuY3JsMBMGA1UdIAQMMAowCAYGZ4EMAQIBMA0GCSqGSIb3DQEBCwUAA4IB\nAQA+1O5UsAaNuW3lHzJtpNGwBnZd9QEYFtxpiAnIaV4qApnGS9OCw5ZPwie7YSlD\nZF5yyFPsFhUC2Q9uJHY/CRV1b5hIiGH0+6+w5PgKiY1MWuWT8VAaJjFxvuhM7a/e\nfN2TIw1Wd6WCl6YRisunjQOrSP+unqC8A540JNyZ1JOE3jVqat3OZBGgMvihdj2w\nY23EpwesrKiQzkHzmvSH67PVW4ycbPy08HVZnBxZ5NrlGG9bwXR3fNTaz+c+Ej6c\n5AnwI3qkOFgSkg3Y75cdFz6pO/olK+e3AqygAcv0WjzmkDPuBjssuZjCHMC56oH3\nGJkV29Di2j5prHJbwZjG1inU\n-----END CERTIFICATE-----\n",
                "is_ca": true,
                "issuer": "CN=Amazon Root CA 1,O=Amazon,C=US",
                "max_path_length": 0,
                "not_after": "2030-08-23T22:26:35Z",
                "not_before": "2022-08-23T22:26:35Z",
                "public_key_algorithm": "RSA",
                "serial_number": "166129359584585245282080020727744908546170663",
                "sha1_fingerprint": "e7b8b5a6743ce1b2f17b041de59558a41472d70c",
                "signature_algorithm": "SHA256-RSA",
                "subject": "CN=Amazon RSA 2048 M04,O=Amazon,C=US",
                "version": 3
              },
              {
                "cert_pem": "-----BEGIN CERTIFICATE-----\nMIIF3zCCBMegAwIBAgIQCpbj2J8VhKbRJFwSTTXM1jANBgkqhkiG9w0BAQsFADA8\nMQswCQYDVQQGEwJVUzEPMA0GA1UEChMGQW1hem9uMRwwGgYDVQQDExNBbWF6b24g\nUlNBIDIwNDggTTA0MB4XDTI2MDEyNzAwMDAwMFoXDTI3MDIyNTIzNTk1OVowKTEn\nMCUGA1UEAwweKi5la3MuZXUtbm9ydGgtMS5hbWF6b25hd3MuY29tMIIBIjANBgkq\nhkiG9w0BAQEFAAOCAQ8AMIIBCgKCAQEAy3y44z8Y9dRQz65M3p9q+8p7yejj8fd7\n6RAiCvjCXx0dD3khtuw2EKPo7qoMjIjC+jkPiXREJx0n2AAQW8iHWKJI72Sb8+fk\n/1AVoNEb4wPNfegSOOf6X2vdT1mnyYwGjVa8nnzJ0YnNBpIuFMex6sQNjqopyzfV\nAZqElc2L9Br+zPjnK/s1IF210FJW7gzUaCh03oZ7hkHbHQNcGfeH3O3vp/F0ZFcx\nH4GltCTSnA1OWBGEHqxoupOPToWhpD30aUJZmER65/63f9o2WHkYX+1bXzqHHxHE\ntYY2Vz2LDJjgiucXEsEQvB5Y8j17XUHczV8I2uDoFdvtzTIl4eILFwIDAQABo4IC\n7jCCAuowHwYDVR0jBBgwFoAUH1KSYVaCVH+BZtgdPQqqMlyH3QgwHQYDVR0OBBYE\nFHWxF2nw4cPIFD93xcUJDHwFeLCHMCkGA1UdEQQiMCCCHiouZWtzLmV1LW5vcnRo\nLTEuYW1hem9uYXdzLmNvbTATBgNVHSAEDDAKMAgGBmeBDAECATAOBgNVHQ8BAf8E\nBAMCBaAwEwYDVR0lBAwwCgYIKwYBBQUHAwEwOwYDVR0fBDQwMjAwoC6gLIYqaHR0\ncDovL2NybC5yMm0wNC5hbWF6b250cnVzdC5jb20vcjJtMDQuY3JsMHUGCCsGAQUF\nBwEBBGkwZzAtBggrBgEFBQcwAYYhaHR0cDovL29jc3AucjJtMDQuYW1hem9udHJ1\nc3QuY29tMDYGCCsGAQUFBzAChipodHRwOi8vY3J0LnIybTA0LmFtYXpvbnRydXN0\nLmNvbS9yMm0wNC5jZXIwDAYDVR0TAQH/BAIwADCCAX8GCisGAQQB1nkCBAIEggFv\nBIIBawFpAHYATGPcmOWcHauI9h6KPd6uj6tEozd7X5uUw/uhnPzBviYAAAGb/NFV\nSwAABAMARzBFAiEApleQlJNIaJbvl3xBCYDFgfNmgdLjGhnyNV3zbq1QUlYCIDt5\nP3GJZLjBVlQVMOwq9EI9JHGbcX4g9hGp3/L2RXPQAHYAHJ9oLOn68EVpUPgbloqH\n3dsyENhM5siy44JSSsTPWZ8AAAGb/NFVeQAABAMARzBFAiEAuIuQLn2PkNAumNky\njp9bpJb1pd2QxBxIc6SnYRuA7z8CIHCRonE23PxdHFsAYMlG2i3UIIE6nSGTyuKh\nssrfjng6AHcAYEyar3p/d18B1Ab8kg3ImesLHH34yVIb+voXdzuXi8kAAAGb/NFW\nHwAABAMASDBGAiEAmB5ktGnrA+mh18PG3X8JHC+yvrXlKZ5Pe0V5eORYeVQCIQDG\nE7xQMQowwapddREU6JC5KFCcIZ8F1eCQk7TKGeu68zANBgkqhkiG9w0BAQsFAAOC\nAQEAbTQaVqsg6qPAXLYz71H9pYsfC2ZKLUm14cqS+Qv3mqdjglcoIDUKIdP1cGYV\niWnFAfGWDGYf8TYsPRXHN5b41X4A1b7OqE1GAr1bgfNWhEQ9bhBVj+4z4jn37y5Q\n9HWDovgPiYj7fHSwEwW0uucUo2TLdKw+eyuytfL/xwTq8scv0JIy1Sop7xccb1i5\n6vsweN18SsBc5/8PoVhAAmefVqWgE6/0vreDjXdbiVAQVkm3tPQdSULROecmh9H2\n9OQgCeF2o1eA0TsJfbY7PSGetUkN/BuJ3wpvboHMr7FcgcjNoKQQnD6nhksvn/x6\n9PB6RmEQDuPz3YlHYtvHXG+eqw==\n-----END CERTIFICATE-----\n",
                "is_ca": false,
                "issuer": "CN=Amazon RSA 2048 M04,O=Amazon,C=US",
                "max_path_length": -1,
                "not_after": "2027-02-25T23:59:59Z",
                "not_before": "2026-01-27T00:00:00Z",
                "public_key_algorithm": "RSA",
                "serial_number": "14075745756126645317012100939347512534",
                "sha1_fingerprint": "5fe6b8be716e56db533d1ac20468e0d14ae327ca",
                "signature_algorithm": "SHA256-RSA",
                "subject": "CN=*.eks.eu-north-1.amazonaws.com",
                "version": 3
              }
            ],
            "content": null,
            "id": "9b06bc7e040baa7fdd2fc7a6ad1e04977a689b29",
            "url": "https://oidc.eks.eu-north-1.amazonaws.com/id/F8CD53D922F11247D40B6CA14FE42456",
            "verify_chain": true
          },
          "sensitive_attributes": [],
          "identity_schema_version": 0
        }
      ]
    },
    {
      "module": "module.eks_al2023",
      "mode": "managed",
      "type": "aws_cloudwatch_log_group",
      "name": "this",
      "provider": "provider[\"registry.terraform.io/hashicorp/aws\"]",
      "instances": [
        {
          "index_key": 0,
          "schema_version": 0,
          "attributes": {
            "arn": "arn:aws:logs:eu-north-1:547320736290:log-group:/aws/eks/ex-self-mng-al2023/cluster",
            "deletion_protection_enabled": false,
            "id": "/aws/eks/ex-self-mng-al2023/cluster",
            "kms_key_id": "",
            "log_group_class": "STANDARD",
            "name": "/aws/eks/ex-self-mng-al2023/cluster",
            "name_prefix": "",
            "region": "eu-north-1",
            "retention_in_days": 90,
            "skip_destroy": false,
            "tags": {
              "Example": "ex-self-mng",
              "GithubOrg": "terraform-aws-modules",
              "GithubRepo": "terraform-aws-eks",
              "Name": "/aws/eks/ex-self-mng-al2023/cluster"
            },
            "tags_all": {
              "Example": "ex-self-mng",
              "GithubOrg": "terraform-aws-modules",
              "GithubRepo": "terraform-aws-eks",
              "Name": "/aws/eks/ex-self-mng-al2023/cluster"
            }
          },
          "sensitive_attributes": [],
          "identity_schema_version": 0,
          "identity": {
            "account_id": "547320736290",
            "name": "/aws/eks/ex-self-mng-al2023/cluster",
            "region": "eu-north-1"
          },
          "private": "bnVsbA==",
          "create_before_destroy": true
        }
      ]
    },
    {
      "module": "module.eks_al2023",
      "mode": "managed",
      "type": "aws_ec2_tag",
      "name": "cluster_primary_security_group",
      "provider": "provider[\"registry.terraform.io/hashicorp/aws\"]",
      "instances": [
        {
          "index_key": "Example",
          "schema_version": 0,
          "attributes": {
            "id": "sg-0dc029873e8f74d1d,Example",
            "key": "Example",
            "region": "eu-north-1",
            "resource_id": "sg-0dc029873e8f74d1d",
            "value": "ex-self-mng"
          },
          "sensitive_attributes": [],
          "identity_schema_version": 0,
          "private": "bnVsbA==",
          "dependencies": [
            "data.aws_availability_zones.available",
            "module.eks_al2023.aws_cloudwatch_log_group.this",
            "module.eks_al2023.aws_eks_cluster.this",
            "module.eks_al2023.aws_iam_policy.cni_ipv6_policy",
            "module.eks_al2023.aws_iam_role.eks_auto",
            "module.eks_al2023.aws_iam_role.this",
            "module.eks_al2023.aws_iam_role_policy_attachment.this",
            "module.eks_al2023.aws_security_group.cluster",
            "module.eks_al2023.aws_security_group.node",
            "module.eks_al2023.aws_security_group_rule.cluster",
            "module.eks_al2023.aws_security_group_rule.node",
            "module.eks_al2023.data.aws_caller_identity.current",
            "module.eks_al2023.data.aws_iam_policy_document.assume_role_policy",
            "module.eks_al2023.data.aws_iam_policy_document.cni_ipv6_policy",
            "module.eks_al2023.data.aws_iam_policy_document.node_assume_role_policy",
            "module.eks_al2023.data.aws_iam_session_context.current",
            "module.eks_al2023.data.aws_partition.current",
            "module.eks_al2023.module.kms.aws_kms_external_key.this",
            "module.eks_al2023.module.kms.aws_kms_key.this",
            "module.eks_al2023.module.kms.aws_kms_replica_external_key.this",
            "module.eks_al2023.module.kms.aws_kms_replica_key.this",
            "module.eks_al2023.module.kms.data.aws_caller_identity.current",
            "module.eks_al2023.module.kms.data.aws_iam_policy_document.this",
            "module.eks_al2023.module.kms.data.aws_partition.current",
            "module.vpc.aws_subnet.private",
            "module.vpc.aws_vpc.this",
            "module.vpc.aws_vpc_ipv4_cidr_block_association.this"
          ]
        },
        {
          "index_key": "GithubOrg",
          "schema_version": 0,
          "attributes": {
            "id": "sg-0dc029873e8f74d1d,GithubOrg",
            "key": "GithubOrg",
            "region": "eu-north-1",
            "resource_id": "sg-0dc029873e8f74d1d",
            "value": "terraform-aws-modules"
          },
          "sensitive_attributes": [],
          "identity_schema_version": 0,
          "private": "bnVsbA==",
          "dependencies": [
            "data.aws_availability_zones.available",
            "module.eks_al2023.aws_cloudwatch_log_group.this",
            "module.eks_al2023.aws_eks_cluster.this",
            "module.eks_al2023.aws_iam_policy.cni_ipv6_policy",
            "module.eks_al2023.aws_iam_role.eks_auto",
            "module.eks_al2023.aws_iam_role.this",
            "module.eks_al2023.aws_iam_role_policy_attachment.this",
            "module.eks_al2023.aws_security_group.cluster",
            "module.eks_al2023.aws_security_group.node",
            "module.eks_al2023.aws_security_group_rule.cluster",
            "module.eks_al2023.aws_security_group_rule.node",
            "module.eks_al2023.data.aws_caller_identity.current",
            "module.eks_al2023.data.aws_iam_policy_document.assume_role_policy",
            "module.eks_al2023.data.aws_iam_policy_document.cni_ipv6_policy",
            "module.eks_al2023.data.aws_iam_policy_document.node_assume_role_policy",
            "module.eks_al2023.data.aws_iam_session_context.current",
            "module.eks_al2023.data.aws_partition.current",
            "module.eks_al2023.module.kms.aws_kms_external_key.this",
            "module.eks_al2023.module.kms.aws_kms_key.this",
            "module.eks_al2023.module.kms.aws_kms_replica_external_key.this",
            "module.eks_al2023.module.kms.aws_kms_replica_key.this",
            "module.eks_al2023.module.kms.data.aws_caller_identity.current",
            "module.eks_al2023.module.kms.data.aws_iam_policy_document.this",
            "module.eks_al2023.module.kms.data.aws_partition.current",
            "module.vpc.aws_subnet.private",
            "module.vpc.aws_vpc.this",
            "module.vpc.aws_vpc_ipv4_cidr_block_association.this"
          ]
        },
        {
          "index_key": "GithubRepo",
          "schema_version": 0,
          "attributes": {
            "id": "sg-0dc029873e8f74d1d,GithubRepo",
            "key": "GithubRepo",
            "region": "eu-north-1",
            "resource_id": "sg-0dc029873e8f74d1d",
            "value": "terraform-aws-eks"
          },
          "sensitive_attributes": [],
          "identity_schema_version": 0,
          "private": "bnVsbA==",
          "dependencies": [
            "data.aws_availability_zones.available",
            "module.eks_al2023.aws_cloudwatch_log_group.this",
            "module.eks_al2023.aws_eks_cluster.this",
            "module.eks_al2023.aws_iam_policy.cni_ipv6_policy",
            "module.eks_al2023.aws_iam_role.eks_auto",
            "module.eks_al2023.aws_iam_role.this",
            "module.eks_al2023.aws_iam_role_policy_attachment.this",
            "module.eks_al2023.aws_security_group.cluster",
            "module.eks_al2023.aws_security_group.node",
            "module.eks_al2023.aws_security_group_rule.cluster",
            "module.eks_al2023.aws_security_group_rule.node",
            "module.eks_al2023.data.aws_caller_identity.current",
            "module.eks_al2023.data.aws_iam_policy_document.assume_role_policy",
            "module.eks_al2023.data.aws_iam_policy_document.cni_ipv6_policy",
            "module.eks_al2023.data.aws_iam_policy_document.node_assume_role_policy",
            "module.eks_al2023.data.aws_iam_session_context.current",
            "module.eks_al2023.data.aws_partition.current",
            "module.eks_al2023.module.kms.aws_kms_external_key.this",
            "module.eks_al2023.module.kms.aws_kms_key.this",
            "module.eks_al2023.module.kms.aws_kms_replica_external_key.this",
            "module.eks_al2023.module.kms.aws_kms_replica_key.this",
            "module.eks_al2023.module.kms.data.aws_caller_identity.current",
            "module.eks_al2023.module.kms.data.aws_iam_policy_document.this",
            "module.eks_al2023.module.kms.data.aws_partition.current",
            "module.vpc.aws_subnet.private",
            "module.vpc.aws_vpc.this",
            "module.vpc.aws_vpc_ipv4_cidr_block_association.this"
          ]
        }
      ]
    },
    {
      "module": "module.eks_al2023",
      "mode": "managed",
      "type": "aws_eks_access_entry",
      "name": "this",
      "provider": "provider[\"registry.terraform.io/hashicorp/aws\"]",
      "instances": []
    },
    {
      "module": "module.eks_al2023",
      "mode": "managed",
      "type": "aws_eks_access_policy_association",
      "name": "this",
      "provider": "provider[\"registry.terraform.io/hashicorp/aws\"]",
      "instances": []
    },
    {
      "module": "module.eks_al2023",
      "mode": "managed",
      "type": "aws_eks_addon",
      "name": "before_compute",
      "provider": "provider[\"registry.terraform.io/hashicorp/aws\"]",
      "instances": [
        {
          "index_key": "eks-pod-identity-agent",
          "schema_version": 0,
          "attributes": {
            "addon_name": "eks-pod-identity-agent",
            "addon_version": "v1.3.10-eksbuild.3",
            "arn": "arn:aws:eks:eu-north-1:547320736290:addon/ex-self-mng-al2023/eks-pod-identity-agent/56cf8787-10f0-7c84-0c69-52899fc9e2bf",
            "cluster_name": "ex-self-mng-al2023",
            "configuration_values": "",
            "created_at": "2026-06-28T16:26:52Z",
            "id": "ex-self-mng-al2023:eks-pod-identity-agent",
            "modified_at": "2026-06-28T16:27:08Z",
            "namespace_config": [
              {
                "namespace": "kube-system"
              }
            ],
            "pod_identity_association": [],
            "preserve": true,
            "region": "eu-north-1",
            "resolve_conflicts_on_create": "NONE",
            "resolve_conflicts_on_update": "OVERWRITE",
            "service_account_role_arn": "",
            "tags": {
              "Example": "ex-self-mng",
              "GithubOrg": "terraform-aws-modules",
              "GithubRepo": "terraform-aws-eks"
            },
            "tags_all": {
              "Example": "ex-self-mng",
              "GithubOrg": "terraform-aws-modules",
              "GithubRepo": "terraform-aws-eks"
            },
            "timeouts": {
              "create": null,
              "delete": null,
              "update": null
            }
          },
          "sensitive_attributes": [],
          "identity_schema_version": 0,
          "identity": {
            "account_id": "547320736290",
            "addon_name": "eks-pod-identity-agent",
            "cluster_name": "ex-self-mng-al2023",
            "region": "eu-north-1"
          },
          "private": "eyJlMmJmYjczMC1lY2FhLTExZTYtOGY4OC0zNDM2M2JjN2M0YzAiOnsiY3JlYXRlIjoxMjAwMDAwMDAwMDAwLCJkZWxldGUiOjI0MDAwMDAwMDAwMDAsInVwZGF0ZSI6MTIwMDAwMDAwMDAwMH19",
          "dependencies": [
            "data.aws_availability_zones.available",
            "module.eks_al2023.aws_cloudwatch_log_group.this",
            "module.eks_al2023.aws_eks_cluster.this",
            "module.eks_al2023.aws_iam_policy.cni_ipv6_policy",
            "module.eks_al2023.aws_iam_role.eks_auto",
            "module.eks_al2023.aws_iam_role.this",
            "module.eks_al2023.aws_iam_role_policy_attachment.this",
            "module.eks_al2023.aws_security_group.cluster",
            "module.eks_al2023.aws_security_group.node",
            "module.eks_al2023.aws_security_group_rule.cluster",
            "module.eks_al2023.aws_security_group_rule.node",
            "module.eks_al2023.data.aws_caller_identity.current",
            "module.eks_al2023.data.aws_eks_addon_version.this",
            "module.eks_al2023.data.aws_iam_policy_document.assume_role_policy",
            "module.eks_al2023.data.aws_iam_policy_document.cni_ipv6_policy",
            "module.eks_al2023.data.aws_iam_policy_document.node_assume_role_policy",
            "module.eks_al2023.data.aws_iam_session_context.current",
            "module.eks_al2023.data.aws_partition.current",
            "module.eks_al2023.module.kms.aws_kms_external_key.this",
            "module.eks_al2023.module.kms.aws_kms_key.this",
            "module.eks_al2023.module.kms.aws_kms_replica_external_key.this",
            "module.eks_al2023.module.kms.aws_kms_replica_key.this",
            "module.eks_al2023.module.kms.data.aws_caller_identity.current",
            "module.eks_al2023.module.kms.data.aws_iam_policy_document.this",
            "module.eks_al2023.module.kms.data.aws_partition.current",
            "module.vpc.aws_subnet.private",
            "module.vpc.aws_vpc.this",
            "module.vpc.aws_vpc_ipv4_cidr_block_association.this"
          ]
        },
        {
          "index_key": "vpc-cni",
          "schema_version": 0,
          "attributes": {
            "addon_name": "vpc-cni",
            "addon_version": "v1.22.2-eksbuild.1",
            "arn": "arn:aws:eks:eu-north-1:547320736290:addon/ex-self-mng-al2023/vpc-cni/44cf8787-10f5-564b-33e6-73e5392d289d",
            "cluster_name": "ex-self-mng-al2023",
            "configuration_values": "",
            "created_at": "2026-06-28T16:26:52Z",
            "id": "ex-self-mng-al2023:vpc-cni",
            "modified_at": "2026-06-28T16:27:00Z",
            "namespace_config": [
              {
                "namespace": "kube-system"
              }
            ],
            "pod_identity_association": [],
            "preserve": true,
            "region": "eu-north-1",
            "resolve_conflicts_on_create": "NONE",
            "resolve_conflicts_on_update": "OVERWRITE",
            "service_account_role_arn": "",
            "tags": {
              "Example": "ex-self-mng",
              "GithubOrg": "terraform-aws-modules",
              "GithubRepo": "terraform-aws-eks"
            },
            "tags_all": {
              "Example": "ex-self-mng",
              "GithubOrg": "terraform-aws-modules",
              "GithubRepo": "terraform-aws-eks"
            },
            "timeouts": {
              "create": null,
              "delete": null,
              "update": null
            }
          },
          "sensitive_attributes": [],
          "identity_schema_version": 0,
          "identity": {
            "account_id": "547320736290",
            "addon_name": "vpc-cni",
            "cluster_name": "ex-self-mng-al2023",
            "region": "eu-north-1"
          },
          "private": "eyJlMmJmYjczMC1lY2FhLTExZTYtOGY4OC0zNDM2M2JjN2M0YzAiOnsiY3JlYXRlIjoxMjAwMDAwMDAwMDAwLCJkZWxldGUiOjI0MDAwMDAwMDAwMDAsInVwZGF0ZSI6MTIwMDAwMDAwMDAwMH19",
          "dependencies": [
            "data.aws_availability_zones.available",
            "module.eks_al2023.aws_cloudwatch_log_group.this",
            "module.eks_al2023.aws_eks_cluster.this",
            "module.eks_al2023.aws_iam_policy.cni_ipv6_policy",
            "module.eks_al2023.aws_iam_role.eks_auto",
            "module.eks_al2023.aws_iam_role.this",
            "module.eks_al2023.aws_iam_role_policy_attachment.this",
            "module.eks_al2023.aws_security_group.cluster",
            "module.eks_al2023.aws_security_group.node",
            "module.eks_al2023.aws_security_group_rule.cluster",
            "module.eks_al2023.aws_security_group_rule.node",
            "module.eks_al2023.data.aws_caller_identity.current",
            "module.eks_al2023.data.aws_eks_addon_version.this",
            "module.eks_al2023.data.aws_iam_policy_document.assume_role_policy",
            "module.eks_al2023.data.aws_iam_policy_document.cni_ipv6_policy",
            "module.eks_al2023.data.aws_iam_policy_document.node_assume_role_policy",
            "module.eks_al2023.data.aws_iam_session_context.current",
            "module.eks_al2023.data.aws_partition.current",
            "module.eks_al2023.module.kms.aws_kms_external_key.this",
            "module.eks_al2023.module.kms.aws_kms_key.this",
            "module.eks_al2023.module.kms.aws_kms_replica_external_key.this",
            "module.eks_al2023.module.kms.aws_kms_replica_key.this",
            "module.eks_al2023.module.kms.data.aws_caller_identity.current",
            "module.eks_al2023.module.kms.data.aws_iam_policy_document.this",
            "module.eks_al2023.module.kms.data.aws_partition.current",
            "module.vpc.aws_subnet.private",
            "module.vpc.aws_vpc.this",
            "module.vpc.aws_vpc_ipv4_cidr_block_association.this"
          ]
        }
      ]
    },
    {
      "module": "module.eks_al2023",
      "mode": "managed",
      "type": "aws_eks_cluster",
      "name": "this",
      "provider": "provider[\"registry.terraform.io/hashicorp/aws\"]",
      "instances": [
        {
          "index_key": 0,
          "schema_version": 1,
          "attributes": {
            "access_config": [
              {
                "authentication_mode": "API_AND_CONFIG_MAP",
                "bootstrap_cluster_creator_admin_permissions": false
              }
            ],
            "arn": "arn:aws:eks:eu-north-1:547320736290:cluster/ex-self-mng-al2023",
            "bootstrap_self_managed_addons": false,
            "certificate_authority": [
              {
                "data": "LS0tLS1CRUdJTiBDRVJUSUZJQ0FURS0tLS0tCk1JSURCVENDQWUyZ0F3SUJBZ0lJVWZCaHlKamQvWEF3RFFZSktvWklodmNOQVFFTEJRQXdGVEVUTUJFR0ExVUUKQXhNS2EzVmlaWEp1WlhSbGN6QWVGdzB5TmpBMk1qZ3hOakUzTlRKYUZ3MHpOakEyTWpVeE5qSXlOVEphTUJVeApFekFSQmdOVkJBTVRDbXQxWW1WeWJtVjBaWE13Z2dFaU1BMEdDU3FHU0liM0RRRUJBUVVBQTRJQkR3QXdnZ0VLCkFvSUJBUUR6UHZqYU9sVTJyMFpBemhLZUJlTmtXeGxZQmtMZzVvZlArbXAxUEFCdXFTbnVMMjJmZnl2UVJpSUQKdVp3NXVEaGlxenVtVlp0MVZscXhTV2VCWDNpSjQ5ZHVJY3NHRkloRzg2MXdITy9ic1JxR3VhMzVIRjRHZ2h0Qwp3ZGJSUXgvWkJuSUlyZkhlME5HSlBMTHN3VCtoK3pBWU9WcGtodWNPWDFkTHpqaHVYb0NJdDRjcWZQMTliUURsCkxIcnFsT3RFOFZ5ejluNjZVUFJaM3JqR3dDREtlWkp5aGdFcnZzeHRyMTVRWUVBUXU1U0pyY00xSUo4Z0RIQlYKQWF3czNhS2NCQnFkcnIyYkxUTm52SmNrVm55a2ZUM2dway9OMkFkOUxEbGlXK256d2NST2svSURWMy9WNHlocQpoTHduWG9IbmJKTVdqdkl4bE50enlrUGRTWFFMQWdNQkFBR2pXVEJYTUE0R0ExVWREd0VCL3dRRUF3SUNwREFQCkJnTlZIUk1CQWY4RUJUQURBUUgvTUIwR0ExVWREZ1FXQkJTa0dnTExTNTl4L0xaTEFSTlRCWWlNZVBIRkFUQVYKQmdOVkhSRUVEakFNZ2dwcmRXSmxjbTVsZEdWek1BMEdDU3FHU0liM0RRRUJDd1VBQTRJQkFRQk9Ld3d1QnJpaQpCaEMxb1lPZFYydGR6SWlEMDlDaTEwWGpBMlNSSjdJMWt0c3pSV1Bwd0l5QndYd0RKWFVoTFE1OFJFSDNKaFpiCllXMThzeUpxbFd1OUFZUXZtSmx0MkZtTExTdEhkVk1OTDllb3RoVUxDYzZOMkZMS1UwQ3FYNlB6UXNwS2YzZDMKc1BRQ0t4SjUrRDY1VS9zWVpWWVNnL3hGZTc0ZHlSSW9KMHdDN29oQzRYalRoTXJsUzl6WjJCWTJvWnBnZ0Q3ZApqVmQrWEpwL2QyUXk1OWx1Zk5HY29VWWtEMDRobWJOa0hLQ09yT3FLRGVPeFZhcXJDREF3cHNraENvS3NqdmtOClNRai9YRlFQZ1pmNzRwcm8zRzVOUUxxQzVjS1hPanAxQjl5WURGVjFDcSs3Wk9Oc01CR1ppZkhPQUQrRnBBVGUKV055dUJhT1RPOWhQCi0tLS0tRU5EIENFUlRJRklDQVRFLS0tLS0K"
              }
            ],
            "cluster_id": null,
            "compute_config": [
              {
                "enabled": false,
                "node_pools": [],
                "node_role_arn": ""
              }
            ],
            "control_plane_scaling_config": [
              {
                "tier": "standard"
              }
            ],
            "created_at": "2026-06-28T16:19:03Z",
            "deletion_protection": false,
            "enabled_cluster_log_types": [
              "api",
              "audit",
              "authenticator"
            ],
            "encryption_config": [
              {
                "provider": [
                  {
                    "key_arn": "arn:aws:kms:eu-north-1:547320736290:key/c5fba661-66a7-438a-8fb9-11f27b6c5bd4"
                  }
                ],
                "resources": [
                  "secrets"
                ]
              }
            ],
            "endpoint": "https://F8CD53D922F11247D40B6CA14FE42456.gr7.eu-north-1.eks.amazonaws.com",
            "force_update_version": null,
            "id": "ex-self-mng-al2023",
            "identity": [
              {
                "oidc": [
                  {
                    "issuer": "https://oidc.eks.eu-north-1.amazonaws.com/id/F8CD53D922F11247D40B6CA14FE42456"
                  }
                ]
              }
            ],
            "kubernetes_network_config": [
              {
                "elastic_load_balancing": [
                  {
                    "enabled": false
                  }
                ],
                "ip_family": "ipv4",
                "service_ipv4_cidr": "172.20.0.0/16",
                "service_ipv6_cidr": ""
              }
            ],
            "name": "ex-self-mng-al2023",
            "outpost_config": [],
            "platform_version": "eks.41",
            "region": "eu-north-1",
            "remote_network_config": [],
            "role_arn": "arn:aws:iam::547320736290:role/ex-self-mng-al2023-cluster-44066ca4fd79fc96236de994d5",
            "status": "ACTIVE",
            "storage_config": [
              {
                "block_storage": [
                  {
                    "enabled": false
                  }
                ]
              }
            ],
            "tags": {
              "Example": "ex-self-mng",
              "GithubOrg": "terraform-aws-modules",
              "GithubRepo": "terraform-aws-eks"
            },
            "tags_all": {
              "Example": "ex-self-mng",
              "GithubOrg": "terraform-aws-modules",
              "GithubRepo": "terraform-aws-eks"
            },
            "timeouts": null,
            "upgrade_policy": [
              {
                "support_type": "EXTENDED"
              }
            ],
            "version": "1.33",
            "vpc_config": [
              {
                "cluster_security_group_id": "sg-0dc029873e8f74d1d",
                "control_plane_egress_mode": "AWS_MANAGED",
                "endpoint_private_access": true,
                "endpoint_public_access": false,
                "public_access_cidrs": [
                  "0.0.0.0/0"
                ],
                "security_group_ids": [
                  "sg-06e31d4a5cc5cec00"
                ],
                "subnet_ids": [
                  "subnet-0573b75042cf6c417",
                  "subnet-0b21cde55cf8f99f5",
                  "subnet-0bf08397412da6590"
                ],
                "vpc_id": "vpc-0bebf8dd9cf303951"
              }
            ],
            "zonal_shift_config": []
          },
          "sensitive_attributes": [],
          "identity_schema_version": 0,
          "identity": {
            "account_id": "547320736290",
            "name": "ex-self-mng-al2023",
            "region": "eu-north-1"
          },
          "private": "eyJlMmJmYjczMC1lY2FhLTExZTYtOGY4OC0zNDM2M2JjN2M0YzAiOnsiY3JlYXRlIjoxODAwMDAwMDAwMDAwLCJkZWxldGUiOjkwMDAwMDAwMDAwMCwidXBkYXRlIjozNjAwMDAwMDAwMDAwfSwic2NoZW1hX3ZlcnNpb24iOiIxIn0=",
          "dependencies": [
            "data.aws_availability_zones.available",
            "module.eks_al2023.aws_cloudwatch_log_group.this",
            "module.eks_al2023.aws_iam_policy.cni_ipv6_policy",
            "module.eks_al2023.aws_iam_role.eks_auto",
            "module.eks_al2023.aws_iam_role.this",
            "module.eks_al2023.aws_iam_role_policy_attachment.this",
            "module.eks_al2023.aws_security_group.cluster",
            "module.eks_al2023.aws_security_group.node",
            "module.eks_al2023.aws_security_group_rule.cluster",
            "module.eks_al2023.aws_security_group_rule.node",
            "module.eks_al2023.data.aws_caller_identity.current",
            "module.eks_al2023.data.aws_iam_policy_document.assume_role_policy",
            "module.eks_al2023.data.aws_iam_policy_document.cni_ipv6_policy",
            "module.eks_al2023.data.aws_iam_policy_document.node_assume_role_policy",
            "module.eks_al2023.data.aws_iam_session_context.current",
            "module.eks_al2023.data.aws_partition.current",
            "module.eks_al2023.module.kms.aws_kms_external_key.this",
            "module.eks_al2023.module.kms.aws_kms_key.this",
            "module.eks_al2023.module.kms.aws_kms_replica_external_key.this",
            "module.eks_al2023.module.kms.aws_kms_replica_key.this",
            "module.eks_al2023.module.kms.data.aws_caller_identity.current",
            "module.eks_al2023.module.kms.data.aws_iam_policy_document.this",
            "module.eks_al2023.module.kms.data.aws_partition.current",
            "module.vpc.aws_subnet.private",
            "module.vpc.aws_vpc.this",
            "module.vpc.aws_vpc_ipv4_cidr_block_association.this"
          ],
          "create_before_destroy": true
        }
      ]
    },
    {
      "module": "module.eks_al2023",
      "mode": "managed",
      "type": "aws_eks_identity_provider_config",
      "name": "this",
      "provider": "provider[\"registry.terraform.io/hashicorp/aws\"]",
      "instances": []
    },
    {
      "module": "module.eks_al2023",
      "mode": "managed",
      "type": "aws_iam_openid_connect_provider",
      "name": "oidc_provider",
      "provider": "provider[\"registry.terraform.io/hashicorp/aws\"]",
      "instances": [
        {
          "index_key": 0,
          "schema_version": 0,
          "attributes": {
            "arn": "arn:aws:iam::547320736290:oidc-provider/oidc.eks.eu-north-1.amazonaws.com/id/F8CD53D922F11247D40B6CA14FE42456",
            "client_id_list": [
              "sts.amazonaws.com"
            ],
            "id": "arn:aws:iam::547320736290:oidc-provider/oidc.eks.eu-north-1.amazonaws.com/id/F8CD53D922F11247D40B6CA14FE42456",
            "tags": {
              "Example": "ex-self-mng",
              "GithubOrg": "terraform-aws-modules",
              "GithubRepo": "terraform-aws-eks",
              "Name": "ex-self-mng-al2023-eks-irsa"
            },
            "tags_all": {
              "Example": "ex-self-mng",
              "GithubOrg": "terraform-aws-modules",
              "GithubRepo": "terraform-aws-eks",
              "Name": "ex-self-mng-al2023-eks-irsa"
            },
            "thumbprint_list": [
              "06b25927c42a721631c1efd9431e648fa62e1e39"
            ],
            "url": "oidc.eks.eu-north-1.amazonaws.com/id/F8CD53D922F11247D40B6CA14FE42456"
          },
          "sensitive_attributes": [],
          "identity_schema_version": 0,
          "identity": {
            "arn": "arn:aws:iam::547320736290:oidc-provider/oidc.eks.eu-north-1.amazonaws.com/id/F8CD53D922F11247D40B6CA14FE42456"
          },
          "private": "bnVsbA==",
          "dependencies": [
            "data.aws_availability_zones.available",
            "module.eks_al2023.aws_cloudwatch_log_group.this",
            "module.eks_al2023.aws_eks_cluster.this",
            "module.eks_al2023.aws_iam_policy.cni_ipv6_policy",
            "module.eks_al2023.aws_iam_role.eks_auto",
            "module.eks_al2023.aws_iam_role.this",
            "module.eks_al2023.aws_iam_role_policy_attachment.this",
            "module.eks_al2023.aws_security_group.cluster",
            "module.eks_al2023.aws_security_group.node",
            "module.eks_al2023.aws_security_group_rule.cluster",
            "module.eks_al2023.aws_security_group_rule.node",
            "module.eks_al2023.data.aws_caller_identity.current",
            "module.eks_al2023.data.aws_iam_policy_document.assume_role_policy",
            "module.eks_al2023.data.aws_iam_policy_document.cni_ipv6_policy",
            "module.eks_al2023.data.aws_iam_policy_document.node_assume_role_policy",
            "module.eks_al2023.data.aws_iam_session_context.current",
            "module.eks_al2023.data.aws_partition.current",
            "module.eks_al2023.data.tls_certificate.this",
            "module.eks_al2023.module.kms.aws_kms_external_key.this",
            "module.eks_al2023.module.kms.aws_kms_key.this",
            "module.eks_al2023.module.kms.aws_kms_replica_external_key.this",
            "module.eks_al2023.module.kms.aws_kms_replica_key.this",
            "module.eks_al2023.module.kms.data.aws_caller_identity.current",
            "module.eks_al2023.module.kms.data.aws_iam_policy_document.this",
            "module.eks_al2023.module.kms.data.aws_partition.current",
            "module.vpc.aws_subnet.private",
            "module.vpc.aws_vpc.this",
            "module.vpc.aws_vpc_ipv4_cidr_block_association.this"
          ]
        }
      ]
    },
    {
      "module": "module.eks_al2023",
      "mode": "managed",
      "type": "aws_iam_policy",
      "name": "cluster_encryption",
      "provider": "provider[\"registry.terraform.io/hashicorp/aws\"]",
      "instances": [
        {
          "index_key": 0,
          "schema_version": 0,
          "attributes": {
            "arn": "arn:aws:iam::547320736290:policy/ex-self-mng-al2023-cluster-ClusterEncryptionc16733aca91f011622b72b22da",
            "attachment_count": 0,
            "delay_after_policy_creation_in_ms": null,
            "description": "Cluster encryption policy to allow cluster role to utilize CMK provided",
            "id": "arn:aws:iam::547320736290:policy/ex-self-mng-al2023-cluster-ClusterEncryptionc16733aca91f011622b72b22da",
            "name": "ex-self-mng-al2023-cluster-ClusterEncryptionc16733aca91f011622b72b22da",
            "name_prefix": "ex-self-mng-al2023-cluster-ClusterEncryption",
            "path": "/",
            "policy": "{\"Statement\":[{\"Action\":[\"kms:Encrypt\",\"kms:Decrypt\",\"kms:ListGrants\",\"kms:DescribeKey\"],\"Effect\":\"Allow\",\"Resource\":\"arn:aws:kms:eu-north-1:547320736290:key/c5fba661-66a7-438a-8fb9-11f27b6c5bd4\"}],\"Version\":\"2012-10-17\"}",
            "policy_id": "ANPAX63W3VIRE6FMR3TQC",
            "tags": {
              "Example": "ex-self-mng",
              "GithubOrg": "terraform-aws-modules",
              "GithubRepo": "terraform-aws-eks"
            },
            "tags_all": {
              "Example": "ex-self-mng",
              "GithubOrg": "terraform-aws-modules",
              "GithubRepo": "terraform-aws-eks"
            }
          },
          "sensitive_attributes": [],
          "identity_schema_version": 0,
          "identity": {
            "arn": "arn:aws:iam::547320736290:policy/ex-self-mng-al2023-cluster-ClusterEncryptionc16733aca91f011622b72b22da"
          },
          "private": "bnVsbA==",
          "dependencies": [
            "module.eks_al2023.aws_iam_role.this",
            "module.eks_al2023.data.aws_caller_identity.current",
            "module.eks_al2023.data.aws_iam_policy_document.assume_role_policy",
            "module.eks_al2023.data.aws_iam_session_context.current",
            "module.eks_al2023.module.kms.aws_kms_external_key.this",
            "module.eks_al2023.module.kms.aws_kms_key.this",
            "module.eks_al2023.module.kms.aws_kms_replica_external_key.this",
            "module.eks_al2023.module.kms.aws_kms_replica_key.this",
            "module.eks_al2023.module.kms.data.aws_caller_identity.current",
            "module.eks_al2023.module.kms.data.aws_iam_policy_document.this",
            "module.eks_al2023.module.kms.data.aws_partition.current"
          ]
        }
      ]
    },
    {
      "module": "module.eks_al2023",
      "mode": "managed",
      "type": "aws_iam_policy",
      "name": "cni_ipv6_policy",
      "provider": "provider[\"registry.terraform.io/hashicorp/aws\"]",
      "instances": []
    },
    {
      "module": "module.eks_al2023",
      "mode": "managed",
      "type": "aws_iam_policy",
      "name": "custom",
      "provider": "provider[\"registry.terraform.io/hashicorp/aws\"]",
      "instances": []
    },
    {
      "module": "module.eks_al2023",
      "mode": "managed",
      "type": "aws_iam_role",
      "name": "eks_auto",
      "provider": "provider[\"registry.terraform.io/hashicorp/aws\"]",
      "instances": []
    },
    {
      "module": "module.eks_al2023",
      "mode": "managed",
      "type": "aws_iam_role",
      "name": "this",
      "provider": "provider[\"registry.terraform.io/hashicorp/aws\"]",
      "instances": [
        {
          "index_key": 0,
          "schema_version": 0,
          "attributes": {
            "arn": "arn:aws:iam::547320736290:role/ex-self-mng-al2023-cluster-44066ca4fd79fc96236de994d5",
            "assume_role_policy": "{\"Statement\":[{\"Action\":[\"sts:TagSession\",\"sts:AssumeRole\"],\"Effect\":\"Allow\",\"Principal\":{\"Service\":\"eks.amazonaws.com\"},\"Sid\":\"EKSClusterAssumeRole\"}],\"Version\":\"2012-10-17\"}",
            "create_date": "2026-06-28T16:18:38Z",
            "description": "",
            "force_detach_policies": true,
            "id": "ex-self-mng-al2023-cluster-44066ca4fd79fc96236de994d5",
            "inline_policy": [],
            "managed_policy_arns": [],
            "max_session_duration": 3600,
            "name": "ex-self-mng-al2023-cluster-44066ca4fd79fc96236de994d5",
            "name_prefix": "ex-self-mng-al2023-cluster-",
            "path": "/",
            "permissions_boundary": "",
            "tags": {
              "Example": "ex-self-mng",
              "GithubOrg": "terraform-aws-modules",
              "GithubRepo": "terraform-aws-eks"
            },
            "tags_all": {
              "Example": "ex-self-mng",
              "GithubOrg": "terraform-aws-modules",
              "GithubRepo": "terraform-aws-eks"
            },
            "unique_id": "AROAX63W3VIRJIYW6F5FO"
          },
          "sensitive_attributes": [],
          "identity_schema_version": 0,
          "identity": {
            "account_id": "547320736290",
            "name": "ex-self-mng-al2023-cluster-44066ca4fd79fc96236de994d5"
          },
          "private": "bnVsbA==",
          "dependencies": [
            "module.eks_al2023.data.aws_iam_policy_document.assume_role_policy"
          ],
          "create_before_destroy": true
        }
      ]
    },
    {
      "module": "module.eks_al2023",
      "mode": "managed",
      "type": "aws_iam_role_policy_attachment",
      "name": "additional",
      "provider": "provider[\"registry.terraform.io/hashicorp/aws\"]",
      "instances": []
    },
    {
      "module": "module.eks_al2023",
      "mode": "managed",
      "type": "aws_iam_role_policy_attachment",
      "name": "cluster_encryption",
      "provider": "provider[\"registry.terraform.io/hashicorp/aws\"]",
      "instances": [
        {
          "index_key": 0,
          "schema_version": 0,
          "attributes": {
            "id": "ex-self-mng-al2023-cluster-44066ca4fd79fc96236de994d5/arn:aws:iam::547320736290:policy/ex-self-mng-al2023-cluster-ClusterEncryptionc16733aca91f011622b72b22da",
            "policy_arn": "arn:aws:iam::547320736290:policy/ex-self-mng-al2023-cluster-ClusterEncryptionc16733aca91f011622b72b22da",
            "role": "ex-self-mng-al2023-cluster-44066ca4fd79fc96236de994d5"
          },
          "sensitive_attributes": [],
          "identity_schema_version": 0,
          "identity": {
            "account_id": "547320736290",
            "policy_arn": "arn:aws:iam::547320736290:policy/ex-self-mng-al2023-cluster-ClusterEncryptionc16733aca91f011622b72b22da",
            "role": "ex-self-mng-al2023-cluster-44066ca4fd79fc96236de994d5"
          },
          "private": "bnVsbA==",
          "dependencies": [
            "module.eks_al2023.aws_iam_policy.cluster_encryption",
            "module.eks_al2023.aws_iam_role.this",
            "module.eks_al2023.data.aws_caller_identity.current",
            "module.eks_al2023.data.aws_iam_policy_document.assume_role_policy",
            "module.eks_al2023.data.aws_iam_session_context.current",
            "module.eks_al2023.module.kms.aws_kms_external_key.this",
            "module.eks_al2023.module.kms.aws_kms_key.this",
            "module.eks_al2023.module.kms.aws_kms_replica_external_key.this",
            "module.eks_al2023.module.kms.aws_kms_replica_key.this",
            "module.eks_al2023.module.kms.data.aws_caller_identity.current",
            "module.eks_al2023.module.kms.data.aws_iam_policy_document.this",
            "module.eks_al2023.module.kms.data.aws_partition.current"
          ]
        }
      ]
    },
    {
      "module": "module.eks_al2023",
      "mode": "managed",
      "type": "aws_iam_role_policy_attachment",
      "name": "custom",
      "provider": "provider[\"registry.terraform.io/hashicorp/aws\"]",
      "instances": []
    },
    {
      "module": "module.eks_al2023",
      "mode": "managed",
      "type": "aws_iam_role_policy_attachment",
      "name": "eks_auto",
      "provider": "provider[\"registry.terraform.io/hashicorp/aws\"]",
      "instances": []
    },
    {
      "module": "module.eks_al2023",
      "mode": "managed",
      "type": "aws_iam_role_policy_attachment",
      "name": "eks_auto_additional",
      "provider": "provider[\"registry.terraform.io/hashicorp/aws\"]",
      "instances": []
    },
    {
      "module": "module.eks_al2023",
      "mode": "managed",
      "type": "aws_iam_role_policy_attachment",
      "name": "this",
      "provider": "provider[\"registry.terraform.io/hashicorp/aws\"]",
      "instances": [
        {
          "index_key": "AmazonEKSClusterPolicy",
          "schema_version": 0,
          "attributes": {
            "id": "ex-self-mng-al2023-cluster-44066ca4fd79fc96236de994d5/arn:aws:iam::aws:policy/AmazonEKSClusterPolicy",
            "policy_arn": "arn:aws:iam::aws:policy/AmazonEKSClusterPolicy",
            "role": "ex-self-mng-al2023-cluster-44066ca4fd79fc96236de994d5"
          },
          "sensitive_attributes": [],
          "identity_schema_version": 0,
          "identity": {
            "account_id": "547320736290",
            "policy_arn": "arn:aws:iam::aws:policy/AmazonEKSClusterPolicy",
            "role": "ex-self-mng-al2023-cluster-44066ca4fd79fc96236de994d5"
          },
          "private": "bnVsbA==",
          "dependencies": [
            "module.eks_al2023.aws_iam_role.this",
            "module.eks_al2023.data.aws_iam_policy_document.assume_role_policy",
            "module.eks_al2023.data.aws_partition.current"
          ],
          "create_before_destroy": true
        }
      ]
    },
    {
      "module": "module.eks_al2023",
      "mode": "managed",
      "type": "aws_security_group",
      "name": "cluster",
      "provider": "provider[\"registry.terraform.io/hashicorp/aws\"]",
      "instances": [
        {
          "index_key": 0,
          "schema_version": 1,
          "attributes": {
            "arn": "arn:aws:ec2:eu-north-1:547320736290:security-group/sg-06e31d4a5cc5cec00",
            "description": "EKS cluster security group",
            "egress": [],
            "id": "sg-06e31d4a5cc5cec00",
            "ingress": [],
            "name": "ex-self-mng-al2023-cluster-d964a835d30fe1f728eb6efe14",
            "name_prefix": "ex-self-mng-al2023-cluster-",
            "owner_id": "547320736290",
            "region": "eu-north-1",
            "revoke_rules_on_delete": false,
            "tags": {
              "Example": "ex-self-mng",
              "GithubOrg": "terraform-aws-modules",
              "GithubRepo": "terraform-aws-eks",
              "Name": "ex-self-mng-al2023-cluster"
            },
            "tags_all": {
              "Example": "ex-self-mng",
              "GithubOrg": "terraform-aws-modules",
              "GithubRepo": "terraform-aws-eks",
              "Name": "ex-self-mng-al2023-cluster"
            },
            "timeouts": null,
            "vpc_id": "vpc-0bebf8dd9cf303951"
          },
          "sensitive_attributes": [],
          "identity_schema_version": 0,
          "identity": {
            "account_id": "547320736290",
            "id": "sg-06e31d4a5cc5cec00",
            "region": "eu-north-1"
          },
          "private": "eyJlMmJmYjczMC1lY2FhLTExZTYtOGY4OC0zNDM2M2JjN2M0YzAiOnsiY3JlYXRlIjo2MDAwMDAwMDAwMDAsImRlbGV0ZSI6OTAwMDAwMDAwMDAwfSwic2NoZW1hX3ZlcnNpb24iOiIxIn0=",
          "dependencies": [
            "module.vpc.aws_vpc.this"
          ],
          "create_before_destroy": true
        }
      ]
    },
    {
      "module": "module.eks_al2023",
      "mode": "managed",
      "type": "aws_security_group",
      "name": "node",
      "provider": "provider[\"registry.terraform.io/hashicorp/aws\"]",
      "instances": [
        {
          "index_key": 0,
          "schema_version": 1,
          "attributes": {
            "arn": "arn:aws:ec2:eu-north-1:547320736290:security-group/sg-0ed0dc552195e539f",
            "description": "EKS node shared security group",
            "egress": [],
            "id": "sg-0ed0dc552195e539f",
            "ingress": [],
            "name": "ex-self-mng-al2023-node-546e515bdec6effc8bbd96401a",
            "name_prefix": "ex-self-mng-al2023-node-",
            "owner_id": "547320736290",
            "region": "eu-north-1",
            "revoke_rules_on_delete": false,
            "tags": {
              "Example": "ex-self-mng",
              "GithubOrg": "terraform-aws-modules",
              "GithubRepo": "terraform-aws-eks",
              "Name": "ex-self-mng-al2023-node",
              "kubernetes.io/cluster/ex-self-mng-al2023": "owned"
            },
            "tags_all": {
              "Example": "ex-self-mng",
              "GithubOrg": "terraform-aws-modules",
              "GithubRepo": "terraform-aws-eks",
              "Name": "ex-self-mng-al2023-node",
              "kubernetes.io/cluster/ex-self-mng-al2023": "owned"
            },
            "timeouts": null,
            "vpc_id": "vpc-0bebf8dd9cf303951"
          },
          "sensitive_attributes": [],
          "identity_schema_version": 0,
          "identity": {
            "account_id": "547320736290",
            "id": "sg-0ed0dc552195e539f",
            "region": "eu-north-1"
          },
          "private": "eyJlMmJmYjczMC1lY2FhLTExZTYtOGY4OC0zNDM2M2JjN2M0YzAiOnsiY3JlYXRlIjo2MDAwMDAwMDAwMDAsImRlbGV0ZSI6OTAwMDAwMDAwMDAwfSwic2NoZW1hX3ZlcnNpb24iOiIxIn0=",
          "dependencies": [
            "module.vpc.aws_vpc.this"
          ],
          "create_before_destroy": true
        }
      ]
    },
    {
      "module": "module.eks_al2023",
      "mode": "managed",
      "type": "aws_security_group_rule",
      "name": "cluster",
      "provider": "provider[\"registry.terraform.io/hashicorp/aws\"]",
      "instances": [
        {
          "index_key": "ingress_nodes_443",
          "schema_version": 2,
          "attributes": {
            "cidr_blocks": null,
            "description": "Node groups to cluster API",
            "from_port": 443,
            "id": "sgrule-3624156427",
            "ipv6_cidr_blocks": null,
            "prefix_list_ids": null,
            "protocol": "tcp",
            "region": "eu-north-1",
            "security_group_id": "sg-06e31d4a5cc5cec00",
            "security_group_rule_id": "sgr-0bf8a786f04c42bbc",
            "self": false,
            "source_security_group_id": "sg-0ed0dc552195e539f",
            "timeouts": null,
            "to_port": 443,
            "type": "ingress"
          },
          "sensitive_attributes": [],
          "identity_schema_version": 0,
          "private": "eyJlMmJmYjczMC1lY2FhLTExZTYtOGY4OC0zNDM2M2JjN2M0YzAiOnsiY3JlYXRlIjozMDAwMDAwMDAwMDB9LCJzY2hlbWFfdmVyc2lvbiI6IjIifQ==",
          "dependencies": [
            "module.eks_al2023.aws_security_group.cluster",
            "module.eks_al2023.aws_security_group.node",
            "module.vpc.aws_vpc.this"
          ],
          "create_before_destroy": true
        }
      ]
    },
    {
      "module": "module.eks_al2023",
      "mode": "managed",
      "type": "aws_security_group_rule",
      "name": "node",
      "provider": "provider[\"registry.terraform.io/hashicorp/aws\"]",
      "instances": [
        {
          "index_key": "egress_all",
          "schema_version": 2,
          "attributes": {
            "cidr_blocks": [
              "0.0.0.0/0"
            ],
            "description": "Allow all egress",
            "from_port": 0,
            "id": "sgrule-2847474278",
            "ipv6_cidr_blocks": null,
            "prefix_list_ids": null,
            "protocol": "-1",
            "region": "eu-north-1",
            "security_group_id": "sg-0ed0dc552195e539f",
            "security_group_rule_id": "sgr-07adb4327ba59e5c3",
            "self": false,
            "source_security_group_id": null,
            "timeouts": null,
            "to_port": 0,
            "type": "egress"
          },
          "sensitive_attributes": [],
          "identity_schema_version": 0,
          "private": "eyJlMmJmYjczMC1lY2FhLTExZTYtOGY4OC0zNDM2M2JjN2M0YzAiOnsiY3JlYXRlIjozMDAwMDAwMDAwMDB9LCJzY2hlbWFfdmVyc2lvbiI6IjIifQ==",
          "dependencies": [
            "module.eks_al2023.aws_security_group.cluster",
            "module.eks_al2023.aws_security_group.node",
            "module.vpc.aws_vpc.this"
          ],
          "create_before_destroy": true
        },
        {
          "index_key": "ingress_cluster_10251_webhook",
          "schema_version": 2,
          "attributes": {
            "cidr_blocks": null,
            "description": "Cluster API to node 10251/tcp webhook",
            "from_port": 10251,
            "id": "sgrule-3512560011",
            "ipv6_cidr_blocks": null,
            "prefix_list_ids": null,
            "protocol": "tcp",
            "region": "eu-north-1",
            "security_group_id": "sg-0ed0dc552195e539f",
            "security_group_rule_id": "sgr-0c957dbe028fe5e62",
            "self": false,
            "source_security_group_id": "sg-06e31d4a5cc5cec00",
            "timeouts": null,
            "to_port": 10251,
            "type": "ingress"
          },
          "sensitive_attributes": [],
          "identity_schema_version": 0,
          "private": "eyJlMmJmYjczMC1lY2FhLTExZTYtOGY4OC0zNDM2M2JjN2M0YzAiOnsiY3JlYXRlIjozMDAwMDAwMDAwMDB9LCJzY2hlbWFfdmVyc2lvbiI6IjIifQ==",
          "dependencies": [
            "module.eks_al2023.aws_security_group.cluster",
            "module.eks_al2023.aws_security_group.node",
            "module.vpc.aws_vpc.this"
          ],
          "create_before_destroy": true
        },
        {
          "index_key": "ingress_cluster_443",
          "schema_version": 2,
          "attributes": {
            "cidr_blocks": null,
            "description": "Cluster API to node groups",
            "from_port": 443,
            "id": "sgrule-3520766618",
            "ipv6_cidr_blocks": null,
            "prefix_list_ids": null,
            "protocol": "tcp",
            "region": "eu-north-1",
            "security_group_id": "sg-0ed0dc552195e539f",
            "security_group_rule_id": "sgr-0569d9d932877de34",
            "self": false,
            "source_security_group_id": "sg-06e31d4a5cc5cec00",
            "timeouts": null,
            "to_port": 443,
            "type": "ingress"
          },
          "sensitive_attributes": [],
          "identity_schema_version": 0,
          "private": "eyJlMmJmYjczMC1lY2FhLTExZTYtOGY4OC0zNDM2M2JjN2M0YzAiOnsiY3JlYXRlIjozMDAwMDAwMDAwMDB9LCJzY2hlbWFfdmVyc2lvbiI6IjIifQ==",
          "dependencies": [
            "module.eks_al2023.aws_security_group.cluster",
            "module.eks_al2023.aws_security_group.node",
            "module.vpc.aws_vpc.this"
          ],
          "create_before_destroy": true
        },
        {
          "index_key": "ingress_cluster_4443_webhook",
          "schema_version": 2,
          "attributes": {
            "cidr_blocks": null,
            "description": "Cluster API to node 4443/tcp webhook",
            "from_port": 4443,
            "id": "sgrule-508250581",
            "ipv6_cidr_blocks": null,
            "prefix_list_ids": null,
            "protocol": "tcp",
            "region": "eu-north-1",
            "security_group_id": "sg-0ed0dc552195e539f",
            "security_group_rule_id": "sgr-0f84cfd56f1fa1a5f",
            "self": false,
            "source_security_group_id": "sg-06e31d4a5cc5cec00",
            "timeouts": null,
            "to_port": 4443,
            "type": "ingress"
          },
          "sensitive_attributes": [],
          "identity_schema_version": 0,
          "private": "eyJlMmJmYjczMC1lY2FhLTExZTYtOGY4OC0zNDM2M2JjN2M0YzAiOnsiY3JlYXRlIjozMDAwMDAwMDAwMDB9LCJzY2hlbWFfdmVyc2lvbiI6IjIifQ==",
          "dependencies": [
            "module.eks_al2023.aws_security_group.cluster",
            "module.eks_al2023.aws_security_group.node",
            "module.vpc.aws_vpc.this"
          ],
          "create_before_destroy": true
        },
        {
          "index_key": "ingress_cluster_6443_webhook",
          "schema_version": 2,
          "attributes": {
            "cidr_blocks": null,
            "description": "Cluster API to node 6443/tcp webhook",
            "from_port": 6443,
            "id": "sgrule-3607703107",
            "ipv6_cidr_blocks": null,
            "prefix_list_ids": null,
            "protocol": "tcp",
            "region": "eu-north-1",
            "security_group_id": "sg-0ed0dc552195e539f",
            "security_group_rule_id": "sgr-08243810cdbb71913",
            "self": false,
            "source_security_group_id": "sg-06e31d4a5cc5cec00",
            "timeouts": null,
            "to_port": 6443,
            "type": "ingress"
          },
          "sensitive_attributes": [],
          "identity_schema_version": 0,
          "private": "eyJlMmJmYjczMC1lY2FhLTExZTYtOGY4OC0zNDM2M2JjN2M0YzAiOnsiY3JlYXRlIjozMDAwMDAwMDAwMDB9LCJzY2hlbWFfdmVyc2lvbiI6IjIifQ==",
          "dependencies": [
            "module.eks_al2023.aws_security_group.cluster",
            "module.eks_al2023.aws_security_group.node",
            "module.vpc.aws_vpc.this"
          ],
          "create_before_destroy": true
        },
        {
          "index_key": "ingress_cluster_8443_webhook",
          "schema_version": 2,
          "attributes": {
            "cidr_blocks": null,
            "description": "Cluster API to node 8443/tcp webhook",
            "from_port": 8443,
            "id": "sgrule-3293909602",
            "ipv6_cidr_blocks": null,
            "prefix_list_ids": null,
            "protocol": "tcp",
            "region": "eu-north-1",
            "security_group_id": "sg-0ed0dc552195e539f",
            "security_group_rule_id": "sgr-014ab1a5e49941cc7",
            "self": false,
            "source_security_group_id": "sg-06e31d4a5cc5cec00",
            "timeouts": null,
            "to_port": 8443,
            "type": "ingress"
          },
          "sensitive_attributes": [],
          "identity_schema_version": 0,
          "private": "eyJlMmJmYjczMC1lY2FhLTExZTYtOGY4OC0zNDM2M2JjN2M0YzAiOnsiY3JlYXRlIjozMDAwMDAwMDAwMDB9LCJzY2hlbWFfdmVyc2lvbiI6IjIifQ==",
          "dependencies": [
            "module.eks_al2023.aws_security_group.cluster",
            "module.eks_al2023.aws_security_group.node",
            "module.vpc.aws_vpc.this"
          ],
          "create_before_destroy": true
        },
        {
          "index_key": "ingress_cluster_9443_webhook",
          "schema_version": 2,
          "attributes": {
            "cidr_blocks": null,
            "description": "Cluster API to node 9443/tcp webhook",
            "from_port": 9443,
            "id": "sgrule-2700353961",
            "ipv6_cidr_blocks": null,
            "prefix_list_ids": null,
            "protocol": "tcp",
            "region": "eu-north-1",
            "security_group_id": "sg-0ed0dc552195e539f",
            "security_group_rule_id": "sgr-06b49a5ccd7bbf070",
            "self": false,
            "source_security_group_id": "sg-06e31d4a5cc5cec00",
            "timeouts": null,
            "to_port": 9443,
            "type": "ingress"
          },
          "sensitive_attributes": [],
          "identity_schema_version": 0,
          "private": "eyJlMmJmYjczMC1lY2FhLTExZTYtOGY4OC0zNDM2M2JjN2M0YzAiOnsiY3JlYXRlIjozMDAwMDAwMDAwMDB9LCJzY2hlbWFfdmVyc2lvbiI6IjIifQ==",
          "dependencies": [
            "module.eks_al2023.aws_security_group.cluster",
            "module.eks_al2023.aws_security_group.node",
            "module.vpc.aws_vpc.this"
          ],
          "create_before_destroy": true
        },
        {
          "index_key": "ingress_cluster_kubelet",
          "schema_version": 2,
          "attributes": {
            "cidr_blocks": null,
            "description": "Cluster API to node kubelets",
            "from_port": 10250,
            "id": "sgrule-3843308016",
            "ipv6_cidr_blocks": null,
            "prefix_list_ids": null,
            "protocol": "tcp",
            "region": "eu-north-1",
            "security_group_id": "sg-0ed0dc552195e539f",
            "security_group_rule_id": "sgr-04bdd70b7ba24cb0c",
            "self": false,
            "source_security_group_id": "sg-06e31d4a5cc5cec00",
            "timeouts": null,
            "to_port": 10250,
            "type": "ingress"
          },
          "sensitive_attributes": [],
          "identity_schema_version": 0,
          "private": "eyJlMmJmYjczMC1lY2FhLTExZTYtOGY4OC0zNDM2M2JjN2M0YzAiOnsiY3JlYXRlIjozMDAwMDAwMDAwMDB9LCJzY2hlbWFfdmVyc2lvbiI6IjIifQ==",
          "dependencies": [
            "module.eks_al2023.aws_security_group.cluster",
            "module.eks_al2023.aws_security_group.node",
            "module.vpc.aws_vpc.this"
          ],
          "create_before_destroy": true
        },
        {
          "index_key": "ingress_nodes_ephemeral",
          "schema_version": 2,
          "attributes": {
            "cidr_blocks": null,
            "description": "Node to node ingress on ephemeral ports",
            "from_port": 1025,
            "id": "sgrule-2822353955",
            "ipv6_cidr_blocks": null,
            "prefix_list_ids": null,
            "protocol": "tcp",
            "region": "eu-north-1",
            "security_group_id": "sg-0ed0dc552195e539f",
            "security_group_rule_id": "sgr-0ffed9ede3e9107d8",
            "self": true,
            "source_security_group_id": null,
            "timeouts": null,
            "to_port": 65535,
            "type": "ingress"
          },
          "sensitive_attributes": [],
          "identity_schema_version": 0,
          "private": "eyJlMmJmYjczMC1lY2FhLTExZTYtOGY4OC0zNDM2M2JjN2M0YzAiOnsiY3JlYXRlIjozMDAwMDAwMDAwMDB9LCJzY2hlbWFfdmVyc2lvbiI6IjIifQ==",
          "dependencies": [
            "module.eks_al2023.aws_security_group.cluster",
            "module.eks_al2023.aws_security_group.node",
            "module.vpc.aws_vpc.this"
          ],
          "create_before_destroy": true
        },
        {
          "index_key": "ingress_self_coredns_tcp",
          "schema_version": 2,
          "attributes": {
            "cidr_blocks": null,
            "description": "Node to node CoreDNS",
            "from_port": 53,
            "id": "sgrule-1495611743",
            "ipv6_cidr_blocks": null,
            "prefix_list_ids": null,
            "protocol": "tcp",
            "region": "eu-north-1",
            "security_group_id": "sg-0ed0dc552195e539f",
            "security_group_rule_id": "sgr-0f0767ee9234e0113",
            "self": true,
            "source_security_group_id": null,
            "timeouts": null,
            "to_port": 53,
            "type": "ingress"
          },
          "sensitive_attributes": [],
          "identity_schema_version": 0,
          "private": "eyJlMmJmYjczMC1lY2FhLTExZTYtOGY4OC0zNDM2M2JjN2M0YzAiOnsiY3JlYXRlIjozMDAwMDAwMDAwMDB9LCJzY2hlbWFfdmVyc2lvbiI6IjIifQ==",
          "dependencies": [
            "module.eks_al2023.aws_security_group.cluster",
            "module.eks_al2023.aws_security_group.node",
            "module.vpc.aws_vpc.this"
          ],
          "create_before_destroy": true
        },
        {
          "index_key": "ingress_self_coredns_udp",
          "schema_version": 2,
          "attributes": {
            "cidr_blocks": null,
            "description": "Node to node CoreDNS UDP",
            "from_port": 53,
            "id": "sgrule-4252670640",
            "ipv6_cidr_blocks": null,
            "prefix_list_ids": null,
            "protocol": "udp",
            "region": "eu-north-1",
            "security_group_id": "sg-0ed0dc552195e539f",
            "security_group_rule_id": "sgr-058860e77d9723489",
            "self": true,
            "source_security_group_id": null,
            "timeouts": null,
            "to_port": 53,
            "type": "ingress"
          },
          "sensitive_attributes": [],
          "identity_schema_version": 0,
          "private": "eyJlMmJmYjczMC1lY2FhLTExZTYtOGY4OC0zNDM2M2JjN2M0YzAiOnsiY3JlYXRlIjozMDAwMDAwMDAwMDB9LCJzY2hlbWFfdmVyc2lvbiI6IjIifQ==",
          "dependencies": [
            "module.eks_al2023.aws_security_group.cluster",
            "module.eks_al2023.aws_security_group.node",
            "module.vpc.aws_vpc.this"
          ],
          "create_before_destroy": true
        }
      ]
    },
    {
      "module": "module.eks_al2023",
      "mode": "managed",
      "type": "time_sleep",
      "name": "this",
      "provider": "provider[\"registry.terraform.io/hashicorp/time\"]",
      "instances": [
        {
          "index_key": 0,
          "schema_version": 0,
          "attributes": {
            "create_duration": "30s",
            "destroy_duration": null,
            "id": "2026-06-28T16:27:21Z",
            "triggers": {
              "certificate_authority_data": "LS0tLS1CRUdJTiBDRVJUSUZJQ0FURS0tLS0tCk1JSURCVENDQWUyZ0F3SUJBZ0lJVWZCaHlKamQvWEF3RFFZSktvWklodmNOQVFFTEJRQXdGVEVUTUJFR0ExVUUKQXhNS2EzVmlaWEp1WlhSbGN6QWVGdzB5TmpBMk1qZ3hOakUzTlRKYUZ3MHpOakEyTWpVeE5qSXlOVEphTUJVeApFekFSQmdOVkJBTVRDbXQxWW1WeWJtVjBaWE13Z2dFaU1BMEdDU3FHU0liM0RRRUJBUVVBQTRJQkR3QXdnZ0VLCkFvSUJBUUR6UHZqYU9sVTJyMFpBemhLZUJlTmtXeGxZQmtMZzVvZlArbXAxUEFCdXFTbnVMMjJmZnl2UVJpSUQKdVp3NXVEaGlxenVtVlp0MVZscXhTV2VCWDNpSjQ5ZHVJY3NHRkloRzg2MXdITy9ic1JxR3VhMzVIRjRHZ2h0Qwp3ZGJSUXgvWkJuSUlyZkhlME5HSlBMTHN3VCtoK3pBWU9WcGtodWNPWDFkTHpqaHVYb0NJdDRjcWZQMTliUURsCkxIcnFsT3RFOFZ5ejluNjZVUFJaM3JqR3dDREtlWkp5aGdFcnZzeHRyMTVRWUVBUXU1U0pyY00xSUo4Z0RIQlYKQWF3czNhS2NCQnFkcnIyYkxUTm52SmNrVm55a2ZUM2dway9OMkFkOUxEbGlXK256d2NST2svSURWMy9WNHlocQpoTHduWG9IbmJKTVdqdkl4bE50enlrUGRTWFFMQWdNQkFBR2pXVEJYTUE0R0ExVWREd0VCL3dRRUF3SUNwREFQCkJnTlZIUk1CQWY4RUJUQURBUUgvTUIwR0ExVWREZ1FXQkJTa0dnTExTNTl4L0xaTEFSTlRCWWlNZVBIRkFUQVYKQmdOVkhSRUVEakFNZ2dwcmRXSmxjbTVsZEdWek1BMEdDU3FHU0liM0RRRUJDd1VBQTRJQkFRQk9Ld3d1QnJpaQpCaEMxb1lPZFYydGR6SWlEMDlDaTEwWGpBMlNSSjdJMWt0c3pSV1Bwd0l5QndYd0RKWFVoTFE1OFJFSDNKaFpiCllXMThzeUpxbFd1OUFZUXZtSmx0MkZtTExTdEhkVk1OTDllb3RoVUxDYzZOMkZMS1UwQ3FYNlB6UXNwS2YzZDMKc1BRQ0t4SjUrRDY1VS9zWVpWWVNnL3hGZTc0ZHlSSW9KMHdDN29oQzRYalRoTXJsUzl6WjJCWTJvWnBnZ0Q3ZApqVmQrWEpwL2QyUXk1OWx1Zk5HY29VWWtEMDRobWJOa0hLQ09yT3FLRGVPeFZhcXJDREF3cHNraENvS3NqdmtOClNRai9YRlFQZ1pmNzRwcm8zRzVOUUxxQzVjS1hPanAxQjl5WURGVjFDcSs3Wk9Oc01CR1ppZkhPQUQrRnBBVGUKV055dUJhT1RPOWhQCi0tLS0tRU5EIENFUlRJRklDQVRFLS0tLS0K",
              "endpoint": "https://F8CD53D922F11247D40B6CA14FE42456.gr7.eu-north-1.eks.amazonaws.com",
              "kubernetes_version": "1.33",
              "name": "ex-self-mng-al2023",
              "service_cidr": "172.20.0.0/16"
            }
          },
          "sensitive_attributes": [],
          "identity_schema_version": 0,
          "dependencies": [
            "data.aws_availability_zones.available",
            "module.eks_al2023.aws_cloudwatch_log_group.this",
            "module.eks_al2023.aws_eks_cluster.this",
            "module.eks_al2023.aws_iam_policy.cni_ipv6_policy",
            "module.eks_al2023.aws_iam_role.eks_auto",
            "module.eks_al2023.aws_iam_role.this",
            "module.eks_al2023.aws_iam_role_policy_attachment.this",
            "module.eks_al2023.aws_security_group.cluster",
            "module.eks_al2023.aws_security_group.node",
            "module.eks_al2023.aws_security_group_rule.cluster",
            "module.eks_al2023.aws_security_group_rule.node",
            "module.eks_al2023.data.aws_caller_identity.current",
            "module.eks_al2023.data.aws_iam_policy_document.assume_role_policy",
            "module.eks_al2023.data.aws_iam_policy_document.cni_ipv6_policy",
            "module.eks_al2023.data.aws_iam_policy_document.node_assume_role_policy",
            "module.eks_al2023.data.aws_iam_session_context.current",
            "module.eks_al2023.data.aws_partition.current",
            "module.eks_al2023.module.kms.aws_kms_external_key.this",
            "module.eks_al2023.module.kms.aws_kms_key.this",
            "module.eks_al2023.module.kms.aws_kms_replica_external_key.this",
            "module.eks_al2023.module.kms.aws_kms_replica_key.this",
            "module.eks_al2023.module.kms.data.aws_caller_identity.current",
            "module.eks_al2023.module.kms.data.aws_iam_policy_document.this",
            "module.eks_al2023.module.kms.data.aws_partition.current",
            "module.vpc.aws_subnet.private",
            "module.vpc.aws_vpc.this",
            "module.vpc.aws_vpc_ipv4_cidr_block_association.this"
          ],
          "create_before_destroy": true
        }
      ]
    },
    {
      "module": "module.eks_al2023.module.kms",
      "mode": "data",
      "type": "aws_caller_identity",
      "name": "current",
      "provider": "provider[\"registry.terraform.io/hashicorp/aws\"]",
      "instances": [
        {
          "index_key": 0,
          "schema_version": 0,
          "attributes": {
            "account_id": "547320736290",
            "arn": "arn:aws:iam::547320736290:root",
            "id": "547320736290",
            "user_id": "547320736290"
          },
          "sensitive_attributes": [],
          "identity_schema_version": 0
        }
      ]
    },
    {
      "module": "module.eks_al2023.module.kms",
      "mode": "data",
      "type": "aws_iam_policy_document",
      "name": "this",
      "provider": "provider[\"registry.terraform.io/hashicorp/aws\"]",
      "instances": [
        {
          "index_key": 0,
          "schema_version": 0,
          "attributes": {
            "id": "1714870590",
            "json": "{\n  \"Version\": \"2012-10-17\",\n  \"Statement\": [\n    {\n      \"Sid\": \"Default\",\n      \"Effect\": \"Allow\",\n      \"Action\": \"kms:*\",\n      \"Resource\": \"*\",\n      \"Principal\": {\n        \"AWS\": \"arn:aws:iam::547320736290:root\"\n      }\n    },\n    {\n      \"Sid\": \"KeyAdministration\",\n      \"Effect\": \"Allow\",\n      \"Action\": [\n        \"kms:Update*\",\n        \"kms:UntagResource\",\n        \"kms:TagResource\",\n        \"kms:ScheduleKeyDeletion\",\n        \"kms:Revoke*\",\n        \"kms:ReplicateKey\",\n        \"kms:Put*\",\n        \"kms:List*\",\n        \"kms:ImportKeyMaterial\",\n        \"kms:Get*\",\n        \"kms:Enable*\",\n        \"kms:Disable*\",\n        \"kms:Describe*\",\n        \"kms:Delete*\",\n        \"kms:Create*\",\n        \"kms:CancelKeyDeletion\"\n      ],\n      \"Resource\": \"*\",\n      \"Principal\": {\n        \"AWS\": \"arn:aws:iam::547320736290:root\"\n      }\n    },\n    {\n      \"Sid\": \"KeyUsage\",\n      \"Effect\": \"Allow\",\n      \"Action\": [\n        \"kms:ReEncrypt*\",\n        \"kms:GenerateDataKey*\",\n        \"kms:Encrypt\",\n        \"kms:DescribeKey\",\n        \"kms:Decrypt\"\n      ],\n      \"Resource\": \"*\",\n      \"Principal\": {\n        \"AWS\": \"arn:aws:iam::547320736290:role/ex-self-mng-al2023-cluster-44066ca4fd79fc96236de994d5\"\n      }\n    }\n  ]\n}",
            "minified_json": "{\"Version\":\"2012-10-17\",\"Statement\":[{\"Sid\":\"Default\",\"Effect\":\"Allow\",\"Action\":\"kms:*\",\"Resource\":\"*\",\"Principal\":{\"AWS\":\"arn:aws:iam::547320736290:root\"}},{\"Sid\":\"KeyAdministration\",\"Effect\":\"Allow\",\"Action\":[\"kms:Update*\",\"kms:UntagResource\",\"kms:TagResource\",\"kms:ScheduleKeyDeletion\",\"kms:Revoke*\",\"kms:ReplicateKey\",\"kms:Put*\",\"kms:List*\",\"kms:ImportKeyMaterial\",\"kms:Get*\",\"kms:Enable*\",\"kms:Disable*\",\"kms:Describe*\",\"kms:Delete*\",\"kms:Create*\",\"kms:CancelKeyDeletion\"],\"Resource\":\"*\",\"Principal\":{\"AWS\":\"arn:aws:iam::547320736290:root\"}},{\"Sid\":\"KeyUsage\",\"Effect\":\"Allow\",\"Action\":[\"kms:ReEncrypt*\",\"kms:GenerateDataKey*\",\"kms:Encrypt\",\"kms:DescribeKey\",\"kms:Decrypt\"],\"Resource\":\"*\",\"Principal\":{\"AWS\":\"arn:aws:iam::547320736290:role/ex-self-mng-al2023-cluster-44066ca4fd79fc96236de994d5\"}}]}",
            "override_json": null,
            "override_policy_documents": null,
            "policy_id": null,
            "source_json": null,
            "source_policy_documents": null,
            "statement": [
              {
                "actions": [
                  "kms:*"
                ],
                "condition": [],
                "effect": "Allow",
                "not_actions": [],
                "not_principals": [],
                "not_resources": [],
                "principals": [
                  {
                    "identifiers": [
                      "arn:aws:iam::547320736290:root"
                    ],
                    "type": "AWS"
                  }
                ],
                "resources": [
                  "*"
                ],
                "sid": "Default"
              },
              {
                "actions": [
                  "kms:CancelKeyDeletion",
                  "kms:Create*",
                  "kms:Delete*",
                  "kms:Describe*",
                  "kms:Disable*",
                  "kms:Enable*",
                  "kms:Get*",
                  "kms:ImportKeyMaterial",
                  "kms:List*",
                  "kms:Put*",
                  "kms:ReplicateKey",
                  "kms:Revoke*",
                  "kms:ScheduleKeyDeletion",
                  "kms:TagResource",
                  "kms:UntagResource",
                  "kms:Update*"
                ],
                "condition": [],
                "effect": "Allow",
                "not_actions": [],
                "not_principals": [],
                "not_resources": [],
                "principals": [
                  {
                    "identifiers": [
                      "arn:aws:iam::547320736290:root"
                    ],
                    "type": "AWS"
                  }
                ],
                "resources": [
                  "*"
                ],
                "sid": "KeyAdministration"
              },
              {
                "actions": [
                  "kms:Decrypt",
                  "kms:DescribeKey",
                  "kms:Encrypt",
                  "kms:GenerateDataKey*",
                  "kms:ReEncrypt*"
                ],
                "condition": [],
                "effect": "Allow",
                "not_actions": [],
                "not_principals": [],
                "not_resources": [],
                "principals": [
                  {
                    "identifiers": [
                      "arn:aws:iam::547320736290:role/ex-self-mng-al2023-cluster-44066ca4fd79fc96236de994d5"
                    ],
                    "type": "AWS"
                  }
                ],
                "resources": [
                  "*"
                ],
                "sid": "KeyUsage"
              }
            ],
            "version": "2012-10-17"
          },
          "sensitive_attributes": [],
          "identity_schema_version": 0
        }
      ]
    },
    {
      "module": "module.eks_al2023.module.kms",
      "mode": "data",
      "type": "aws_partition",
      "name": "current",
      "provider": "provider[\"registry.terraform.io/hashicorp/aws\"]",
      "instances": [
        {
          "index_key": 0,
          "schema_version": 0,
          "attributes": {
            "dns_suffix": "amazonaws.com",
            "id": "aws",
            "partition": "aws",
            "reverse_dns_prefix": "com.amazonaws"
          },
          "sensitive_attributes": [],
          "identity_schema_version": 0
        }
      ]
    },
    {
      "module": "module.eks_al2023.module.kms",
      "mode": "managed",
      "type": "aws_kms_alias",
      "name": "this",
      "provider": "provider[\"registry.terraform.io/hashicorp/aws\"]",
      "instances": [
        {
          "index_key": "cluster",
          "schema_version": 0,
          "attributes": {
            "arn": "arn:aws:kms:eu-north-1:547320736290:alias/eks/ex-self-mng-al2023",
            "id": "alias/eks/ex-self-mng-al2023",
            "name": "alias/eks/ex-self-mng-al2023",
            "name_prefix": "",
            "region": "eu-north-1",
            "target_key_arn": "arn:aws:kms:eu-north-1:547320736290:key/c5fba661-66a7-438a-8fb9-11f27b6c5bd4",
            "target_key_id": "c5fba661-66a7-438a-8fb9-11f27b6c5bd4"
          },
          "sensitive_attributes": [],
          "identity_schema_version": 0,
          "identity": {
            "account_id": "547320736290",
            "name": "alias/eks/ex-self-mng-al2023",
            "region": "eu-north-1"
          },
          "private": "bnVsbA==",
          "dependencies": [
            "module.eks_al2023.aws_iam_role.this",
            "module.eks_al2023.data.aws_caller_identity.current",
            "module.eks_al2023.data.aws_iam_policy_document.assume_role_policy",
            "module.eks_al2023.data.aws_iam_session_context.current",
            "module.eks_al2023.module.kms.aws_kms_external_key.this",
            "module.eks_al2023.module.kms.aws_kms_key.this",
            "module.eks_al2023.module.kms.aws_kms_replica_external_key.this",
            "module.eks_al2023.module.kms.aws_kms_replica_key.this",
            "module.eks_al2023.module.kms.data.aws_caller_identity.current",
            "module.eks_al2023.module.kms.data.aws_iam_policy_document.this",
            "module.eks_al2023.module.kms.data.aws_partition.current"
          ]
        }
      ]
    },
    {
      "module": "module.eks_al2023.module.kms",
      "mode": "managed",
      "type": "aws_kms_external_key",
      "name": "this",
      "provider": "provider[\"registry.terraform.io/hashicorp/aws\"]",
      "instances": []
    },
    {
      "module": "module.eks_al2023.module.kms",
      "mode": "managed",
      "type": "aws_kms_grant",
      "name": "this",
      "provider": "provider[\"registry.terraform.io/hashicorp/aws\"]",
      "instances": []
    },
    {
      "module": "module.eks_al2023.module.kms",
      "mode": "managed",
      "type": "aws_kms_key",
      "name": "this",
      "provider": "provider[\"registry.terraform.io/hashicorp/aws\"]",
      "instances": [
        {
          "index_key": 0,
          "schema_version": 0,
          "attributes": {
            "arn": "arn:aws:kms:eu-north-1:547320736290:key/c5fba661-66a7-438a-8fb9-11f27b6c5bd4",
            "bypass_policy_lockout_safety_check": false,
            "custom_key_store_id": "",
            "customer_master_key_spec": "SYMMETRIC_DEFAULT",
            "deletion_window_in_days": null,
            "description": "ex-self-mng-al2023 cluster encryption key",
            "enable_key_rotation": true,
            "id": "c5fba661-66a7-438a-8fb9-11f27b6c5bd4",
            "is_enabled": true,
            "key_id": "c5fba661-66a7-438a-8fb9-11f27b6c5bd4",
            "key_usage": "ENCRYPT_DECRYPT",
            "multi_region": false,
            "policy": "{\"Statement\":[{\"Action\":\"kms:*\",\"Effect\":\"Allow\",\"Principal\":{\"AWS\":\"arn:aws:iam::547320736290:root\"},\"Resource\":\"*\",\"Sid\":\"Default\"},{\"Action\":[\"kms:Update*\",\"kms:UntagResource\",\"kms:TagResource\",\"kms:ScheduleKeyDeletion\",\"kms:Revoke*\",\"kms:ReplicateKey\",\"kms:Put*\",\"kms:List*\",\"kms:ImportKeyMaterial\",\"kms:Get*\",\"kms:Enable*\",\"kms:Disable*\",\"kms:Describe*\",\"kms:Delete*\",\"kms:Create*\",\"kms:CancelKeyDeletion\"],\"Effect\":\"Allow\",\"Principal\":{\"AWS\":\"arn:aws:iam::547320736290:root\"},\"Resource\":\"*\",\"Sid\":\"KeyAdministration\"},{\"Action\":[\"kms:ReEncrypt*\",\"kms:GenerateDataKey*\",\"kms:Encrypt\",\"kms:DescribeKey\",\"kms:Decrypt\"],\"Effect\":\"Allow\",\"Principal\":{\"AWS\":\"arn:aws:iam::547320736290:role/ex-self-mng-al2023-cluster-44066ca4fd79fc96236de994d5\"},\"Resource\":\"*\",\"Sid\":\"KeyUsage\"}],\"Version\":\"2012-10-17\"}",
            "region": "eu-north-1",
            "rotation_period_in_days": 365,
            "tags": {
              "Example": "ex-self-mng",
              "GithubOrg": "terraform-aws-modules",
              "GithubRepo": "terraform-aws-eks"
            },
            "tags_all": {
              "Example": "ex-self-mng",
              "GithubOrg": "terraform-aws-modules",
              "GithubRepo": "terraform-aws-eks"
            },
            "timeouts": null,
            "xks_key_id": ""
          },
          "sensitive_attributes": [],
          "identity_schema_version": 0,
          "identity": {
            "account_id": "547320736290",
            "id": "c5fba661-66a7-438a-8fb9-11f27b6c5bd4",
            "region": "eu-north-1"
          },
          "private": "eyJlMmJmYjczMC1lY2FhLTExZTYtOGY4OC0zNDM2M2JjN2M0YzAiOnsiY3JlYXRlIjoxMjAwMDAwMDAwMDB9fQ==",
          "dependencies": [
            "module.eks_al2023.aws_iam_role.this",
            "module.eks_al2023.data.aws_caller_identity.current",
            "module.eks_al2023.data.aws_iam_policy_document.assume_role_policy",
            "module.eks_al2023.data.aws_iam_session_context.current",
            "module.eks_al2023.module.kms.data.aws_caller_identity.current",
            "module.eks_al2023.module.kms.data.aws_iam_policy_document.this",
            "module.eks_al2023.module.kms.data.aws_partition.current"
          ],
          "create_before_destroy": true
        }
      ]
    },
    {
      "module": "module.eks_al2023.module.kms",
      "mode": "managed",
      "type": "aws_kms_replica_external_key",
      "name": "this",
      "provider": "provider[\"registry.terraform.io/hashicorp/aws\"]",
      "instances": []
    },
    {
      "module": "module.eks_al2023.module.kms",
      "mode": "managed",
      "type": "aws_kms_replica_key",
      "name": "this",
      "provider": "provider[\"registry.terraform.io/hashicorp/aws\"]",
      "instances": []
    },
    {
      "module": "module.eks_al2023.module.self_managed_node_group[\"example\"]",
      "mode": "data",
      "type": "aws_caller_identity",
      "name": "current",
      "provider": "provider[\"registry.terraform.io/hashicorp/aws\"]",
      "instances": []
    },
    {
      "module": "module.eks_al2023.module.self_managed_node_group[\"example\"]",
      "mode": "data",
      "type": "aws_ec2_instance_type",
      "name": "this",
      "provider": "provider[\"registry.terraform.io/hashicorp/aws\"]",
      "instances": []
    },
    {
      "module": "module.eks_al2023.module.self_managed_node_group[\"example\"]",
      "mode": "data",
      "type": "aws_iam_policy_document",
      "name": "assume_role_policy",
      "provider": "provider[\"registry.terraform.io/hashicorp/aws\"]",
      "instances": [
        {
          "index_key": 0,
          "schema_version": 0,
          "attributes": {
            "id": "2560088296",
            "json": "{\n  \"Version\": \"2012-10-17\",\n  \"Statement\": [\n    {\n      \"Sid\": \"EKSNodeAssumeRole\",\n      \"Effect\": \"Allow\",\n      \"Action\": \"sts:AssumeRole\",\n      \"Principal\": {\n        \"Service\": \"ec2.amazonaws.com\"\n      }\n    }\n  ]\n}",
            "minified_json": "{\"Version\":\"2012-10-17\",\"Statement\":[{\"Sid\":\"EKSNodeAssumeRole\",\"Effect\":\"Allow\",\"Action\":\"sts:AssumeRole\",\"Principal\":{\"Service\":\"ec2.amazonaws.com\"}}]}",
            "override_json": null,
            "override_policy_documents": null,
            "policy_id": null,
            "source_json": null,
            "source_policy_documents": null,
            "statement": [
              {
                "actions": [
                  "sts:AssumeRole"
                ],
                "condition": [],
                "effect": "Allow",
                "not_actions": [],
                "not_principals": [],
                "not_resources": [],
                "principals": [
                  {
                    "identifiers": [
                      "ec2.amazonaws.com"
                    ],
                    "type": "Service"
                  }
                ],
                "resources": [],
                "sid": "EKSNodeAssumeRole"
              }
            ],
            "version": "2012-10-17"
          },
          "sensitive_attributes": [],
          "identity_schema_version": 0
        }
      ]
    },
    {
      "module": "module.eks_al2023.module.self_managed_node_group[\"example\"]",
      "mode": "data",
      "type": "aws_iam_policy_document",
      "name": "role",
      "provider": "provider[\"registry.terraform.io/hashicorp/aws\"]",
      "instances": []
    },
    {
      "module": "module.eks_al2023.module.self_managed_node_group[\"example\"]",
      "mode": "data",
      "type": "aws_partition",
      "name": "current",
      "provider": "provider[\"registry.terraform.io/hashicorp/aws\"]",
      "instances": []
    },
    {
      "module": "module.eks_al2023.module.self_managed_node_group[\"example\"]",
      "mode": "data",
      "type": "aws_ssm_parameter",
      "name": "ami",
      "provider": "provider[\"registry.terraform.io/hashicorp/aws\"]",
      "instances": [
        {
          "index_key": 0,
          "schema_version": 0,
          "attributes": {
            "arn": "arn:aws:ssm:eu-north-1::parameter/aws/service/eks/optimized-ami/1.33/amazon-linux-2023/x86_64/standard/recommended/image_id",
            "id": "/aws/service/eks/optimized-ami/1.33/amazon-linux-2023/x86_64/standard/recommended/image_id",
            "insecure_value": "ami-0e3d674f45b4170ed",
            "name": "/aws/service/eks/optimized-ami/1.33/amazon-linux-2023/x86_64/standard/recommended/image_id",
            "region": "eu-north-1",
            "type": "String",
            "value": "ami-0e3d674f45b4170ed",
            "version": 48,
            "with_decryption": true
          },
          "sensitive_attributes": [
            [
              {
                "type": "get_attr",
                "value": "value"
              }
            ]
          ],
          "identity_schema_version": 0
        }
      ]
    },
    {
      "module": "module.eks_al2023.module.self_managed_node_group[\"example\"]",
      "mode": "data",
      "type": "aws_subnet",
      "name": "this",
      "provider": "provider[\"registry.terraform.io/hashicorp/aws\"]",
      "instances": []
    },
    {
      "module": "module.eks_al2023.module.self_managed_node_group[\"example\"]",
      "mode": "managed",
      "type": "aws_autoscaling_group",
      "name": "this",
      "provider": "provider[\"registry.terraform.io/hashicorp/aws\"]",
      "instances": [
        {
          "index_key": 0,
          "status": "tainted",
          "schema_version": 1,
          "attributes": {
            "arn": null,
            "availability_zone_distribution": null,
            "availability_zones": [],
            "capacity_rebalance": null,
            "capacity_reservation_specification": null,
            "context": null,
            "default_cooldown": null,
            "default_instance_warmup": null,
            "desired_capacity": 2,
            "desired_capacity_type": null,
            "enabled_metrics": null,
            "force_delete": false,
            "force_delete_warm_pool": false,
            "health_check_grace_period": 300,
            "health_check_type": null,
            "id": "example-aaf343240a3b9a86bcd7c48dc6",
            "ignore_failed_scaling_activities": false,
            "initial_lifecycle_hook": [],
            "instance_maintenance_policy": [],
            "instance_refresh": [
              {
                "preferences": [
                  {
                    "alarm_specification": [],
                    "auto_rollback": false,
                    "checkpoint_delay": "",
                    "checkpoint_percentages": null,
                    "instance_warmup": "",
                    "max_healthy_percentage": 100,
                    "min_healthy_percentage": 66,
                    "scale_in_protected_instances": "Ignore",
                    "skip_matching": false,
                    "standby_instances": "Ignore"
                  }
                ],
                "strategy": "Rolling",
                "triggers": null
              }
            ],
            "launch_configuration": null,
            "launch_template": [
              {
                "id": "lt-0878b12ad0ea06f69",
                "name": "",
                "version": "1"
              }
            ],
            "load_balancers": [],
            "max_instance_lifetime": null,
            "max_size": 5,
            "metrics_granularity": "1Minute",
            "min_elb_capacity": null,
            "min_size": 2,
            "mixed_instances_policy": null,
            "name": null,
            "name_prefix": "example-",
            "placement_group": null,
            "predicted_capacity": null,
            "protect_from_scale_in": false,
            "region": "eu-north-1",
            "service_linked_role_arn": null,
            "suspended_processes": null,
            "tag": [
              {
                "key": "Example",
                "propagate_at_launch": true,
                "value": "ex-self-mng"
              },
              {
                "key": "GithubOrg",
                "propagate_at_launch": true,
                "value": "terraform-aws-modules"
              },
              {
                "key": "GithubRepo",
                "propagate_at_launch": true,
                "value": "terraform-aws-eks"
              },
              {
                "key": "Name",
                "propagate_at_launch": true,
                "value": "example"
              },
              {
                "key": "k8s.io/cluster/ex-self-mng-al2023",
                "propagate_at_launch": true,
                "value": "owned"
              },
              {
                "key": "kubernetes.io/cluster/ex-self-mng-al2023",
                "propagate_at_launch": true,
                "value": "owned"
              }
            ],
            "target_group_arns": [],
            "termination_policies": [],
            "timeouts": null,
            "traffic_source": [],
            "vpc_zone_identifier": [
              "subnet-0573b75042cf6c417",
              "subnet-0b21cde55cf8f99f5",
              "subnet-0bf08397412da6590"
            ],
            "wait_for_capacity_timeout": "10m",
            "wait_for_elb_capacity": null,
            "warm_pool": [],
            "warm_pool_size": null
          },
          "sensitive_attributes": [],
          "identity_schema_version": 0,
          "private": "eyJlMmJmYjczMC1lY2FhLTExZTYtOGY4OC0zNDM2M2JjN2M0YzAiOnsiZGVsZXRlIjo2MDAwMDAwMDAwMDAsInVwZGF0ZSI6NjAwMDAwMDAwMDAwfSwic2NoZW1hX3ZlcnNpb24iOiIxIn0=",
          "dependencies": [
            "data.aws_availability_zones.available",
            "module.eks_al2023.aws_cloudwatch_log_group.this",
            "module.eks_al2023.aws_eks_cluster.this",
            "module.eks_al2023.aws_iam_policy.cni_ipv6_policy",
            "module.eks_al2023.aws_iam_role.eks_auto",
            "module.eks_al2023.aws_iam_role.this",
            "module.eks_al2023.aws_iam_role_policy_attachment.this",
            "module.eks_al2023.aws_security_group.cluster",
            "module.eks_al2023.aws_security_group.node",
            "module.eks_al2023.aws_security_group_rule.cluster",
            "module.eks_al2023.aws_security_group_rule.node",
            "module.eks_al2023.data.aws_caller_identity.current",
            "module.eks_al2023.data.aws_iam_policy_document.assume_role_policy",
            "module.eks_al2023.data.aws_iam_policy_document.cni_ipv6_policy",
            "module.eks_al2023.data.aws_iam_policy_document.node_assume_role_policy",
            "module.eks_al2023.data.aws_iam_session_context.current",
            "module.eks_al2023.data.aws_partition.current",
            "module.eks_al2023.module.kms.aws_kms_external_key.this",
            "module.eks_al2023.module.kms.aws_kms_key.this",
            "module.eks_al2023.module.kms.aws_kms_replica_external_key.this",
            "module.eks_al2023.module.kms.aws_kms_replica_key.this",
            "module.eks_al2023.module.kms.data.aws_caller_identity.current",
            "module.eks_al2023.module.kms.data.aws_iam_policy_document.this",
            "module.eks_al2023.module.kms.data.aws_partition.current",
            "module.eks_al2023.module.self_managed_node_group.aws_iam_instance_profile.this",
            "module.eks_al2023.module.self_managed_node_group.aws_iam_role.this",
            "module.eks_al2023.module.self_managed_node_group.aws_iam_role_policy_attachment.additional",
            "module.eks_al2023.module.self_managed_node_group.aws_iam_role_policy_attachment.this",
            "module.eks_al2023.module.self_managed_node_group.aws_launch_template.this",
            "module.eks_al2023.module.self_managed_node_group.aws_placement_group.this",
            "module.eks_al2023.module.self_managed_node_group.data.aws_caller_identity.current",
            "module.eks_al2023.module.self_managed_node_group.data.aws_ec2_instance_type.this",
            "module.eks_al2023.module.self_managed_node_group.data.aws_iam_policy_document.assume_role_policy",
            "module.eks_al2023.module.self_managed_node_group.data.aws_partition.current",
            "module.eks_al2023.module.self_managed_node_group.data.aws_ssm_parameter.ami",
            "module.eks_al2023.module.self_managed_node_group.module.user_data.data.cloudinit_config.al2023_eks_managed_node_group",
            "module.eks_al2023.module.self_managed_node_group.module.user_data.data.cloudinit_config.al2_eks_managed_node_group",
            "module.eks_al2023.time_sleep.this",
            "module.vpc.aws_subnet.private",
            "module.vpc.aws_vpc.this",
            "module.vpc.aws_vpc_ipv4_cidr_block_association.this"
          ],
          "create_before_destroy": true
        }
      ]
    },
    {
      "module": "module.eks_al2023.module.self_managed_node_group[\"example\"]",
      "mode": "managed",
      "type": "aws_eks_access_entry",
      "name": "this",
      "provider": "provider[\"registry.terraform.io/hashicorp/aws\"]",
      "instances": [
        {
          "index_key": 0,
          "schema_version": 0,
          "attributes": {
            "access_entry_arn": "arn:aws:eks:eu-north-1:547320736290:access-entry/ex-self-mng-al2023/role/547320736290/example-node-group-ed009259eae926856d604d8ebf/86cf8787-4ae3-a936-1296-43a492253f62",
            "cluster_name": "ex-self-mng-al2023",
            "created_at": "2026-06-28T16:27:22Z",
            "id": "ex-self-mng-al2023:arn:aws:iam::547320736290:role/example-node-group-ed009259eae926856d604d8ebf",
            "kubernetes_groups": [
              "system:nodes"
            ],
            "modified_at": "2026-06-28T16:27:22Z",
            "principal_arn": "arn:aws:iam::547320736290:role/example-node-group-ed009259eae926856d604d8ebf",
            "region": "eu-north-1",
            "tags": {
              "Example": "ex-self-mng",
              "GithubOrg": "terraform-aws-modules",
              "GithubRepo": "terraform-aws-eks"
            },
            "tags_all": {
              "Example": "ex-self-mng",
              "GithubOrg": "terraform-aws-modules",
              "GithubRepo": "terraform-aws-eks"
            },
            "timeouts": null,
            "type": "EC2_LINUX",
            "user_name": "system:node:{{EC2PrivateDNSName}}"
          },
          "sensitive_attributes": [],
          "identity_schema_version": 0,
          "identity": {
            "account_id": "547320736290",
            "cluster_name": "ex-self-mng-al2023",
            "principal_arn": "arn:aws:iam::547320736290:role/example-node-group-ed009259eae926856d604d8ebf",
            "region": "eu-north-1"
          },
          "private": "eyJlMmJmYjczMC1lY2FhLTExZTYtOGY4OC0zNDM2M2JjN2M0YzAiOnsiY3JlYXRlIjo2MDAwMDAwMDAwMDAsImRlbGV0ZSI6NjAwMDAwMDAwMDAwfX0=",
          "dependencies": [
            "data.aws_availability_zones.available",
            "module.eks_al2023.aws_cloudwatch_log_group.this",
            "module.eks_al2023.aws_eks_cluster.this",
            "module.eks_al2023.aws_iam_policy.cni_ipv6_policy",
            "module.eks_al2023.aws_iam_role.eks_auto",
            "module.eks_al2023.aws_iam_role.this",
            "module.eks_al2023.aws_iam_role_policy_attachment.this",
            "module.eks_al2023.aws_security_group.cluster",
            "module.eks_al2023.aws_security_group.node",
            "module.eks_al2023.aws_security_group_rule.cluster",
            "module.eks_al2023.aws_security_group_rule.node",
            "module.eks_al2023.data.aws_caller_identity.current",
            "module.eks_al2023.data.aws_iam_policy_document.assume_role_policy",
            "module.eks_al2023.data.aws_iam_policy_document.cni_ipv6_policy",
            "module.eks_al2023.data.aws_iam_policy_document.node_assume_role_policy",
            "module.eks_al2023.data.aws_iam_session_context.current",
            "module.eks_al2023.data.aws_partition.current",
            "module.eks_al2023.module.kms.aws_kms_external_key.this",
            "module.eks_al2023.module.kms.aws_kms_key.this",
            "module.eks_al2023.module.kms.aws_kms_replica_external_key.this",
            "module.eks_al2023.module.kms.aws_kms_replica_key.this",
            "module.eks_al2023.module.kms.data.aws_caller_identity.current",
            "module.eks_al2023.module.kms.data.aws_iam_policy_document.this",
            "module.eks_al2023.module.kms.data.aws_partition.current",
            "module.eks_al2023.module.self_managed_node_group.aws_iam_role.this",
            "module.eks_al2023.module.self_managed_node_group.data.aws_iam_policy_document.assume_role_policy",
            "module.eks_al2023.time_sleep.this",
            "module.vpc.aws_subnet.private",
            "module.vpc.aws_vpc.this",
            "module.vpc.aws_vpc_ipv4_cidr_block_association.this"
          ]
        }
      ]
    },
    {
      "module": "module.eks_al2023.module.self_managed_node_group[\"example\"]",
      "mode": "managed",
      "type": "aws_iam_instance_profile",
      "name": "this",
      "provider": "provider[\"registry.terraform.io/hashicorp/aws\"]",
      "instances": [
        {
          "index_key": 0,
          "schema_version": 0,
          "attributes": {
            "arn": "arn:aws:iam::547320736290:instance-profile/example-node-group-3d3efb3da255eed7ec601e81cb",
            "create_date": "2026-06-28T16:18:39Z",
            "id": "example-node-group-3d3efb3da255eed7ec601e81cb",
            "name": "example-node-group-3d3efb3da255eed7ec601e81cb",
            "name_prefix": "example-node-group-",
            "path": "/",
            "role": "example-node-group-ed009259eae926856d604d8ebf",
            "tags": {
              "Example": "ex-self-mng",
              "GithubOrg": "terraform-aws-modules",
              "GithubRepo": "terraform-aws-eks"
            },
            "tags_all": {
              "Example": "ex-self-mng",
              "GithubOrg": "terraform-aws-modules",
              "GithubRepo": "terraform-aws-eks"
            },
            "unique_id": "AIPAX63W3VIRCAG2PREDB"
          },
          "sensitive_attributes": [],
          "identity_schema_version": 0,
          "identity": {
            "account_id": "547320736290",
            "name": "example-node-group-3d3efb3da255eed7ec601e81cb"
          },
          "private": "bnVsbA==",
          "dependencies": [
            "module.eks_al2023.module.self_managed_node_group.aws_iam_role.this",
            "module.eks_al2023.module.self_managed_node_group.data.aws_iam_policy_document.assume_role_policy"
          ],
          "create_before_destroy": true
        }
      ]
    },
    {
      "module": "module.eks_al2023.module.self_managed_node_group[\"example\"]",
      "mode": "managed",
      "type": "aws_iam_role",
      "name": "this",
      "provider": "provider[\"registry.terraform.io/hashicorp/aws\"]",
      "instances": [
        {
          "index_key": 0,
          "schema_version": 0,
          "attributes": {
            "arn": "arn:aws:iam::547320736290:role/example-node-group-ed009259eae926856d604d8ebf",
            "assume_role_policy": "{\"Statement\":[{\"Action\":\"sts:AssumeRole\",\"Effect\":\"Allow\",\"Principal\":{\"Service\":\"ec2.amazonaws.com\"},\"Sid\":\"EKSNodeAssumeRole\"}],\"Version\":\"2012-10-17\"}",
            "create_date": "2026-06-28T16:18:38Z",
            "description": "Self managed node group IAM role",
            "force_detach_policies": true,
            "id": "example-node-group-ed009259eae926856d604d8ebf",
            "inline_policy": [],
            "managed_policy_arns": [],
            "max_session_duration": 3600,
            "name": "example-node-group-ed009259eae926856d604d8ebf",
            "name_prefix": "example-node-group-",
            "path": "/",
            "permissions_boundary": "",
            "tags": {
              "Example": "ex-self-mng",
              "GithubOrg": "terraform-aws-modules",
              "GithubRepo": "terraform-aws-eks"
            },
            "tags_all": {
              "Example": "ex-self-mng",
              "GithubOrg": "terraform-aws-modules",
              "GithubRepo": "terraform-aws-eks"
            },
            "unique_id": "AROAX63W3VIRCHKLRM4QA"
          },
          "sensitive_attributes": [],
          "identity_schema_version": 0,
          "identity": {
            "account_id": "547320736290",
            "name": "example-node-group-ed009259eae926856d604d8ebf"
          },
          "private": "bnVsbA==",
          "dependencies": [
            "module.eks_al2023.module.self_managed_node_group.data.aws_iam_policy_document.assume_role_policy"
          ],
          "create_before_destroy": true
        }
      ]
    },
    {
      "module": "module.eks_al2023.module.self_managed_node_group[\"example\"]",
      "mode": "managed",
      "type": "aws_iam_role_policy",
      "name": "this",
      "provider": "provider[\"registry.terraform.io/hashicorp/aws\"]",
      "instances": []
    },
    {
      "module": "module.eks_al2023.module.self_managed_node_group[\"example\"]",
      "mode": "managed",
      "type": "aws_iam_role_policy_attachment",
      "name": "additional",
      "provider": "provider[\"registry.terraform.io/hashicorp/aws\"]",
      "instances": []
    },
    {
      "module": "module.eks_al2023.module.self_managed_node_group[\"example\"]",
      "mode": "managed",
      "type": "aws_iam_role_policy_attachment",
      "name": "this",
      "provider": "provider[\"registry.terraform.io/hashicorp/aws\"]",
      "instances": [
        {
          "index_key": "AmazonEC2ContainerRegistryReadOnly",
          "schema_version": 0,
          "attributes": {
            "id": "example-node-group-ed009259eae926856d604d8ebf/arn:aws:iam::aws:policy/AmazonEC2ContainerRegistryReadOnly",
            "policy_arn": "arn:aws:iam::aws:policy/AmazonEC2ContainerRegistryReadOnly",
            "role": "example-node-group-ed009259eae926856d604d8ebf"
          },
          "sensitive_attributes": [],
          "identity_schema_version": 0,
          "identity": {
            "account_id": "547320736290",
            "policy_arn": "arn:aws:iam::aws:policy/AmazonEC2ContainerRegistryReadOnly",
            "role": "example-node-group-ed009259eae926856d604d8ebf"
          },
          "private": "bnVsbA==",
          "dependencies": [
            "module.eks_al2023.data.aws_caller_identity.current",
            "module.eks_al2023.data.aws_partition.current",
            "module.eks_al2023.module.self_managed_node_group.aws_iam_role.this",
            "module.eks_al2023.module.self_managed_node_group.data.aws_caller_identity.current",
            "module.eks_al2023.module.self_managed_node_group.data.aws_iam_policy_document.assume_role_policy",
            "module.eks_al2023.module.self_managed_node_group.data.aws_partition.current"
          ],
          "create_before_destroy": true
        },
        {
          "index_key": "AmazonEKSWorkerNodePolicy",
          "schema_version": 0,
          "attributes": {
            "id": "example-node-group-ed009259eae926856d604d8ebf/arn:aws:iam::aws:policy/AmazonEKSWorkerNodePolicy",
            "policy_arn": "arn:aws:iam::aws:policy/AmazonEKSWorkerNodePolicy",
            "role": "example-node-group-ed009259eae926856d604d8ebf"
          },
          "sensitive_attributes": [],
          "identity_schema_version": 0,
          "identity": {
            "account_id": "547320736290",
            "policy_arn": "arn:aws:iam::aws:policy/AmazonEKSWorkerNodePolicy",
            "role": "example-node-group-ed009259eae926856d604d8ebf"
          },
          "private": "bnVsbA==",
          "dependencies": [
            "module.eks_al2023.data.aws_caller_identity.current",
            "module.eks_al2023.data.aws_partition.current",
            "module.eks_al2023.module.self_managed_node_group.aws_iam_role.this",
            "module.eks_al2023.module.self_managed_node_group.data.aws_caller_identity.current",
            "module.eks_al2023.module.self_managed_node_group.data.aws_iam_policy_document.assume_role_policy",
            "module.eks_al2023.module.self_managed_node_group.data.aws_partition.current"
          ],
          "create_before_destroy": true
        },
        {
          "index_key": "AmazonEKS_CNI_Policy",
          "schema_version": 0,
          "attributes": {
            "id": "example-node-group-ed009259eae926856d604d8ebf/arn:aws:iam::aws:policy/AmazonEKS_CNI_Policy",
            "policy_arn": "arn:aws:iam::aws:policy/AmazonEKS_CNI_Policy",
            "role": "example-node-group-ed009259eae926856d604d8ebf"
          },
          "sensitive_attributes": [],
          "identity_schema_version": 0,
          "identity": {
            "account_id": "547320736290",
            "policy_arn": "arn:aws:iam::aws:policy/AmazonEKS_CNI_Policy",
            "role": "example-node-group-ed009259eae926856d604d8ebf"
          },
          "private": "bnVsbA==",
          "dependencies": [
            "module.eks_al2023.data.aws_caller_identity.current",
            "module.eks_al2023.data.aws_partition.current",
            "module.eks_al2023.module.self_managed_node_group.aws_iam_role.this",
            "module.eks_al2023.module.self_managed_node_group.data.aws_caller_identity.current",
            "module.eks_al2023.module.self_managed_node_group.data.aws_iam_policy_document.assume_role_policy",
            "module.eks_al2023.module.self_managed_node_group.data.aws_partition.current"
          ],
          "create_before_destroy": true
        }
      ]
    },
    {
      "module": "module.eks_al2023.module.self_managed_node_group[\"example\"]",
      "mode": "managed",
      "type": "aws_launch_template",
      "name": "this",
      "provider": "provider[\"registry.terraform.io/hashicorp/aws\"]",
      "instances": [
        {
          "index_key": 0,
          "schema_version": 1,
          "attributes": {
            "arn": "arn:aws:ec2:eu-north-1:547320736290:launch-template/lt-0878b12ad0ea06f69",
            "block_device_mappings": [],
            "capacity_reservation_specification": [],
            "cpu_options": [],
            "credit_specification": [],
            "default_version": 1,
            "description": "Custom launch template for example self managed node group",
            "disable_api_stop": false,
            "disable_api_termination": false,
            "ebs_optimized": "",
            "enclave_options": [],
            "hibernation_options": [],
            "iam_instance_profile": [
              {
                "arn": "arn:aws:iam::547320736290:instance-profile/example-node-group-3d3efb3da255eed7ec601e81cb",
                "name": ""
              }
            ],
            "id": "lt-0878b12ad0ea06f69",
            "image_id": "ami-0e3d674f45b4170ed",
            "instance_initiated_shutdown_behavior": "",
            "instance_market_options": [],
            "instance_requirements": [],
            "instance_type": "t2.micro",
            "kernel_id": "",
            "key_name": "",
            "latest_version": 1,
            "license_specification": [],
            "maintenance_options": [],
            "metadata_options": [
              {
                "http_endpoint": "enabled",
                "http_protocol_ipv6": "",
                "http_put_response_hop_limit": 1,
                "http_tokens": "required",
                "instance_metadata_tags": ""
              }
            ],
            "monitoring": [],
            "name": "example-61101563c05948dcb7c4748474",
            "name_prefix": "example-",
            "network_interfaces": [],
            "network_performance_options": [],
            "placement": [],
            "private_dns_name_options": [],
            "ram_disk_id": "",
            "region": "eu-north-1",
            "secondary_interfaces": [],
            "security_group_names": null,
            "tag_specifications": [
              {
                "resource_type": "instance",
                "tags": {
                  "Example": "ex-self-mng",
                  "GithubOrg": "terraform-aws-modules",
                  "GithubRepo": "terraform-aws-eks",
                  "Name": "example"
                }
              },
              {
                "resource_type": "network-interface",
                "tags": {
                  "Example": "ex-self-mng",
                  "GithubOrg": "terraform-aws-modules",
                  "GithubRepo": "terraform-aws-eks",
                  "Name": "example"
                }
              },
              {
                "resource_type": "volume",
                "tags": {
                  "Example": "ex-self-mng",
                  "GithubOrg": "terraform-aws-modules",
                  "GithubRepo": "terraform-aws-eks",
                  "Name": "example"
                }
              }
            ],
            "tags": {
              "Example": "ex-self-mng",
              "GithubOrg": "terraform-aws-modules",
              "GithubRepo": "terraform-aws-eks"
            },
            "tags_all": {
              "Example": "ex-self-mng",
              "GithubOrg": "terraform-aws-modules",
              "GithubRepo": "terraform-aws-eks"
            },
            "update_default_version": true,
            "user_data": "Q29udGVudC1UeXBlOiBtdWx0aXBhcnQvbWl4ZWQ7IGJvdW5kYXJ5PSJNSU1FQk9VTkRBUlkiCk1JTUUtVmVyc2lvbjogMS4wDQoNCi0tTUlNRUJPVU5EQVJZDQpDb250ZW50LVRyYW5zZmVyLUVuY29kaW5nOiA3Yml0DQpDb250ZW50LVR5cGU6IGFwcGxpY2F0aW9uL25vZGUuZWtzLmF3cw0KTWltZS1WZXJzaW9uOiAxLjANCg0KLS0tCmFwaVZlcnNpb246IG5vZGUuZWtzLmF3cy92MWFscGhhMQpraW5kOiBOb2RlQ29uZmlnCnNwZWM6CiAga3ViZWxldDoKICAgIGNvbmZpZzoKICAgICAgc2h1dGRvd25HcmFjZVBlcmlvZDogMzBzCg0KLS1NSU1FQk9VTkRBUlkNCkNvbnRlbnQtVHJhbnNmZXItRW5jb2Rpbmc6IDdiaXQNCkNvbnRlbnQtVHlwZTogYXBwbGljYXRpb24vbm9kZS5la3MuYXdzDQpNaW1lLVZlcnNpb246IDEuMA0KDQotLS0KYXBpVmVyc2lvbjogbm9kZS5la3MuYXdzL3YxYWxwaGExCmtpbmQ6IE5vZGVDb25maWcKc3BlYzoKICBjbHVzdGVyOgogICAgbmFtZTogZXgtc2VsZi1tbmctYWwyMDIzCiAgICBhcGlTZXJ2ZXJFbmRwb2ludDogaHR0cHM6Ly9GOENENTNEOTIyRjExMjQ3RDQwQjZDQTE0RkU0MjQ1Ni5ncjcuZXUtbm9ydGgtMS5la3MuYW1hem9uYXdzLmNvbQogICAgY2VydGlmaWNhdGVBdXRob3JpdHk6IExTMHRMUzFDUlVkSlRpQkRSVkpVU1VaSlEwRlVSUzB0TFMwdENrMUpTVVJDVkVORFFXVXlaMEYzU1VKQlowbEpWV1pDYUhsS2FtUXZXRUYzUkZGWlNrdHZXa2xvZG1OT1FWRkZURUpSUVhkR1ZFVlVUVUpGUjBFeFZVVUtRWGhOUzJFelZtbGFXRXAxV2xoU2JHTjZRV1ZHZHpCNVRtcEJNazFxWjNoT2FrVXpUbFJLWVVaM01IcE9ha0V5VFdwVmVFNXFTWGxPVkVwaFRVSlZlQXBGZWtGU1FtZE9Wa0pCVFZSRGJYUXhXVzFXZVdKdFZqQmFXRTEzWjJkRmFVMUJNRWREVTNGSFUwbGlNMFJSUlVKQlVWVkJRVFJKUWtSM1FYZG5aMFZMQ2tGdlNVSkJVVVI2VUhacVlVOXNWVEp5TUZwQmVtaExaVUpsVG10WGVHeFpRbXRNWnpWdlpsQXJiWEF4VUVGQ2RYRlRiblZNTWpKbVpubDJVVkpwU1VRS2RWcDNOWFZFYUdseGVuVnRWbHAwTVZac2NYaFRWMlZDV0ROcFNqUTVaSFZKWTNOSFJrbG9SemcyTVhkSVR5OWljMUp4UjNWaE16VklSalJIWjJoMFF3cDNaR0pTVVhndldrSnVTVWx5WmtobE1FNUhTbEJNVEhOM1ZDdG9LM3BCV1U5V2NHdG9kV05QV0RGa1RIcHFhSFZZYjBOSmREUmpjV1pRTVRsaVVVUnNDa3hJY25Gc1QzUkZPRlo1ZWpsdU5qWlZVRkphTTNKcVIzZERSRXRsV2twNWFHZEZjblp6ZUhSeU1UVlJXVVZCVVhVMVUwcHlZMDB4U1VvNFowUklRbFlLUVdGM2N6TmhTMk5DUW5Ga2NuSXlZa3hVVG01MlNtTnJWbTU1YTJaVU0yZHdheTlPTWtGa09VeEViR2xYSzI1NmQyTlNUMnN2U1VSV015OVdOSGxvY1Fwb1RIZHVXRzlJYm1KS1RWZHFka2w0YkU1MGVubHJVR1JUV0ZGTVFXZE5Ra0ZCUjJwWFZFSllUVUUwUjBFeFZXUkVkMFZDTDNkUlJVRjNTVU53UkVGUUNrSm5UbFpJVWsxQ1FXWTRSVUpVUVVSQlVVZ3ZUVUl3UjBFeFZXUkVaMUZYUWtKVGEwZG5URXhUTlRsNEwweGFURUZTVGxSQ1dXbE5aVkJJUmtGVVFWWUtRbWRPVmtoU1JVVkVha0ZOWjJkd2NtUlhTbXhqYlRWc1pFZFdlazFCTUVkRFUzRkhVMGxpTTBSUlJVSkRkMVZCUVRSSlFrRlJRazlMZDNkMVFuSnBhUXBDYUVNeGIxbFBaRll5ZEdSNlNXbEVNRGxEYVRFd1dHcEJNbE5TU2pkSk1XdDBjM3BTVjFCd2QwbDVRbmRZZDBSS1dGVm9URkUxT0ZKRlNETkthRnBpQ2xsWE1UaHplVXB4YkZkMU9VRlpVWFp0U214ME1rWnRURXhUZEVoa1ZrMU9URGxsYjNSb1ZVeERZelpPTWtaTVMxVXdRM0ZZTmxCNlVYTndTMll6WkRNS2MxQlJRMHQ0U2pVclJEWTFWUzl6V1ZwV1dWTm5MM2hHWlRjMFpIbFNTVzlLTUhkRE4yOW9RelJZYWxSb1RYSnNVemw2V2pKQ1dUSnZXbkJuWjBRM1pBcHFWbVFyV0Vwd0wyUXlVWGsxT1d4MVprNUhZMjlWV1d0RU1EUm9iV0pPYTBoTFEwOXlUM0ZMUkdWUGVGWmhjWEpEUkVGM2NITnJhRU52UzNOcWRtdE9DbE5SYWk5WVJsRlFaMXBtTnpSd2NtOHpSelZPVVV4eFF6VmpTMWhQYW5BeFFqbDVXVVJHVmpGRGNTczNXazlPYzAxQ1IxcHBaa2hQUVVRclJuQkJWR1VLVjA1NWRVSmhUMVJQT1doUUNpMHRMUzB0UlU1RUlFTkZVbFJKUmtsRFFWUkZMUzB0TFMwSwogICAgY2lkcjogMTcyLjIwLjAuMC8xNgoNCi0tTUlNRUJPVU5EQVJZLS0NCg==",
            "vpc_security_group_ids": [
              "sg-0ed0dc552195e539f"
            ]
          },
          "sensitive_attributes": [],
          "identity_schema_version": 0,
          "identity": {
            "account_id": "547320736290",
            "id": "lt-0878b12ad0ea06f69",
            "region": "eu-north-1"
          },
          "private": "eyJzY2hlbWFfdmVyc2lvbiI6IjEifQ==",
          "dependencies": [
            "data.aws_availability_zones.available",
            "module.eks_al2023.aws_cloudwatch_log_group.this",
            "module.eks_al2023.aws_eks_cluster.this",
            "module.eks_al2023.aws_iam_policy.cni_ipv6_policy",
            "module.eks_al2023.aws_iam_role.eks_auto",
            "module.eks_al2023.aws_iam_role.this",
            "module.eks_al2023.aws_iam_role_policy_attachment.this",
            "module.eks_al2023.aws_security_group.cluster",
            "module.eks_al2023.aws_security_group.node",
            "module.eks_al2023.aws_security_group_rule.cluster",
            "module.eks_al2023.aws_security_group_rule.node",
            "module.eks_al2023.data.aws_caller_identity.current",
            "module.eks_al2023.data.aws_iam_policy_document.assume_role_policy",
            "module.eks_al2023.data.aws_iam_policy_document.cni_ipv6_policy",
            "module.eks_al2023.data.aws_iam_policy_document.node_assume_role_policy",
            "module.eks_al2023.data.aws_iam_session_context.current",
            "module.eks_al2023.data.aws_partition.current",
            "module.eks_al2023.module.kms.aws_kms_external_key.this",
            "module.eks_al2023.module.kms.aws_kms_key.this",
            "module.eks_al2023.module.kms.aws_kms_replica_external_key.this",
            "module.eks_al2023.module.kms.aws_kms_replica_key.this",
            "module.eks_al2023.module.kms.data.aws_caller_identity.current",
            "module.eks_al2023.module.kms.data.aws_iam_policy_document.this",
            "module.eks_al2023.module.kms.data.aws_partition.current",
            "module.eks_al2023.module.self_managed_node_group.aws_iam_instance_profile.this",
            "module.eks_al2023.module.self_managed_node_group.aws_iam_role.this",
            "module.eks_al2023.module.self_managed_node_group.aws_iam_role_policy_attachment.additional",
            "module.eks_al2023.module.self_managed_node_group.aws_iam_role_policy_attachment.this",
            "module.eks_al2023.module.self_managed_node_group.aws_placement_group.this",
            "module.eks_al2023.module.self_managed_node_group.data.aws_caller_identity.current",
            "module.eks_al2023.module.self_managed_node_group.data.aws_ec2_instance_type.this",
            "module.eks_al2023.module.self_managed_node_group.data.aws_iam_policy_document.assume_role_policy",
            "module.eks_al2023.module.self_managed_node_group.data.aws_partition.current",
            "module.eks_al2023.module.self_managed_node_group.data.aws_ssm_parameter.ami",
            "module.eks_al2023.module.self_managed_node_group.module.user_data.data.cloudinit_config.al2023_eks_managed_node_group",
            "module.eks_al2023.module.self_managed_node_group.module.user_data.data.cloudinit_config.al2_eks_managed_node_group",
            "module.eks_al2023.time_sleep.this",
            "module.vpc.aws_subnet.private",
            "module.vpc.aws_vpc.this",
            "module.vpc.aws_vpc_ipv4_cidr_block_association.this"
          ],
          "create_before_destroy": true
        }
      ]
    },
    {
      "module": "module.eks_al2023.module.self_managed_node_group[\"example\"]",
      "mode": "managed",
      "type": "aws_placement_group",
      "name": "this",
      "provider": "provider[\"registry.terraform.io/hashicorp/aws\"]",
      "instances": []
    },
    {
      "module": "module.eks_al2023.module.self_managed_node_group[\"example\"]",
      "mode": "managed",
      "type": "aws_security_group",
      "name": "this",
      "provider": "provider[\"registry.terraform.io/hashicorp/aws\"]",
      "instances": []
    },
    {
      "module": "module.eks_al2023.module.self_managed_node_group[\"example\"]",
      "mode": "managed",
      "type": "aws_vpc_security_group_egress_rule",
      "name": "this",
      "provider": "provider[\"registry.terraform.io/hashicorp/aws\"]",
      "instances": []
    },
    {
      "module": "module.eks_al2023.module.self_managed_node_group[\"example\"]",
      "mode": "managed",
      "type": "aws_vpc_security_group_ingress_rule",
      "name": "this",
      "provider": "provider[\"registry.terraform.io/hashicorp/aws\"]",
      "instances": []
    },
    {
      "module": "module.eks_al2023.module.self_managed_node_group[\"example\"].module.user_data",
      "mode": "data",
      "type": "cloudinit_config",
      "name": "al2023_eks_managed_node_group",
      "provider": "provider[\"registry.terraform.io/hashicorp/cloudinit\"]",
      "instances": [
        {
          "index_key": 0,
          "schema_version": 0,
          "attributes": {
            "base64_encode": true,
            "boundary": "MIMEBOUNDARY",
            "gzip": false,
            "id": "1887478886",
            "part": [
              {
                "content": "---\napiVersion: node.eks.aws/v1alpha1\nkind: NodeConfig\nspec:\n  kubelet:\n    config:\n      shutdownGracePeriod: 30s\n",
                "content_type": "application/node.eks.aws",
                "filename": null,
                "merge_type": null
              },
              {
                "content": "---\napiVersion: node.eks.aws/v1alpha1\nkind: NodeConfig\nspec:\n  cluster:\n    name: ex-self-mng-al2023\n    apiServerEndpoint: https://F8CD53D922F11247D40B6CA14FE42456.gr7.eu-north-1.eks.amazonaws.com\n    certificateAuthority: LS0tLS1CRUdJTiBDRVJUSUZJQ0FURS0tLS0tCk1JSURCVENDQWUyZ0F3SUJBZ0lJVWZCaHlKamQvWEF3RFFZSktvWklodmNOQVFFTEJRQXdGVEVUTUJFR0ExVUUKQXhNS2EzVmlaWEp1WlhSbGN6QWVGdzB5TmpBMk1qZ3hOakUzTlRKYUZ3MHpOakEyTWpVeE5qSXlOVEphTUJVeApFekFSQmdOVkJBTVRDbXQxWW1WeWJtVjBaWE13Z2dFaU1BMEdDU3FHU0liM0RRRUJBUVVBQTRJQkR3QXdnZ0VLCkFvSUJBUUR6UHZqYU9sVTJyMFpBemhLZUJlTmtXeGxZQmtMZzVvZlArbXAxUEFCdXFTbnVMMjJmZnl2UVJpSUQKdVp3NXVEaGlxenVtVlp0MVZscXhTV2VCWDNpSjQ5ZHVJY3NHRkloRzg2MXdITy9ic1JxR3VhMzVIRjRHZ2h0Qwp3ZGJSUXgvWkJuSUlyZkhlME5HSlBMTHN3VCtoK3pBWU9WcGtodWNPWDFkTHpqaHVYb0NJdDRjcWZQMTliUURsCkxIcnFsT3RFOFZ5ejluNjZVUFJaM3JqR3dDREtlWkp5aGdFcnZzeHRyMTVRWUVBUXU1U0pyY00xSUo4Z0RIQlYKQWF3czNhS2NCQnFkcnIyYkxUTm52SmNrVm55a2ZUM2dway9OMkFkOUxEbGlXK256d2NST2svSURWMy9WNHlocQpoTHduWG9IbmJKTVdqdkl4bE50enlrUGRTWFFMQWdNQkFBR2pXVEJYTUE0R0ExVWREd0VCL3dRRUF3SUNwREFQCkJnTlZIUk1CQWY4RUJUQURBUUgvTUIwR0ExVWREZ1FXQkJTa0dnTExTNTl4L0xaTEFSTlRCWWlNZVBIRkFUQVYKQmdOVkhSRUVEakFNZ2dwcmRXSmxjbTVsZEdWek1BMEdDU3FHU0liM0RRRUJDd1VBQTRJQkFRQk9Ld3d1QnJpaQpCaEMxb1lPZFYydGR6SWlEMDlDaTEwWGpBMlNSSjdJMWt0c3pSV1Bwd0l5QndYd0RKWFVoTFE1OFJFSDNKaFpiCllXMThzeUpxbFd1OUFZUXZtSmx0MkZtTExTdEhkVk1OTDllb3RoVUxDYzZOMkZMS1UwQ3FYNlB6UXNwS2YzZDMKc1BRQ0t4SjUrRDY1VS9zWVpWWVNnL3hGZTc0ZHlSSW9KMHdDN29oQzRYalRoTXJsUzl6WjJCWTJvWnBnZ0Q3ZApqVmQrWEpwL2QyUXk1OWx1Zk5HY29VWWtEMDRobWJOa0hLQ09yT3FLRGVPeFZhcXJDREF3cHNraENvS3NqdmtOClNRai9YRlFQZ1pmNzRwcm8zRzVOUUxxQzVjS1hPanAxQjl5WURGVjFDcSs3Wk9Oc01CR1ppZkhPQUQrRnBBVGUKV055dUJhT1RPOWhQCi0tLS0tRU5EIENFUlRJRklDQVRFLS0tLS0K\n    cidr: 172.20.0.0/16\n",
                "content_type": "application/node.eks.aws",
                "filename": null,
                "merge_type": null
              }
            ],
            "rendered": "Q29udGVudC1UeXBlOiBtdWx0aXBhcnQvbWl4ZWQ7IGJvdW5kYXJ5PSJNSU1FQk9VTkRBUlkiCk1JTUUtVmVyc2lvbjogMS4wDQoNCi0tTUlNRUJPVU5EQVJZDQpDb250ZW50LVRyYW5zZmVyLUVuY29kaW5nOiA3Yml0DQpDb250ZW50LVR5cGU6IGFwcGxpY2F0aW9uL25vZGUuZWtzLmF3cw0KTWltZS1WZXJzaW9uOiAxLjANCg0KLS0tCmFwaVZlcnNpb246IG5vZGUuZWtzLmF3cy92MWFscGhhMQpraW5kOiBOb2RlQ29uZmlnCnNwZWM6CiAga3ViZWxldDoKICAgIGNvbmZpZzoKICAgICAgc2h1dGRvd25HcmFjZVBlcmlvZDogMzBzCg0KLS1NSU1FQk9VTkRBUlkNCkNvbnRlbnQtVHJhbnNmZXItRW5jb2Rpbmc6IDdiaXQNCkNvbnRlbnQtVHlwZTogYXBwbGljYXRpb24vbm9kZS5la3MuYXdzDQpNaW1lLVZlcnNpb246IDEuMA0KDQotLS0KYXBpVmVyc2lvbjogbm9kZS5la3MuYXdzL3YxYWxwaGExCmtpbmQ6IE5vZGVDb25maWcKc3BlYzoKICBjbHVzdGVyOgogICAgbmFtZTogZXgtc2VsZi1tbmctYWwyMDIzCiAgICBhcGlTZXJ2ZXJFbmRwb2ludDogaHR0cHM6Ly9GOENENTNEOTIyRjExMjQ3RDQwQjZDQTE0RkU0MjQ1Ni5ncjcuZXUtbm9ydGgtMS5la3MuYW1hem9uYXdzLmNvbQogICAgY2VydGlmaWNhdGVBdXRob3JpdHk6IExTMHRMUzFDUlVkSlRpQkRSVkpVU1VaSlEwRlVSUzB0TFMwdENrMUpTVVJDVkVORFFXVXlaMEYzU1VKQlowbEpWV1pDYUhsS2FtUXZXRUYzUkZGWlNrdHZXa2xvZG1OT1FWRkZURUpSUVhkR1ZFVlVUVUpGUjBFeFZVVUtRWGhOUzJFelZtbGFXRXAxV2xoU2JHTjZRV1ZHZHpCNVRtcEJNazFxWjNoT2FrVXpUbFJLWVVaM01IcE9ha0V5VFdwVmVFNXFTWGxPVkVwaFRVSlZlQXBGZWtGU1FtZE9Wa0pCVFZSRGJYUXhXVzFXZVdKdFZqQmFXRTEzWjJkRmFVMUJNRWREVTNGSFUwbGlNMFJSUlVKQlVWVkJRVFJKUWtSM1FYZG5aMFZMQ2tGdlNVSkJVVVI2VUhacVlVOXNWVEp5TUZwQmVtaExaVUpsVG10WGVHeFpRbXRNWnpWdlpsQXJiWEF4VUVGQ2RYRlRiblZNTWpKbVpubDJVVkpwU1VRS2RWcDNOWFZFYUdseGVuVnRWbHAwTVZac2NYaFRWMlZDV0ROcFNqUTVaSFZKWTNOSFJrbG9SemcyTVhkSVR5OWljMUp4UjNWaE16VklSalJIWjJoMFF3cDNaR0pTVVhndldrSnVTVWx5WmtobE1FNUhTbEJNVEhOM1ZDdG9LM3BCV1U5V2NHdG9kV05QV0RGa1RIcHFhSFZZYjBOSmREUmpjV1pRTVRsaVVVUnNDa3hJY25Gc1QzUkZPRlo1ZWpsdU5qWlZVRkphTTNKcVIzZERSRXRsV2twNWFHZEZjblp6ZUhSeU1UVlJXVVZCVVhVMVUwcHlZMDB4U1VvNFowUklRbFlLUVdGM2N6TmhTMk5DUW5Ga2NuSXlZa3hVVG01MlNtTnJWbTU1YTJaVU0yZHdheTlPTWtGa09VeEViR2xYSzI1NmQyTlNUMnN2U1VSV015OVdOSGxvY1Fwb1RIZHVXRzlJYm1KS1RWZHFka2w0YkU1MGVubHJVR1JUV0ZGTVFXZE5Ra0ZCUjJwWFZFSllUVUUwUjBFeFZXUkVkMFZDTDNkUlJVRjNTVU53UkVGUUNrSm5UbFpJVWsxQ1FXWTRSVUpVUVVSQlVVZ3ZUVUl3UjBFeFZXUkVaMUZYUWtKVGEwZG5URXhUTlRsNEwweGFURUZTVGxSQ1dXbE5aVkJJUmtGVVFWWUtRbWRPVmtoU1JVVkVha0ZOWjJkd2NtUlhTbXhqYlRWc1pFZFdlazFCTUVkRFUzRkhVMGxpTTBSUlJVSkRkMVZCUVRSSlFrRlJRazlMZDNkMVFuSnBhUXBDYUVNeGIxbFBaRll5ZEdSNlNXbEVNRGxEYVRFd1dHcEJNbE5TU2pkSk1XdDBjM3BTVjFCd2QwbDVRbmRZZDBSS1dGVm9URkUxT0ZKRlNETkthRnBpQ2xsWE1UaHplVXB4YkZkMU9VRlpVWFp0U214ME1rWnRURXhUZEVoa1ZrMU9URGxsYjNSb1ZVeERZelpPTWtaTVMxVXdRM0ZZTmxCNlVYTndTMll6WkRNS2MxQlJRMHQ0U2pVclJEWTFWUzl6V1ZwV1dWTm5MM2hHWlRjMFpIbFNTVzlLTUhkRE4yOW9RelJZYWxSb1RYSnNVemw2V2pKQ1dUSnZXbkJuWjBRM1pBcHFWbVFyV0Vwd0wyUXlVWGsxT1d4MVprNUhZMjlWV1d0RU1EUm9iV0pPYTBoTFEwOXlUM0ZMUkdWUGVGWmhjWEpEUkVGM2NITnJhRU52UzNOcWRtdE9DbE5SYWk5WVJsRlFaMXBtTnpSd2NtOHpSelZPVVV4eFF6VmpTMWhQYW5BeFFqbDVXVVJHVmpGRGNTczNXazlPYzAxQ1IxcHBaa2hQUVVRclJuQkJWR1VLVjA1NWRVSmhUMVJQT1doUUNpMHRMUzB0UlU1RUlFTkZVbFJKUmtsRFFWUkZMUzB0TFMwSwogICAgY2lkcjogMTcyLjIwLjAuMC8xNgoNCi0tTUlNRUJPVU5EQVJZLS0NCg=="
          },
          "sensitive_attributes": [],
          "identity_schema_version": 0
        }
      ]
    },
    {
      "module": "module.eks_al2023.module.self_managed_node_group[\"example\"].module.user_data",
      "mode": "data",
      "type": "cloudinit_config",
      "name": "al2_eks_managed_node_group",
      "provider": "provider[\"registry.terraform.io/hashicorp/cloudinit\"]",
      "instances": []
    },
    {
      "module": "module.eks_al2023.module.self_managed_node_group[\"example\"].module.user_data",
      "mode": "managed",
      "type": "null_resource",
      "name": "validate_cluster_service_cidr",
      "provider": "provider[\"registry.terraform.io/hashicorp/null\"]",
      "instances": [
        {
          "schema_version": 0,
          "attributes": {
            "id": "7569457678054927986",
            "triggers": null
          },
          "sensitive_attributes": [],
          "identity_schema_version": 0,
          "dependencies": [
            "data.aws_availability_zones.available",
            "module.eks_al2023.aws_cloudwatch_log_group.this",
            "module.eks_al2023.aws_eks_cluster.this",
            "module.eks_al2023.aws_iam_policy.cni_ipv6_policy",
            "module.eks_al2023.aws_iam_role.eks_auto",
            "module.eks_al2023.aws_iam_role.this",
            "module.eks_al2023.aws_iam_role_policy_attachment.this",
            "module.eks_al2023.aws_security_group.cluster",
            "module.eks_al2023.aws_security_group.node",
            "module.eks_al2023.aws_security_group_rule.cluster",
            "module.eks_al2023.aws_security_group_rule.node",
            "module.eks_al2023.data.aws_caller_identity.current",
            "module.eks_al2023.data.aws_iam_policy_document.assume_role_policy",
            "module.eks_al2023.data.aws_iam_policy_document.cni_ipv6_policy",
            "module.eks_al2023.data.aws_iam_policy_document.node_assume_role_policy",
            "module.eks_al2023.data.aws_iam_session_context.current",
            "module.eks_al2023.data.aws_partition.current",
            "module.eks_al2023.module.kms.aws_kms_external_key.this",
            "module.eks_al2023.module.kms.aws_kms_key.this",
            "module.eks_al2023.module.kms.aws_kms_replica_external_key.this",
            "module.eks_al2023.module.kms.aws_kms_replica_key.this",
            "module.eks_al2023.module.kms.data.aws_caller_identity.current",
            "module.eks_al2023.module.kms.data.aws_iam_policy_document.this",
            "module.eks_al2023.module.kms.data.aws_partition.current",
            "module.eks_al2023.time_sleep.this",
            "module.vpc.aws_subnet.private",
            "module.vpc.aws_vpc.this",
            "module.vpc.aws_vpc_ipv4_cidr_block_association.this"
          ]
        }
      ]
    },
    {
      "module": "module.eks_bottlerocket",
      "mode": "data",
      "type": "aws_caller_identity",
      "name": "current",
      "provider": "provider[\"registry.terraform.io/hashicorp/aws\"]",
      "instances": [
        {
          "index_key": 0,
          "schema_version": 0,
          "attributes": {
            "account_id": "547320736290",
            "arn": "arn:aws:iam::547320736290:root",
            "id": "547320736290",
            "user_id": "547320736290"
          },
          "sensitive_attributes": [],
          "identity_schema_version": 0
        }
      ]
    },
    {
      "module": "module.eks_bottlerocket",
      "mode": "data",
      "type": "aws_eks_addon_version",
      "name": "this",
      "provider": "provider[\"registry.terraform.io/hashicorp/aws\"]",
      "instances": [
        {
          "index_key": "coredns",
          "schema_version": 0,
          "attributes": {
            "addon_name": "coredns",
            "id": "coredns",
            "kubernetes_version": "1.33",
            "most_recent": true,
            "region": "eu-north-1",
            "version": "v1.13.2-eksbuild.11"
          },
          "sensitive_attributes": [],
          "identity_schema_version": 0
        },
        {
          "index_key": "eks-pod-identity-agent",
          "schema_version": 0,
          "attributes": {
            "addon_name": "eks-pod-identity-agent",
            "id": "eks-pod-identity-agent",
            "kubernetes_version": "1.33",
            "most_recent": true,
            "region": "eu-north-1",
            "version": "v1.3.10-eksbuild.3"
          },
          "sensitive_attributes": [],
          "identity_schema_version": 0
        },
        {
          "index_key": "kube-proxy",
          "schema_version": 0,
          "attributes": {
            "addon_name": "kube-proxy",
            "id": "kube-proxy",
            "kubernetes_version": "1.33",
            "most_recent": true,
            "region": "eu-north-1",
            "version": "v1.33.10-eksbuild.13"
          },
          "sensitive_attributes": [],
          "identity_schema_version": 0
        },
        {
          "index_key": "vpc-cni",
          "schema_version": 0,
          "attributes": {
            "addon_name": "vpc-cni",
            "id": "vpc-cni",
            "kubernetes_version": "1.33",
            "most_recent": true,
            "region": "eu-north-1",
            "version": "v1.22.2-eksbuild.1"
          },
          "sensitive_attributes": [],
          "identity_schema_version": 0
        }
      ]
    },
    {
      "module": "module.eks_bottlerocket",
      "mode": "data",
      "type": "aws_iam_policy_document",
      "name": "assume_role_policy",
      "provider": "provider[\"registry.terraform.io/hashicorp/aws\"]",
      "instances": [
        {
          "index_key": 0,
          "schema_version": 0,
          "attributes": {
            "id": "2830595799",
            "json": "{\n  \"Version\": \"2012-10-17\",\n  \"Statement\": [\n    {\n      \"Sid\": \"EKSClusterAssumeRole\",\n      \"Effect\": \"Allow\",\n      \"Action\": [\n        \"sts:TagSession\",\n        \"sts:AssumeRole\"\n      ],\n      \"Principal\": {\n        \"Service\": \"eks.amazonaws.com\"\n      }\n    }\n  ]\n}",
            "minified_json": "{\"Version\":\"2012-10-17\",\"Statement\":[{\"Sid\":\"EKSClusterAssumeRole\",\"Effect\":\"Allow\",\"Action\":[\"sts:TagSession\",\"sts:AssumeRole\"],\"Principal\":{\"Service\":\"eks.amazonaws.com\"}}]}",
            "override_json": null,
            "override_policy_documents": null,
            "policy_id": null,
            "source_json": null,
            "source_policy_documents": null,
            "statement": [
              {
                "actions": [
                  "sts:AssumeRole",
                  "sts:TagSession"
                ],
                "condition": [],
                "effect": "Allow",
                "not_actions": [],
                "not_principals": [],
                "not_resources": [],
                "principals": [
                  {
                    "identifiers": [
                      "eks.amazonaws.com"
                    ],
                    "type": "Service"
                  }
                ],
                "resources": [],
                "sid": "EKSClusterAssumeRole"
              }
            ],
            "version": "2012-10-17"
          },
          "sensitive_attributes": [],
          "identity_schema_version": 0
        }
      ]
    },
    {
      "module": "module.eks_bottlerocket",
      "mode": "data",
      "type": "aws_iam_policy_document",
      "name": "cni_ipv6_policy",
      "provider": "provider[\"registry.terraform.io/hashicorp/aws\"]",
      "instances": []
    },
    {
      "module": "module.eks_bottlerocket",
      "mode": "data",
      "type": "aws_iam_policy_document",
      "name": "custom",
      "provider": "provider[\"registry.terraform.io/hashicorp/aws\"]",
      "instances": []
    },
    {
      "module": "module.eks_bottlerocket",
      "mode": "data",
      "type": "aws_iam_policy_document",
      "name": "node_assume_role_policy",
      "provider": "provider[\"registry.terraform.io/hashicorp/aws\"]",
      "instances": []
    },
    {
      "module": "module.eks_bottlerocket",
      "mode": "data",
      "type": "aws_iam_session_context",
      "name": "current",
      "provider": "provider[\"registry.terraform.io/hashicorp/aws\"]",
      "instances": [
        {
          "index_key": 0,
          "schema_version": 0,
          "attributes": {
            "arn": "arn:aws:iam::547320736290:root",
            "id": "arn:aws:iam::547320736290:root",
            "issuer_arn": "arn:aws:iam::547320736290:root",
            "issuer_id": "",
            "issuer_name": "",
            "session_name": ""
          },
          "sensitive_attributes": [],
          "identity_schema_version": 0
        }
      ]
    },
    {
      "module": "module.eks_bottlerocket",
      "mode": "data",
      "type": "aws_partition",
      "name": "current",
      "provider": "provider[\"registry.terraform.io/hashicorp/aws\"]",
      "instances": [
        {
          "index_key": 0,
          "schema_version": 0,
          "attributes": {
            "dns_suffix": "amazonaws.com",
            "id": "aws",
            "partition": "aws",
            "reverse_dns_prefix": "com.amazonaws"
          },
          "sensitive_attributes": [],
          "identity_schema_version": 0
        }
      ]
    },
    {
      "module": "module.eks_bottlerocket",
      "mode": "data",
      "type": "tls_certificate",
      "name": "this",
      "provider": "provider[\"registry.terraform.io/hashicorp/tls\"]",
      "instances": [
        {
          "index_key": 0,
          "schema_version": 0,
          "attributes": {
            "certificates": [
              {
                "cert_pem": "-----BEGIN CERTIFICATE-----\nMIIEkjCCA3qgAwIBAgITBn+USionzfP6wq4rAfkI7rnExjANBgkqhkiG9w0BAQsF\nADCBmDELMAkGA1UEBhMCVVMxEDAOBgNVBAgTB0FyaXpvbmExEzARBgNVBAcTClNj\nb3R0c2RhbGUxJTAjBgNVBAoTHFN0YXJmaWVsZCBUZWNobm9sb2dpZXMsIEluYy4x\nOzA5BgNVBAMTMlN0YXJmaWVsZCBTZXJ2aWNlcyBSb290IENlcnRpZmljYXRlIEF1\ndGhvcml0eSAtIEcyMB4XDTE1MDUyNTEyMDAwMFoXDTM3MTIzMTAxMDAwMFowOTEL\nMAkGA1UEBhMCVVMxDzANBgNVBAoTBkFtYXpvbjEZMBcGA1UEAxMQQW1hem9uIFJv\nb3QgQ0EgMTCCASIwDQYJKoZIhvcNAQEBBQADggEPADCCAQoCggEBALJ4gHHKeNXj\nca9HgFB0fW7Y14h29Jlo91ghYPl0hAEvrAIthtOgQ3pOsqTQNroBvo3bSMgHFzZM\n9O6II8c+6zf1tRn4SWiw3te5djgdYZ6k/oI2peVKVuRF4fn9tBb6dNqcmzU5L/qw\nIFAGbHrQgLKm+a/sRxmPUDgH3KKHOVj4utWp+UhnMJbulHheb4mjUcAwhmahRWa6\nVOujw5H5SNz/0egwLX0tdHA114gk957EWW67c4cX8jJGKLhD+rcdqsq08p8kDi1L\n93FcXmn/6pUCyziKrlA4b9v7LWIbxcceVOF34GfID5yHI9Y/QCB/IIDEgEw+OyQm\njgSubJrIqg0CAwEAAaOCATEwggEtMA8GA1UdEwEB/wQFMAMBAf8wDgYDVR0PAQH/\nBAQDAgGGMB0GA1UdDgQWBBSEGMyFNOy8DJSULghZnMeyEE4KCDAfBgNVHSMEGDAW\ngBScXwDfqgHXMCs4iKK4bUqc8hGRgzB4BggrBgEFBQcBAQRsMGowLgYIKwYBBQUH\nMAGGImh0dHA6Ly9vY3NwLnJvb3RnMi5hbWF6b250cnVzdC5jb20wOAYIKwYBBQUH\nMAKGLGh0dHA6Ly9jcnQucm9vdGcyLmFtYXpvbnRydXN0LmNvbS9yb290ZzIuY2Vy\nMD0GA1UdHwQ2MDQwMqAwoC6GLGh0dHA6Ly9jcmwucm9vdGcyLmFtYXpvbnRydXN0\nLmNvbS9yb290ZzIuY3JsMBEGA1UdIAQKMAgwBgYEVR0gADANBgkqhkiG9w0BAQsF\nAAOCAQEAYjdCXLwQtT6LLOkMm2xF4gcAevnFWAu5CIw+7bMlPLVvUOTNNWqnkzSW\nMiGpSESrnO09tKpzbeR/FoCJbM8oAxiDR3mjEH4wW6w7sGDgd9QIpuEdfF7Au/ma\neyKdpwAJfqxGF4PcnCZXmTA5YpaP7dreqsXMGz7KQ2hsVxa81Q4gLv7/wmpdLqBK\nbRRYh5TmOTFffHPLkIhqhBGWJ6bt2YFGpn6jcgAKUj6DiAdjd4lpFw85hdKrCEVN\n0FE6/V1dN2RMfjCyVSRCnTawXZwXgWHxyvkQAiSr6w10kY17RSlQOYiypok1JR4U\nakcjMS9cmvqtmg5iUaQqqcT5NJ0hGA==\n-----END CERTIFICATE-----\n",
                "is_ca": true,
                "issuer": "CN=Starfield Services Root Certificate Authority - G2,O=Starfield Technologies\\, Inc.,L=Scottsdale,ST=Arizona,C=US",
                "max_path_length": -1,
                "not_after": "2037-12-31T01:00:00Z",
                "not_before": "2015-05-25T12:00:00Z",
                "public_key_algorithm": "RSA",
                "serial_number": "144918191876577076464031512351042010504348870",
                "sha1_fingerprint": "06b25927c42a721631c1efd9431e648fa62e1e39",
                "signature_algorithm": "SHA256-RSA",
                "subject": "CN=Amazon Root CA 1,O=Amazon,C=US",
                "version": 3
              },
              {
                "cert_pem": "-----BEGIN CERTIFICATE-----\nMIIEXjCCA0agAwIBAgITB3MSTyqVLj7Rili9uF0bwM5fJzANBgkqhkiG9w0BAQsF\nADA5MQswCQYDVQQGEwJVUzEPMA0GA1UEChMGQW1hem9uMRkwFwYDVQQDExBBbWF6\nb24gUm9vdCBDQSAxMB4XDTIyMDgyMzIyMjYzNVoXDTMwMDgyMzIyMjYzNVowPDEL\nMAkGA1UEBhMCVVMxDzANBgNVBAoTBkFtYXpvbjEcMBoGA1UEAxMTQW1hem9uIFJT\nQSAyMDQ4IE0wNDCCASIwDQYJKoZIhvcNAQEBBQADggEPADCCAQoCggEBAM3pVR6A\nlQOp4xe776FdePXyejgA38mYx1ou9/jrpV6Sfn+/oqBKgwhY6ePsQHHQayWBJdBn\nv4Wz363qRI4XUh9swBFJ11TnZ3LqOMvHmWq2+loA0QPtOfXdJ2fHBLrBrngtJ/GB\n0p5olAVYrSZgvQGP16Rf8ddtNyxEEhYm3HuhmNi+vSeAq1tLYJPAvRCXonTpWdSD\nxY6hvdmxlqTYi82AtBXSfpGQ58HHM0hw0C6aQakghrwWi5fGslLOqzpimNMIsT7c\nqa0GJx6JfKqJqmQQNplO2h8n9ZsFJgBowof01ppdoLAWg6caMOM0om/VILKaa30F\n9W/r8Qjah7ltGVkCAwEAAaOCAVowggFWMBIGA1UdEwEB/wQIMAYBAf8CAQAwDgYD\nVR0PAQH/BAQDAgGGMB0GA1UdJQQWMBQGCCsGAQUFBwMBBggrBgEFBQcDAjAdBgNV\nHQ4EFgQUH1KSYVaCVH+BZtgdPQqqMlyH3QgwHwYDVR0jBBgwFoAUhBjMhTTsvAyU\nlC4IWZzHshBOCggwewYIKwYBBQUHAQEEbzBtMC8GCCsGAQUFBzABhiNodHRwOi8v\nb2NzcC5yb290Y2ExLmFtYXpvbnRydXN0LmNvbTA6BggrBgEFBQcwAoYuaHR0cDov\nL2NydC5yb290Y2ExLmFtYXpvbnRydXN0LmNvbS9yb290Y2ExLmNlcjA/BgNVHR8E\nODA2MDSgMqAwhi5odHRwOi8vY3JsLnJvb3RjYTEuYW1hem9udHJ1c3QuY29tL3Jv\nb3RjYTEuY3JsMBMGA1UdIAQMMAowCAYGZ4EMAQIBMA0GCSqGSIb3DQEBCwUAA4IB\nAQA+1O5UsAaNuW3lHzJtpNGwBnZd9QEYFtxpiAnIaV4qApnGS9OCw5ZPwie7YSlD\nZF5yyFPsFhUC2Q9uJHY/CRV1b5hIiGH0+6+w5PgKiY1MWuWT8VAaJjFxvuhM7a/e\nfN2TIw1Wd6WCl6YRisunjQOrSP+unqC8A540JNyZ1JOE3jVqat3OZBGgMvihdj2w\nY23EpwesrKiQzkHzmvSH67PVW4ycbPy08HVZnBxZ5NrlGG9bwXR3fNTaz+c+Ej6c\n5AnwI3qkOFgSkg3Y75cdFz6pO/olK+e3AqygAcv0WjzmkDPuBjssuZjCHMC56oH3\nGJkV29Di2j5prHJbwZjG1inU\n-----END CERTIFICATE-----\n",
                "is_ca": true,
                "issuer": "CN=Amazon Root CA 1,O=Amazon,C=US",
                "max_path_length": 0,
                "not_after": "2030-08-23T22:26:35Z",
                "not_before": "2022-08-23T22:26:35Z",
                "public_key_algorithm": "RSA",
                "serial_number": "166129359584585245282080020727744908546170663",
                "sha1_fingerprint": "e7b8b5a6743ce1b2f17b041de59558a41472d70c",
                "signature_algorithm": "SHA256-RSA",
                "subject": "CN=Amazon RSA 2048 M04,O=Amazon,C=US",
                "version": 3
              },
              {
                "cert_pem": "-----BEGIN CERTIFICATE-----\nMIIF3zCCBMegAwIBAgIQCpbj2J8VhKbRJFwSTTXM1jANBgkqhkiG9w0BAQsFADA8\nMQswCQYDVQQGEwJVUzEPMA0GA1UEChMGQW1hem9uMRwwGgYDVQQDExNBbWF6b24g\nUlNBIDIwNDggTTA0MB4XDTI2MDEyNzAwMDAwMFoXDTI3MDIyNTIzNTk1OVowKTEn\nMCUGA1UEAwweKi5la3MuZXUtbm9ydGgtMS5hbWF6b25hd3MuY29tMIIBIjANBgkq\nhkiG9w0BAQEFAAOCAQ8AMIIBCgKCAQEAy3y44z8Y9dRQz65M3p9q+8p7yejj8fd7\n6RAiCvjCXx0dD3khtuw2EKPo7qoMjIjC+jkPiXREJx0n2AAQW8iHWKJI72Sb8+fk\n/1AVoNEb4wPNfegSOOf6X2vdT1mnyYwGjVa8nnzJ0YnNBpIuFMex6sQNjqopyzfV\nAZqElc2L9Br+zPjnK/s1IF210FJW7gzUaCh03oZ7hkHbHQNcGfeH3O3vp/F0ZFcx\nH4GltCTSnA1OWBGEHqxoupOPToWhpD30aUJZmER65/63f9o2WHkYX+1bXzqHHxHE\ntYY2Vz2LDJjgiucXEsEQvB5Y8j17XUHczV8I2uDoFdvtzTIl4eILFwIDAQABo4IC\n7jCCAuowHwYDVR0jBBgwFoAUH1KSYVaCVH+BZtgdPQqqMlyH3QgwHQYDVR0OBBYE\nFHWxF2nw4cPIFD93xcUJDHwFeLCHMCkGA1UdEQQiMCCCHiouZWtzLmV1LW5vcnRo\nLTEuYW1hem9uYXdzLmNvbTATBgNVHSAEDDAKMAgGBmeBDAECATAOBgNVHQ8BAf8E\nBAMCBaAwEwYDVR0lBAwwCgYIKwYBBQUHAwEwOwYDVR0fBDQwMjAwoC6gLIYqaHR0\ncDovL2NybC5yMm0wNC5hbWF6b250cnVzdC5jb20vcjJtMDQuY3JsMHUGCCsGAQUF\nBwEBBGkwZzAtBggrBgEFBQcwAYYhaHR0cDovL29jc3AucjJtMDQuYW1hem9udHJ1\nc3QuY29tMDYGCCsGAQUFBzAChipodHRwOi8vY3J0LnIybTA0LmFtYXpvbnRydXN0\nLmNvbS9yMm0wNC5jZXIwDAYDVR0TAQH/BAIwADCCAX8GCisGAQQB1nkCBAIEggFv\nBIIBawFpAHYATGPcmOWcHauI9h6KPd6uj6tEozd7X5uUw/uhnPzBviYAAAGb/NFV\nSwAABAMARzBFAiEApleQlJNIaJbvl3xBCYDFgfNmgdLjGhnyNV3zbq1QUlYCIDt5\nP3GJZLjBVlQVMOwq9EI9JHGbcX4g9hGp3/L2RXPQAHYAHJ9oLOn68EVpUPgbloqH\n3dsyENhM5siy44JSSsTPWZ8AAAGb/NFVeQAABAMARzBFAiEAuIuQLn2PkNAumNky\njp9bpJb1pd2QxBxIc6SnYRuA7z8CIHCRonE23PxdHFsAYMlG2i3UIIE6nSGTyuKh\nssrfjng6AHcAYEyar3p/d18B1Ab8kg3ImesLHH34yVIb+voXdzuXi8kAAAGb/NFW\nHwAABAMASDBGAiEAmB5ktGnrA+mh18PG3X8JHC+yvrXlKZ5Pe0V5eORYeVQCIQDG\nE7xQMQowwapddREU6JC5KFCcIZ8F1eCQk7TKGeu68zANBgkqhkiG9w0BAQsFAAOC\nAQEAbTQaVqsg6qPAXLYz71H9pYsfC2ZKLUm14cqS+Qv3mqdjglcoIDUKIdP1cGYV\niWnFAfGWDGYf8TYsPRXHN5b41X4A1b7OqE1GAr1bgfNWhEQ9bhBVj+4z4jn37y5Q\n9HWDovgPiYj7fHSwEwW0uucUo2TLdKw+eyuytfL/xwTq8scv0JIy1Sop7xccb1i5\n6vsweN18SsBc5/8PoVhAAmefVqWgE6/0vreDjXdbiVAQVkm3tPQdSULROecmh9H2\n9OQgCeF2o1eA0TsJfbY7PSGetUkN/BuJ3wpvboHMr7FcgcjNoKQQnD6nhksvn/x6\n9PB6RmEQDuPz3YlHYtvHXG+eqw==\n-----END CERTIFICATE-----\n",
                "is_ca": false,
                "issuer": "CN=Amazon RSA 2048 M04,O=Amazon,C=US",
                "max_path_length": -1,
                "not_after": "2027-02-25T23:59:59Z",
                "not_before": "2026-01-27T00:00:00Z",
                "public_key_algorithm": "RSA",
                "serial_number": "14075745756126645317012100939347512534",
                "sha1_fingerprint": "5fe6b8be716e56db533d1ac20468e0d14ae327ca",
                "signature_algorithm": "SHA256-RSA",
                "subject": "CN=*.eks.eu-north-1.amazonaws.com",
                "version": 3
              }
            ],
            "content": null,
            "id": "9b06bc7e040baa7fdd2fc7a6ad1e04977a689b29",
            "url": "https://oidc.eks.eu-north-1.amazonaws.com/id/6071ACB1DD40D0843B23E7C226C370FE",
            "verify_chain": true
          },
          "sensitive_attributes": [],
          "identity_schema_version": 0
        }
      ]
    },
    {
      "module": "module.eks_bottlerocket",
      "mode": "managed",
      "type": "aws_cloudwatch_log_group",
      "name": "this",
      "provider": "provider[\"registry.terraform.io/hashicorp/aws\"]",
      "instances": [
        {
          "index_key": 0,
          "schema_version": 0,
          "attributes": {
            "arn": "arn:aws:logs:eu-north-1:547320736290:log-group:/aws/eks/ex-self-mng-bottlerocket/cluster",
            "deletion_protection_enabled": false,
            "id": "/aws/eks/ex-self-mng-bottlerocket/cluster",
            "kms_key_id": "",
            "log_group_class": "STANDARD",
            "name": "/aws/eks/ex-self-mng-bottlerocket/cluster",
            "name_prefix": "",
            "region": "eu-north-1",
            "retention_in_days": 90,
            "skip_destroy": false,
            "tags": {
              "Example": "ex-self-mng",
              "GithubOrg": "terraform-aws-modules",
              "GithubRepo": "terraform-aws-eks",
              "Name": "/aws/eks/ex-self-mng-bottlerocket/cluster"
            },
            "tags_all": {
              "Example": "ex-self-mng",
              "GithubOrg": "terraform-aws-modules",
              "GithubRepo": "terraform-aws-eks",
              "Name": "/aws/eks/ex-self-mng-bottlerocket/cluster"
            }
          },
          "sensitive_attributes": [],
          "identity_schema_version": 0,
          "identity": {
            "account_id": "547320736290",
            "name": "/aws/eks/ex-self-mng-bottlerocket/cluster",
            "region": "eu-north-1"
          },
          "private": "bnVsbA==",
          "create_before_destroy": true
        }
      ]
    },
    {
      "module": "module.eks_bottlerocket",
      "mode": "managed",
      "type": "aws_ec2_tag",
      "name": "cluster_primary_security_group",
      "provider": "provider[\"registry.terraform.io/hashicorp/aws\"]",
      "instances": [
        {
          "index_key": "Example",
          "schema_version": 0,
          "attributes": {
            "id": "sg-0ab110fd0a6161c1a,Example",
            "key": "Example",
            "region": "eu-north-1",
            "resource_id": "sg-0ab110fd0a6161c1a",
            "value": "ex-self-mng"
          },
          "sensitive_attributes": [],
          "identity_schema_version": 0,
          "private": "bnVsbA==",
          "dependencies": [
            "data.aws_availability_zones.available",
            "module.eks_bottlerocket.aws_cloudwatch_log_group.this",
            "module.eks_bottlerocket.aws_eks_cluster.this",
            "module.eks_bottlerocket.aws_iam_policy.cni_ipv6_policy",
            "module.eks_bottlerocket.aws_iam_role.eks_auto",
            "module.eks_bottlerocket.aws_iam_role.this",
            "module.eks_bottlerocket.aws_iam_role_policy_attachment.this",
            "module.eks_bottlerocket.aws_security_group.cluster",
            "module.eks_bottlerocket.aws_security_group.node",
            "module.eks_bottlerocket.aws_security_group_rule.cluster",
            "module.eks_bottlerocket.aws_security_group_rule.node",
            "module.eks_bottlerocket.data.aws_caller_identity.current",
            "module.eks_bottlerocket.data.aws_iam_policy_document.assume_role_policy",
            "module.eks_bottlerocket.data.aws_iam_policy_document.cni_ipv6_policy",
            "module.eks_bottlerocket.data.aws_iam_policy_document.node_assume_role_policy",
            "module.eks_bottlerocket.data.aws_iam_session_context.current",
            "module.eks_bottlerocket.data.aws_partition.current",
            "module.eks_bottlerocket.module.kms.aws_kms_external_key.this",
            "module.eks_bottlerocket.module.kms.aws_kms_key.this",
            "module.eks_bottlerocket.module.kms.aws_kms_replica_external_key.this",
            "module.eks_bottlerocket.module.kms.aws_kms_replica_key.this",
            "module.eks_bottlerocket.module.kms.data.aws_caller_identity.current",
            "module.eks_bottlerocket.module.kms.data.aws_iam_policy_document.this",
            "module.eks_bottlerocket.module.kms.data.aws_partition.current",
            "module.vpc.aws_subnet.private",
            "module.vpc.aws_vpc.this",
            "module.vpc.aws_vpc_ipv4_cidr_block_association.this"
          ]
        },
        {
          "index_key": "GithubOrg",
          "schema_version": 0,
          "attributes": {
            "id": "sg-0ab110fd0a6161c1a,GithubOrg",
            "key": "GithubOrg",
            "region": "eu-north-1",
            "resource_id": "sg-0ab110fd0a6161c1a",
            "value": "terraform-aws-modules"
          },
          "sensitive_attributes": [],
          "identity_schema_version": 0,
          "private": "bnVsbA==",
          "dependencies": [
            "data.aws_availability_zones.available",
            "module.eks_bottlerocket.aws_cloudwatch_log_group.this",
            "module.eks_bottlerocket.aws_eks_cluster.this",
            "module.eks_bottlerocket.aws_iam_policy.cni_ipv6_policy",
            "module.eks_bottlerocket.aws_iam_role.eks_auto",
            "module.eks_bottlerocket.aws_iam_role.this",
            "module.eks_bottlerocket.aws_iam_role_policy_attachment.this",
            "module.eks_bottlerocket.aws_security_group.cluster",
            "module.eks_bottlerocket.aws_security_group.node",
            "module.eks_bottlerocket.aws_security_group_rule.cluster",
            "module.eks_bottlerocket.aws_security_group_rule.node",
            "module.eks_bottlerocket.data.aws_caller_identity.current",
            "module.eks_bottlerocket.data.aws_iam_policy_document.assume_role_policy",
            "module.eks_bottlerocket.data.aws_iam_policy_document.cni_ipv6_policy",
            "module.eks_bottlerocket.data.aws_iam_policy_document.node_assume_role_policy",
            "module.eks_bottlerocket.data.aws_iam_session_context.current",
            "module.eks_bottlerocket.data.aws_partition.current",
            "module.eks_bottlerocket.module.kms.aws_kms_external_key.this",
            "module.eks_bottlerocket.module.kms.aws_kms_key.this",
            "module.eks_bottlerocket.module.kms.aws_kms_replica_external_key.this",
            "module.eks_bottlerocket.module.kms.aws_kms_replica_key.this",
            "module.eks_bottlerocket.module.kms.data.aws_caller_identity.current",
            "module.eks_bottlerocket.module.kms.data.aws_iam_policy_document.this",
            "module.eks_bottlerocket.module.kms.data.aws_partition.current",
            "module.vpc.aws_subnet.private",
            "module.vpc.aws_vpc.this",
            "module.vpc.aws_vpc_ipv4_cidr_block_association.this"
          ]
        },
        {
          "index_key": "GithubRepo",
          "schema_version": 0,
          "attributes": {
            "id": "sg-0ab110fd0a6161c1a,GithubRepo",
            "key": "GithubRepo",
            "region": "eu-north-1",
            "resource_id": "sg-0ab110fd0a6161c1a",
            "value": "terraform-aws-eks"
          },
          "sensitive_attributes": [],
          "identity_schema_version": 0,
          "private": "bnVsbA==",
          "dependencies": [
            "data.aws_availability_zones.available",
            "module.eks_bottlerocket.aws_cloudwatch_log_group.this",
            "module.eks_bottlerocket.aws_eks_cluster.this",
            "module.eks_bottlerocket.aws_iam_policy.cni_ipv6_policy",
            "module.eks_bottlerocket.aws_iam_role.eks_auto",
            "module.eks_bottlerocket.aws_iam_role.this",
            "module.eks_bottlerocket.aws_iam_role_policy_attachment.this",
            "module.eks_bottlerocket.aws_security_group.cluster",
            "module.eks_bottlerocket.aws_security_group.node",
            "module.eks_bottlerocket.aws_security_group_rule.cluster",
            "module.eks_bottlerocket.aws_security_group_rule.node",
            "module.eks_bottlerocket.data.aws_caller_identity.current",
            "module.eks_bottlerocket.data.aws_iam_policy_document.assume_role_policy",
            "module.eks_bottlerocket.data.aws_iam_policy_document.cni_ipv6_policy",
            "module.eks_bottlerocket.data.aws_iam_policy_document.node_assume_role_policy",
            "module.eks_bottlerocket.data.aws_iam_session_context.current",
            "module.eks_bottlerocket.data.aws_partition.current",
            "module.eks_bottlerocket.module.kms.aws_kms_external_key.this",
            "module.eks_bottlerocket.module.kms.aws_kms_key.this",
            "module.eks_bottlerocket.module.kms.aws_kms_replica_external_key.this",
            "module.eks_bottlerocket.module.kms.aws_kms_replica_key.this",
            "module.eks_bottlerocket.module.kms.data.aws_caller_identity.current",
            "module.eks_bottlerocket.module.kms.data.aws_iam_policy_document.this",
            "module.eks_bottlerocket.module.kms.data.aws_partition.current",
            "module.vpc.aws_subnet.private",
            "module.vpc.aws_vpc.this",
            "module.vpc.aws_vpc_ipv4_cidr_block_association.this"
          ]
        }
      ]
    },
    {
      "module": "module.eks_bottlerocket",
      "mode": "managed",
      "type": "aws_eks_access_entry",
      "name": "this",
      "provider": "provider[\"registry.terraform.io/hashicorp/aws\"]",
      "instances": []
    },
    {
      "module": "module.eks_bottlerocket",
      "mode": "managed",
      "type": "aws_eks_access_policy_association",
      "name": "this",
      "provider": "provider[\"registry.terraform.io/hashicorp/aws\"]",
      "instances": []
    },
    {
      "module": "module.eks_bottlerocket",
      "mode": "managed",
      "type": "aws_eks_addon",
      "name": "before_compute",
      "provider": "provider[\"registry.terraform.io/hashicorp/aws\"]",
      "instances": [
        {
          "index_key": "eks-pod-identity-agent",
          "schema_version": 0,
          "attributes": {
            "addon_name": "eks-pod-identity-agent",
            "addon_version": "v1.3.10-eksbuild.3",
            "arn": "arn:aws:eks:eu-north-1:547320736290:addon/ex-self-mng-bottlerocket/eks-pod-identity-agent/3ccf8787-10a6-ec7e-e0a4-a207231a697f",
            "cluster_name": "ex-self-mng-bottlerocket",
            "configuration_values": "",
            "created_at": "2026-06-28T16:26:52Z",
            "id": "ex-self-mng-bottlerocket:eks-pod-identity-agent",
            "modified_at": "2026-06-28T16:27:08Z",
            "namespace_config": [
              {
                "namespace": "kube-system"
              }
            ],
            "pod_identity_association": [],
            "preserve": true,
            "region": "eu-north-1",
            "resolve_conflicts_on_create": "NONE",
            "resolve_conflicts_on_update": "OVERWRITE",
            "service_account_role_arn": "",
            "tags": {
              "Example": "ex-self-mng",
              "GithubOrg": "terraform-aws-modules",
              "GithubRepo": "terraform-aws-eks"
            },
            "tags_all": {
              "Example": "ex-self-mng",
              "GithubOrg": "terraform-aws-modules",
              "GithubRepo": "terraform-aws-eks"
            },
            "timeouts": {
              "create": null,
              "delete": null,
              "update": null
            }
          },
          "sensitive_attributes": [],
          "identity_schema_version": 0,
          "identity": {
            "account_id": "547320736290",
            "addon_name": "eks-pod-identity-agent",
            "cluster_name": "ex-self-mng-bottlerocket",
            "region": "eu-north-1"
          },
          "private": "eyJlMmJmYjczMC1lY2FhLTExZTYtOGY4OC0zNDM2M2JjN2M0YzAiOnsiY3JlYXRlIjoxMjAwMDAwMDAwMDAwLCJkZWxldGUiOjI0MDAwMDAwMDAwMDAsInVwZGF0ZSI6MTIwMDAwMDAwMDAwMH19",
          "dependencies": [
            "data.aws_availability_zones.available",
            "module.eks_bottlerocket.aws_cloudwatch_log_group.this",
            "module.eks_bottlerocket.aws_eks_cluster.this",
            "module.eks_bottlerocket.aws_iam_policy.cni_ipv6_policy",
            "module.eks_bottlerocket.aws_iam_role.eks_auto",
            "module.eks_bottlerocket.aws_iam_role.this",
            "module.eks_bottlerocket.aws_iam_role_policy_attachment.this",
            "module.eks_bottlerocket.aws_security_group.cluster",
            "module.eks_bottlerocket.aws_security_group.node",
            "module.eks_bottlerocket.aws_security_group_rule.cluster",
            "module.eks_bottlerocket.aws_security_group_rule.node",
            "module.eks_bottlerocket.data.aws_caller_identity.current",
            "module.eks_bottlerocket.data.aws_eks_addon_version.this",
            "module.eks_bottlerocket.data.aws_iam_policy_document.assume_role_policy",
            "module.eks_bottlerocket.data.aws_iam_policy_document.cni_ipv6_policy",
            "module.eks_bottlerocket.data.aws_iam_policy_document.node_assume_role_policy",
            "module.eks_bottlerocket.data.aws_iam_session_context.current",
            "module.eks_bottlerocket.data.aws_partition.current",
            "module.eks_bottlerocket.module.kms.aws_kms_external_key.this",
            "module.eks_bottlerocket.module.kms.aws_kms_key.this",
            "module.eks_bottlerocket.module.kms.aws_kms_replica_external_key.this",
            "module.eks_bottlerocket.module.kms.aws_kms_replica_key.this",
            "module.eks_bottlerocket.module.kms.data.aws_caller_identity.current",
            "module.eks_bottlerocket.module.kms.data.aws_iam_policy_document.this",
            "module.eks_bottlerocket.module.kms.data.aws_partition.current",
            "module.vpc.aws_subnet.private",
            "module.vpc.aws_vpc.this",
            "module.vpc.aws_vpc_ipv4_cidr_block_association.this"
          ]
        },
        {
          "index_key": "vpc-cni",
          "schema_version": 0,
          "attributes": {
            "addon_name": "vpc-cni",
            "addon_version": "v1.22.2-eksbuild.1",
            "arn": "arn:aws:eks:eu-north-1:547320736290:addon/ex-self-mng-bottlerocket/vpc-cni/7ecf8787-1087-ba82-3db0-e44265190523",
            "cluster_name": "ex-self-mng-bottlerocket",
            "configuration_values": "",
            "created_at": "2026-06-28T16:26:52Z",
            "id": "ex-self-mng-bottlerocket:vpc-cni",
            "modified_at": "2026-06-28T16:27:00Z",
            "namespace_config": [
              {
                "namespace": "kube-system"
              }
            ],
            "pod_identity_association": [],
            "preserve": true,
            "region": "eu-north-1",
            "resolve_conflicts_on_create": "NONE",
            "resolve_conflicts_on_update": "OVERWRITE",
            "service_account_role_arn": "",
            "tags": {
              "Example": "ex-self-mng",
              "GithubOrg": "terraform-aws-modules",
              "GithubRepo": "terraform-aws-eks"
            },
            "tags_all": {
              "Example": "ex-self-mng",
              "GithubOrg": "terraform-aws-modules",
              "GithubRepo": "terraform-aws-eks"
            },
            "timeouts": {
              "create": null,
              "delete": null,
              "update": null
            }
          },
          "sensitive_attributes": [],
          "identity_schema_version": 0,
          "identity": {
            "account_id": "547320736290",
            "addon_name": "vpc-cni",
            "cluster_name": "ex-self-mng-bottlerocket",
            "region": "eu-north-1"
          },
          "private": "eyJlMmJmYjczMC1lY2FhLTExZTYtOGY4OC0zNDM2M2JjN2M0YzAiOnsiY3JlYXRlIjoxMjAwMDAwMDAwMDAwLCJkZWxldGUiOjI0MDAwMDAwMDAwMDAsInVwZGF0ZSI6MTIwMDAwMDAwMDAwMH19",
          "dependencies": [
            "data.aws_availability_zones.available",
            "module.eks_bottlerocket.aws_cloudwatch_log_group.this",
            "module.eks_bottlerocket.aws_eks_cluster.this",
            "module.eks_bottlerocket.aws_iam_policy.cni_ipv6_policy",
            "module.eks_bottlerocket.aws_iam_role.eks_auto",
            "module.eks_bottlerocket.aws_iam_role.this",
            "module.eks_bottlerocket.aws_iam_role_policy_attachment.this",
            "module.eks_bottlerocket.aws_security_group.cluster",
            "module.eks_bottlerocket.aws_security_group.node",
            "module.eks_bottlerocket.aws_security_group_rule.cluster",
            "module.eks_bottlerocket.aws_security_group_rule.node",
            "module.eks_bottlerocket.data.aws_caller_identity.current",
            "module.eks_bottlerocket.data.aws_eks_addon_version.this",
            "module.eks_bottlerocket.data.aws_iam_policy_document.assume_role_policy",
            "module.eks_bottlerocket.data.aws_iam_policy_document.cni_ipv6_policy",
            "module.eks_bottlerocket.data.aws_iam_policy_document.node_assume_role_policy",
            "module.eks_bottlerocket.data.aws_iam_session_context.current",
            "module.eks_bottlerocket.data.aws_partition.current",
            "module.eks_bottlerocket.module.kms.aws_kms_external_key.this",
            "module.eks_bottlerocket.module.kms.aws_kms_key.this",
            "module.eks_bottlerocket.module.kms.aws_kms_replica_external_key.this",
            "module.eks_bottlerocket.module.kms.aws_kms_replica_key.this",
            "module.eks_bottlerocket.module.kms.data.aws_caller_identity.current",
            "module.eks_bottlerocket.module.kms.data.aws_iam_policy_document.this",
            "module.eks_bottlerocket.module.kms.data.aws_partition.current",
            "module.vpc.aws_subnet.private",
            "module.vpc.aws_vpc.this",
            "module.vpc.aws_vpc_ipv4_cidr_block_association.this"
          ]
        }
      ]
    },
    {
      "module": "module.eks_bottlerocket",
      "mode": "managed",
      "type": "aws_eks_cluster",
      "name": "this",
      "provider": "provider[\"registry.terraform.io/hashicorp/aws\"]",
      "instances": [
        {
          "index_key": 0,
          "schema_version": 1,
          "attributes": {
            "access_config": [
              {
                "authentication_mode": "API_AND_CONFIG_MAP",
                "bootstrap_cluster_creator_admin_permissions": false
              }
            ],
            "arn": "arn:aws:eks:eu-north-1:547320736290:cluster/ex-self-mng-bottlerocket",
            "bootstrap_self_managed_addons": false,
            "certificate_authority": [
              {
                "data": "LS0tLS1CRUdJTiBDRVJUSUZJQ0FURS0tLS0tCk1JSURCVENDQWUyZ0F3SUJBZ0lJZmlBL2doWURTbDR3RFFZSktvWklodmNOQVFFTEJRQXdGVEVUTUJFR0ExVUUKQXhNS2EzVmlaWEp1WlhSbGN6QWVGdzB5TmpBMk1qZ3hOakUzTlRSYUZ3MHpOakEyTWpVeE5qSXlOVFJhTUJVeApFekFSQmdOVkJBTVRDbXQxWW1WeWJtVjBaWE13Z2dFaU1BMEdDU3FHU0liM0RRRUJBUVVBQTRJQkR3QXdnZ0VLCkFvSUJBUUNoZk5kR2ptZmFGR0h4VkYxRlBxaitJM0IwcjZrK0R4bnQ3cmIrQ3FIN1M2NERaMkJSR3oyME5kSWIKOFNpMVJ1dHQvdW83VmNlYTlNaGl5cTZtb3N5TTk4d2xzRjE2QUtjMkRhNjRQR3ZCWU95ekswUTNBYVphTi8vRgpHS1FiZTlxTmo0R2dJSjVEdGtRdzFtcmNLUURjdnhQdm5YbjNTVWZDRWlWZENDRnpVWDVmYUVJYjU4THdpVmJTClVYMHgvTWV4TUNLNnVCc3o1M2NneUE0Q0srUHNjSk5HVWh2b0M0a3VpSks1eU5uOUpqcVp6Y0xqc28zOGZyTVoKMjFKSjNPR0dqa1YxSzI3Y0IzcUtRM0hLTUxvNUEzYzZKQzRCOVBnMTNhMUYyeDQ3VXBQUTJzaWl3UEx4T0QyQwozL0pBeEhLbWcxeU5uVVE5T2Q2UjZVbVJqaXgvQWdNQkFBR2pXVEJYTUE0R0ExVWREd0VCL3dRRUF3SUNwREFQCkJnTlZIUk1CQWY4RUJUQURBUUgvTUIwR0ExVWREZ1FXQkJRSldDYWNWbGhYd29qWUVGYzVYZGVScFdkOTR6QVYKQmdOVkhSRUVEakFNZ2dwcmRXSmxjbTVsZEdWek1BMEdDU3FHU0liM0RRRUJDd1VBQTRJQkFRQ1ZkYkh1MTZSWgo0Wm5TWkNUN3FNcXhpcGc5bVFUQW9BMG5LQjlQY2JDRFdFZ1Fxb1JiazZXWjl3SnYrVVFWbjVIYWI1azE5RGdhCjBWeTFNRnBJZEJtZXYySFZhMzlLT2NBUitaSFdJM3MrSUZrNDBJZTdhdWM1c21ZTUtUWDhjeTJ0ZERGN201KzQKYi93VWJqMCtkQTB2TkhnODJHRFpoU2EzejlOZnRhT0I2cjJnYmxJN0JreWlreWQ3R0JldUlWcXAvckY3SlUyYQpqVVlwMnNoYlIrMEllOE5mMzFYckduTEsvc054RWJKVHlQSU84empuVzB5OVIzMjdSOFlLVVU2QWFGRkNqWlNMCnBhY1BZRGtuem50bWR4VFBZazBWNkVHOERNZE5nMXY4M0tobXFaaFFvYlNoeVJOTUdadlpKcEZFZFd3K09oT20KaGdyNnRkWjZEREJmCi0tLS0tRU5EIENFUlRJRklDQVRFLS0tLS0K"
              }
            ],
            "cluster_id": null,
            "compute_config": [
              {
                "enabled": false,
                "node_pools": [],
                "node_role_arn": ""
              }
            ],
            "control_plane_scaling_config": [
              {
                "tier": "standard"
              }
            ],
            "created_at": "2026-06-28T16:19:02Z",
            "deletion_protection": false,
            "enabled_cluster_log_types": [
              "api",
              "audit",
              "authenticator"
            ],
            "encryption_config": [
              {
                "provider": [
                  {
                    "key_arn": "arn:aws:kms:eu-north-1:547320736290:key/8407e2c9-f9ea-4755-b896-355c5b95bc5e"
                  }
                ],
                "resources": [
                  "secrets"
                ]
              }
            ],
            "endpoint": "https://6071ACB1DD40D0843B23E7C226C370FE.gr7.eu-north-1.eks.amazonaws.com",
            "force_update_version": null,
            "id": "ex-self-mng-bottlerocket",
            "identity": [
              {
                "oidc": [
                  {
                    "issuer": "https://oidc.eks.eu-north-1.amazonaws.com/id/6071ACB1DD40D0843B23E7C226C370FE"
                  }
                ]
              }
            ],
            "kubernetes_network_config": [
              {
                "elastic_load_balancing": [
                  {
                    "enabled": false
                  }
                ],
                "ip_family": "ipv4",
                "service_ipv4_cidr": "172.20.0.0/16",
                "service_ipv6_cidr": ""
              }
            ],
            "name": "ex-self-mng-bottlerocket",
            "outpost_config": [],
            "platform_version": "eks.41",
            "region": "eu-north-1",
            "remote_network_config": [],
            "role_arn": "arn:aws:iam::547320736290:role/ex-self-mng-bottlerocket-cluster-f1dd41036d09678d2634fb0a3c",
            "status": "ACTIVE",
            "storage_config": [
              {
                "block_storage": [
                  {
                    "enabled": false
                  }
                ]
              }
            ],
            "tags": {
              "Example": "ex-self-mng",
              "GithubOrg": "terraform-aws-modules",
              "GithubRepo": "terraform-aws-eks"
            },
            "tags_all": {
              "Example": "ex-self-mng",
              "GithubOrg": "terraform-aws-modules",
              "GithubRepo": "terraform-aws-eks"
            },
            "timeouts": null,
            "upgrade_policy": [
              {
                "support_type": "EXTENDED"
              }
            ],
            "version": "1.33",
            "vpc_config": [
              {
                "cluster_security_group_id": "sg-0ab110fd0a6161c1a",
                "control_plane_egress_mode": "AWS_MANAGED",
                "endpoint_private_access": true,
                "endpoint_public_access": false,
                "public_access_cidrs": [
                  "0.0.0.0/0"
                ],
                "security_group_ids": [
                  "sg-04cb5ae6be929ccdf"
                ],
                "subnet_ids": [
                  "subnet-0573b75042cf6c417",
                  "subnet-0b21cde55cf8f99f5",
                  "subnet-0bf08397412da6590"
                ],
                "vpc_id": "vpc-0bebf8dd9cf303951"
              }
            ],
            "zonal_shift_config": []
          },
          "sensitive_attributes": [],
          "identity_schema_version": 0,
          "identity": {
            "account_id": "547320736290",
            "name": "ex-self-mng-bottlerocket",
            "region": "eu-north-1"
          },
          "private": "eyJlMmJmYjczMC1lY2FhLTExZTYtOGY4OC0zNDM2M2JjN2M0YzAiOnsiY3JlYXRlIjoxODAwMDAwMDAwMDAwLCJkZWxldGUiOjkwMDAwMDAwMDAwMCwidXBkYXRlIjozNjAwMDAwMDAwMDAwfSwic2NoZW1hX3ZlcnNpb24iOiIxIn0=",
          "dependencies": [
            "data.aws_availability_zones.available",
            "module.eks_bottlerocket.aws_cloudwatch_log_group.this",
            "module.eks_bottlerocket.aws_iam_policy.cni_ipv6_policy",
            "module.eks_bottlerocket.aws_iam_role.eks_auto",
            "module.eks_bottlerocket.aws_iam_role.this",
            "module.eks_bottlerocket.aws_iam_role_policy_attachment.this",
            "module.eks_bottlerocket.aws_security_group.cluster",
            "module.eks_bottlerocket.aws_security_group.node",
            "module.eks_bottlerocket.aws_security_group_rule.cluster",
            "module.eks_bottlerocket.aws_security_group_rule.node",
            "module.eks_bottlerocket.data.aws_caller_identity.current",
            "module.eks_bottlerocket.data.aws_iam_policy_document.assume_role_policy",
            "module.eks_bottlerocket.data.aws_iam_policy_document.cni_ipv6_policy",
            "module.eks_bottlerocket.data.aws_iam_policy_document.node_assume_role_policy",
            "module.eks_bottlerocket.data.aws_iam_session_context.current",
            "module.eks_bottlerocket.data.aws_partition.current",
            "module.eks_bottlerocket.module.kms.aws_kms_external_key.this",
            "module.eks_bottlerocket.module.kms.aws_kms_key.this",
            "module.eks_bottlerocket.module.kms.aws_kms_replica_external_key.this",
            "module.eks_bottlerocket.module.kms.aws_kms_replica_key.this",
            "module.eks_bottlerocket.module.kms.data.aws_caller_identity.current",
            "module.eks_bottlerocket.module.kms.data.aws_iam_policy_document.this",
            "module.eks_bottlerocket.module.kms.data.aws_partition.current",
            "module.vpc.aws_subnet.private",
            "module.vpc.aws_vpc.this",
            "module.vpc.aws_vpc_ipv4_cidr_block_association.this"
          ],
          "create_before_destroy": true
        }
      ]
    },
    {
      "module": "module.eks_bottlerocket",
      "mode": "managed",
      "type": "aws_eks_identity_provider_config",
      "name": "this",
      "provider": "provider[\"registry.terraform.io/hashicorp/aws\"]",
      "instances": []
    },
    {
      "module": "module.eks_bottlerocket",
      "mode": "managed",
      "type": "aws_iam_openid_connect_provider",
      "name": "oidc_provider",
      "provider": "provider[\"registry.terraform.io/hashicorp/aws\"]",
      "instances": [
        {
          "index_key": 0,
          "schema_version": 0,
          "attributes": {
            "arn": "arn:aws:iam::547320736290:oidc-provider/oidc.eks.eu-north-1.amazonaws.com/id/6071ACB1DD40D0843B23E7C226C370FE",
            "client_id_list": [
              "sts.amazonaws.com"
            ],
            "id": "arn:aws:iam::547320736290:oidc-provider/oidc.eks.eu-north-1.amazonaws.com/id/6071ACB1DD40D0843B23E7C226C370FE",
            "tags": {
              "Example": "ex-self-mng",
              "GithubOrg": "terraform-aws-modules",
              "GithubRepo": "terraform-aws-eks",
              "Name": "ex-self-mng-bottlerocket-eks-irsa"
            },
            "tags_all": {
              "Example": "ex-self-mng",
              "GithubOrg": "terraform-aws-modules",
              "GithubRepo": "terraform-aws-eks",
              "Name": "ex-self-mng-bottlerocket-eks-irsa"
            },
            "thumbprint_list": [
              "06b25927c42a721631c1efd9431e648fa62e1e39"
            ],
            "url": "oidc.eks.eu-north-1.amazonaws.com/id/6071ACB1DD40D0843B23E7C226C370FE"
          },
          "sensitive_attributes": [],
          "identity_schema_version": 0,
          "identity": {
            "arn": "arn:aws:iam::547320736290:oidc-provider/oidc.eks.eu-north-1.amazonaws.com/id/6071ACB1DD40D0843B23E7C226C370FE"
          },
          "private": "bnVsbA==",
          "dependencies": [
            "data.aws_availability_zones.available",
            "module.eks_bottlerocket.aws_cloudwatch_log_group.this",
            "module.eks_bottlerocket.aws_eks_cluster.this",
            "module.eks_bottlerocket.aws_iam_policy.cni_ipv6_policy",
            "module.eks_bottlerocket.aws_iam_role.eks_auto",
            "module.eks_bottlerocket.aws_iam_role.this",
            "module.eks_bottlerocket.aws_iam_role_policy_attachment.this",
            "module.eks_bottlerocket.aws_security_group.cluster",
            "module.eks_bottlerocket.aws_security_group.node",
            "module.eks_bottlerocket.aws_security_group_rule.cluster",
            "module.eks_bottlerocket.aws_security_group_rule.node",
            "module.eks_bottlerocket.data.aws_caller_identity.current",
            "module.eks_bottlerocket.data.aws_iam_policy_document.assume_role_policy",
            "module.eks_bottlerocket.data.aws_iam_policy_document.cni_ipv6_policy",
            "module.eks_bottlerocket.data.aws_iam_policy_document.node_assume_role_policy",
            "module.eks_bottlerocket.data.aws_iam_session_context.current",
            "module.eks_bottlerocket.data.aws_partition.current",
            "module.eks_bottlerocket.data.tls_certificate.this",
            "module.eks_bottlerocket.module.kms.aws_kms_external_key.this",
            "module.eks_bottlerocket.module.kms.aws_kms_key.this",
            "module.eks_bottlerocket.module.kms.aws_kms_replica_external_key.this",
            "module.eks_bottlerocket.module.kms.aws_kms_replica_key.this",
            "module.eks_bottlerocket.module.kms.data.aws_caller_identity.current",
            "module.eks_bottlerocket.module.kms.data.aws_iam_policy_document.this",
            "module.eks_bottlerocket.module.kms.data.aws_partition.current",
            "module.vpc.aws_subnet.private",
            "module.vpc.aws_vpc.this",
            "module.vpc.aws_vpc_ipv4_cidr_block_association.this"
          ]
        }
      ]
    },
    {
      "module": "module.eks_bottlerocket",
      "mode": "managed",
      "type": "aws_iam_policy",
      "name": "cluster_encryption",
      "provider": "provider[\"registry.terraform.io/hashicorp/aws\"]",
      "instances": [
        {
          "index_key": 0,
          "schema_version": 0,
          "attributes": {
            "arn": "arn:aws:iam::547320736290:policy/ex-self-mng-bottlerocket-cluster-ClusterEncryption441539dd50ce79f984f3a94d02",
            "attachment_count": 0,
            "delay_after_policy_creation_in_ms": null,
            "description": "Cluster encryption policy to allow cluster role to utilize CMK provided",
            "id": "arn:aws:iam::547320736290:policy/ex-self-mng-bottlerocket-cluster-ClusterEncryption441539dd50ce79f984f3a94d02",
            "name": "ex-self-mng-bottlerocket-cluster-ClusterEncryption441539dd50ce79f984f3a94d02",
            "name_prefix": "ex-self-mng-bottlerocket-cluster-ClusterEncryption",
            "path": "/",
            "policy": "{\"Statement\":[{\"Action\":[\"kms:Encrypt\",\"kms:Decrypt\",\"kms:ListGrants\",\"kms:DescribeKey\"],\"Effect\":\"Allow\",\"Resource\":\"arn:aws:kms:eu-north-1:547320736290:key/8407e2c9-f9ea-4755-b896-355c5b95bc5e\"}],\"Version\":\"2012-10-17\"}",
            "policy_id": "ANPAX63W3VIRMIJX22LVG",
            "tags": {
              "Example": "ex-self-mng",
              "GithubOrg": "terraform-aws-modules",
              "GithubRepo": "terraform-aws-eks"
            },
            "tags_all": {
              "Example": "ex-self-mng",
              "GithubOrg": "terraform-aws-modules",
              "GithubRepo": "terraform-aws-eks"
            }
          },
          "sensitive_attributes": [],
          "identity_schema_version": 0,
          "identity": {
            "arn": "arn:aws:iam::547320736290:policy/ex-self-mng-bottlerocket-cluster-ClusterEncryption441539dd50ce79f984f3a94d02"
          },
          "private": "bnVsbA==",
          "dependencies": [
            "module.eks_bottlerocket.aws_iam_role.this",
            "module.eks_bottlerocket.data.aws_caller_identity.current",
            "module.eks_bottlerocket.data.aws_iam_policy_document.assume_role_policy",
            "module.eks_bottlerocket.data.aws_iam_session_context.current",
            "module.eks_bottlerocket.module.kms.aws_kms_external_key.this",
            "module.eks_bottlerocket.module.kms.aws_kms_key.this",
            "module.eks_bottlerocket.module.kms.aws_kms_replica_external_key.this",
            "module.eks_bottlerocket.module.kms.aws_kms_replica_key.this",
            "module.eks_bottlerocket.module.kms.data.aws_caller_identity.current",
            "module.eks_bottlerocket.module.kms.data.aws_iam_policy_document.this",
            "module.eks_bottlerocket.module.kms.data.aws_partition.current"
          ]
        }
      ]
    },
    {
      "module": "module.eks_bottlerocket",
      "mode": "managed",
      "type": "aws_iam_policy",
      "name": "cni_ipv6_policy",
      "provider": "provider[\"registry.terraform.io/hashicorp/aws\"]",
      "instances": []
    },
    {
      "module": "module.eks_bottlerocket",
      "mode": "managed",
      "type": "aws_iam_policy",
      "name": "custom",
      "provider": "provider[\"registry.terraform.io/hashicorp/aws\"]",
      "instances": []
    },
    {
      "module": "module.eks_bottlerocket",
      "mode": "managed",
      "type": "aws_iam_role",
      "name": "eks_auto",
      "provider": "provider[\"registry.terraform.io/hashicorp/aws\"]",
      "instances": []
    },
    {
      "module": "module.eks_bottlerocket",
      "mode": "managed",
      "type": "aws_iam_role",
      "name": "this",
      "provider": "provider[\"registry.terraform.io/hashicorp/aws\"]",
      "instances": [
        {
          "index_key": 0,
          "schema_version": 0,
          "attributes": {
            "arn": "arn:aws:iam::547320736290:role/ex-self-mng-bottlerocket-cluster-f1dd41036d09678d2634fb0a3c",
            "assume_role_policy": "{\"Statement\":[{\"Action\":[\"sts:TagSession\",\"sts:AssumeRole\"],\"Effect\":\"Allow\",\"Principal\":{\"Service\":\"eks.amazonaws.com\"},\"Sid\":\"EKSClusterAssumeRole\"}],\"Version\":\"2012-10-17\"}",
            "create_date": "2026-06-28T16:18:38Z",
            "description": "",
            "force_detach_policies": true,
            "id": "ex-self-mng-bottlerocket-cluster-f1dd41036d09678d2634fb0a3c",
            "inline_policy": [],
            "managed_policy_arns": [],
            "max_session_duration": 3600,
            "name": "ex-self-mng-bottlerocket-cluster-f1dd41036d09678d2634fb0a3c",
            "name_prefix": "ex-self-mng-bottlerocket-cluster-",
            "path": "/",
            "permissions_boundary": "",
            "tags": {
              "Example": "ex-self-mng",
              "GithubOrg": "terraform-aws-modules",
              "GithubRepo": "terraform-aws-eks"
            },
            "tags_all": {
              "Example": "ex-self-mng",
              "GithubOrg": "terraform-aws-modules",
              "GithubRepo": "terraform-aws-eks"
            },
            "unique_id": "AROAX63W3VIRJ6AYDE2ZJ"
          },
          "sensitive_attributes": [],
          "identity_schema_version": 0,
          "identity": {
            "account_id": "547320736290",
            "name": "ex-self-mng-bottlerocket-cluster-f1dd41036d09678d2634fb0a3c"
          },
          "private": "bnVsbA==",
          "dependencies": [
            "module.eks_bottlerocket.data.aws_iam_policy_document.assume_role_policy"
          ],
          "create_before_destroy": true
        }
      ]
    },
    {
      "module": "module.eks_bottlerocket",
      "mode": "managed",
      "type": "aws_iam_role_policy_attachment",
      "name": "additional",
      "provider": "provider[\"registry.terraform.io/hashicorp/aws\"]",
      "instances": []
    },
    {
      "module": "module.eks_bottlerocket",
      "mode": "managed",
      "type": "aws_iam_role_policy_attachment",
      "name": "cluster_encryption",
      "provider": "provider[\"registry.terraform.io/hashicorp/aws\"]",
      "instances": [
        {
          "index_key": 0,
          "schema_version": 0,
          "attributes": {
            "id": "ex-self-mng-bottlerocket-cluster-f1dd41036d09678d2634fb0a3c/arn:aws:iam::547320736290:policy/ex-self-mng-bottlerocket-cluster-ClusterEncryption441539dd50ce79f984f3a94d02",
            "policy_arn": "arn:aws:iam::547320736290:policy/ex-self-mng-bottlerocket-cluster-ClusterEncryption441539dd50ce79f984f3a94d02",
            "role": "ex-self-mng-bottlerocket-cluster-f1dd41036d09678d2634fb0a3c"
          },
          "sensitive_attributes": [],
          "identity_schema_version": 0,
          "identity": {
            "account_id": "547320736290",
            "policy_arn": "arn:aws:iam::547320736290:policy/ex-self-mng-bottlerocket-cluster-ClusterEncryption441539dd50ce79f984f3a94d02",
            "role": "ex-self-mng-bottlerocket-cluster-f1dd41036d09678d2634fb0a3c"
          },
          "private": "bnVsbA==",
          "dependencies": [
            "module.eks_bottlerocket.aws_iam_policy.cluster_encryption",
            "module.eks_bottlerocket.aws_iam_role.this",
            "module.eks_bottlerocket.data.aws_caller_identity.current",
            "module.eks_bottlerocket.data.aws_iam_policy_document.assume_role_policy",
            "module.eks_bottlerocket.data.aws_iam_session_context.current",
            "module.eks_bottlerocket.module.kms.aws_kms_external_key.this",
            "module.eks_bottlerocket.module.kms.aws_kms_key.this",
            "module.eks_bottlerocket.module.kms.aws_kms_replica_external_key.this",
            "module.eks_bottlerocket.module.kms.aws_kms_replica_key.this",
            "module.eks_bottlerocket.module.kms.data.aws_caller_identity.current",
            "module.eks_bottlerocket.module.kms.data.aws_iam_policy_document.this",
            "module.eks_bottlerocket.module.kms.data.aws_partition.current"
          ]
        }
      ]
    },
    {
      "module": "module.eks_bottlerocket",
      "mode": "managed",
      "type": "aws_iam_role_policy_attachment",
      "name": "custom",
      "provider": "provider[\"registry.terraform.io/hashicorp/aws\"]",
      "instances": []
    },
    {
      "module": "module.eks_bottlerocket",
      "mode": "managed",
      "type": "aws_iam_role_policy_attachment",
      "name": "eks_auto",
      "provider": "provider[\"registry.terraform.io/hashicorp/aws\"]",
      "instances": []
    },
    {
      "module": "module.eks_bottlerocket",
      "mode": "managed",
      "type": "aws_iam_role_policy_attachment",
      "name": "eks_auto_additional",
      "provider": "provider[\"registry.terraform.io/hashicorp/aws\"]",
      "instances": []
    },
    {
      "module": "module.eks_bottlerocket",
      "mode": "managed",
      "type": "aws_iam_role_policy_attachment",
      "name": "this",
      "provider": "provider[\"registry.terraform.io/hashicorp/aws\"]",
      "instances": [
        {
          "index_key": "AmazonEKSClusterPolicy",
          "schema_version": 0,
          "attributes": {
            "id": "ex-self-mng-bottlerocket-cluster-f1dd41036d09678d2634fb0a3c/arn:aws:iam::aws:policy/AmazonEKSClusterPolicy",
            "policy_arn": "arn:aws:iam::aws:policy/AmazonEKSClusterPolicy",
            "role": "ex-self-mng-bottlerocket-cluster-f1dd41036d09678d2634fb0a3c"
          },
          "sensitive_attributes": [],
          "identity_schema_version": 0,
          "identity": {
            "account_id": "547320736290",
            "policy_arn": "arn:aws:iam::aws:policy/AmazonEKSClusterPolicy",
            "role": "ex-self-mng-bottlerocket-cluster-f1dd41036d09678d2634fb0a3c"
          },
          "private": "bnVsbA==",
          "dependencies": [
            "module.eks_bottlerocket.aws_iam_role.this",
            "module.eks_bottlerocket.data.aws_iam_policy_document.assume_role_policy",
            "module.eks_bottlerocket.data.aws_partition.current"
          ],
          "create_before_destroy": true
        }
      ]
    },
    {
      "module": "module.eks_bottlerocket",
      "mode": "managed",
      "type": "aws_security_group",
      "name": "cluster",
      "provider": "provider[\"registry.terraform.io/hashicorp/aws\"]",
      "instances": [
        {
          "index_key": 0,
          "schema_version": 1,
          "attributes": {
            "arn": "arn:aws:ec2:eu-north-1:547320736290:security-group/sg-04cb5ae6be929ccdf",
            "description": "EKS cluster security group",
            "egress": [],
            "id": "sg-04cb5ae6be929ccdf",
            "ingress": [],
            "name": "ex-self-mng-bottlerocket-cluster-3bc6b8f7f98088716bf860a688",
            "name_prefix": "ex-self-mng-bottlerocket-cluster-",
            "owner_id": "547320736290",
            "region": "eu-north-1",
            "revoke_rules_on_delete": false,
            "tags": {
              "Example": "ex-self-mng",
              "GithubOrg": "terraform-aws-modules",
              "GithubRepo": "terraform-aws-eks",
              "Name": "ex-self-mng-bottlerocket-cluster"
            },
            "tags_all": {
              "Example": "ex-self-mng",
              "GithubOrg": "terraform-aws-modules",
              "GithubRepo": "terraform-aws-eks",
              "Name": "ex-self-mng-bottlerocket-cluster"
            },
            "timeouts": null,
            "vpc_id": "vpc-0bebf8dd9cf303951"
          },
          "sensitive_attributes": [],
          "identity_schema_version": 0,
          "identity": {
            "account_id": "547320736290",
            "id": "sg-04cb5ae6be929ccdf",
            "region": "eu-north-1"
          },
          "private": "eyJlMmJmYjczMC1lY2FhLTExZTYtOGY4OC0zNDM2M2JjN2M0YzAiOnsiY3JlYXRlIjo2MDAwMDAwMDAwMDAsImRlbGV0ZSI6OTAwMDAwMDAwMDAwfSwic2NoZW1hX3ZlcnNpb24iOiIxIn0=",
          "dependencies": [
            "module.vpc.aws_vpc.this"
          ],
          "create_before_destroy": true
        }
      ]
    },
    {
      "module": "module.eks_bottlerocket",
      "mode": "managed",
      "type": "aws_security_group",
      "name": "node",
      "provider": "provider[\"registry.terraform.io/hashicorp/aws\"]",
      "instances": [
        {
          "index_key": 0,
          "schema_version": 1,
          "attributes": {
            "arn": "arn:aws:ec2:eu-north-1:547320736290:security-group/sg-0955229a4a8bf76de",
            "description": "EKS node shared security group",
            "egress": [],
            "id": "sg-0955229a4a8bf76de",
            "ingress": [],
            "name": "ex-self-mng-bottlerocket-node-e0ab915f0eaab1d9834bb9149f",
            "name_prefix": "ex-self-mng-bottlerocket-node-",
            "owner_id": "547320736290",
            "region": "eu-north-1",
            "revoke_rules_on_delete": false,
            "tags": {
              "Example": "ex-self-mng",
              "GithubOrg": "terraform-aws-modules",
              "GithubRepo": "terraform-aws-eks",
              "Name": "ex-self-mng-bottlerocket-node",
              "kubernetes.io/cluster/ex-self-mng-bottlerocket": "owned"
            },
            "tags_all": {
              "Example": "ex-self-mng",
              "GithubOrg": "terraform-aws-modules",
              "GithubRepo": "terraform-aws-eks",
              "Name": "ex-self-mng-bottlerocket-node",
              "kubernetes.io/cluster/ex-self-mng-bottlerocket": "owned"
            },
            "timeouts": null,
            "vpc_id": "vpc-0bebf8dd9cf303951"
          },
          "sensitive_attributes": [],
          "identity_schema_version": 0,
          "identity": {
            "account_id": "547320736290",
            "id": "sg-0955229a4a8bf76de",
            "region": "eu-north-1"
          },
          "private": "eyJlMmJmYjczMC1lY2FhLTExZTYtOGY4OC0zNDM2M2JjN2M0YzAiOnsiY3JlYXRlIjo2MDAwMDAwMDAwMDAsImRlbGV0ZSI6OTAwMDAwMDAwMDAwfSwic2NoZW1hX3ZlcnNpb24iOiIxIn0=",
          "dependencies": [
            "module.vpc.aws_vpc.this"
          ],
          "create_before_destroy": true
        }
      ]
    },
    {
      "module": "module.eks_bottlerocket",
      "mode": "managed",
      "type": "aws_security_group_rule",
      "name": "cluster",
      "provider": "provider[\"registry.terraform.io/hashicorp/aws\"]",
      "instances": [
        {
          "index_key": "ingress_nodes_443",
          "schema_version": 2,
          "attributes": {
            "cidr_blocks": null,
            "description": "Node groups to cluster API",
            "from_port": 443,
            "id": "sgrule-338835647",
            "ipv6_cidr_blocks": null,
            "prefix_list_ids": null,
            "protocol": "tcp",
            "region": "eu-north-1",
            "security_group_id": "sg-04cb5ae6be929ccdf",
            "security_group_rule_id": "sgr-0b6a3b4ea80ed793b",
            "self": false,
            "source_security_group_id": "sg-0955229a4a8bf76de",
            "timeouts": null,
            "to_port": 443,
            "type": "ingress"
          },
          "sensitive_attributes": [],
          "identity_schema_version": 0,
          "private": "eyJlMmJmYjczMC1lY2FhLTExZTYtOGY4OC0zNDM2M2JjN2M0YzAiOnsiY3JlYXRlIjozMDAwMDAwMDAwMDB9LCJzY2hlbWFfdmVyc2lvbiI6IjIifQ==",
          "dependencies": [
            "module.eks_bottlerocket.aws_security_group.cluster",
            "module.eks_bottlerocket.aws_security_group.node",
            "module.vpc.aws_vpc.this"
          ],
          "create_before_destroy": true
        }
      ]
    },
    {
      "module": "module.eks_bottlerocket",
      "mode": "managed",
      "type": "aws_security_group_rule",
      "name": "node",
      "provider": "provider[\"registry.terraform.io/hashicorp/aws\"]",
      "instances": [
        {
          "index_key": "egress_all",
          "schema_version": 2,
          "attributes": {
            "cidr_blocks": [
              "0.0.0.0/0"
            ],
            "description": "Allow all egress",
            "from_port": 0,
            "id": "sgrule-1310318143",
            "ipv6_cidr_blocks": null,
            "prefix_list_ids": null,
            "protocol": "-1",
            "region": "eu-north-1",
            "security_group_id": "sg-0955229a4a8bf76de",
            "security_group_rule_id": "sgr-0b5588e3ae76ddc28",
            "self": false,
            "source_security_group_id": null,
            "timeouts": null,
            "to_port": 0,
            "type": "egress"
          },
          "sensitive_attributes": [],
          "identity_schema_version": 0,
          "private": "eyJlMmJmYjczMC1lY2FhLTExZTYtOGY4OC0zNDM2M2JjN2M0YzAiOnsiY3JlYXRlIjozMDAwMDAwMDAwMDB9LCJzY2hlbWFfdmVyc2lvbiI6IjIifQ==",
          "dependencies": [
            "module.eks_bottlerocket.aws_security_group.cluster",
            "module.eks_bottlerocket.aws_security_group.node",
            "module.vpc.aws_vpc.this"
          ],
          "create_before_destroy": true
        },
        {
          "index_key": "ingress_cluster_10251_webhook",
          "schema_version": 2,
          "attributes": {
            "cidr_blocks": null,
            "description": "Cluster API to node 10251/tcp webhook",
            "from_port": 10251,
            "id": "sgrule-3344632032",
            "ipv6_cidr_blocks": null,
            "prefix_list_ids": null,
            "protocol": "tcp",
            "region": "eu-north-1",
            "security_group_id": "sg-0955229a4a8bf76de",
            "security_group_rule_id": "sgr-01f497361110dfb3b",
            "self": false,
            "source_security_group_id": "sg-04cb5ae6be929ccdf",
            "timeouts": null,
            "to_port": 10251,
            "type": "ingress"
          },
          "sensitive_attributes": [],
          "identity_schema_version": 0,
          "private": "eyJlMmJmYjczMC1lY2FhLTExZTYtOGY4OC0zNDM2M2JjN2M0YzAiOnsiY3JlYXRlIjozMDAwMDAwMDAwMDB9LCJzY2hlbWFfdmVyc2lvbiI6IjIifQ==",
          "dependencies": [
            "module.eks_bottlerocket.aws_security_group.cluster",
            "module.eks_bottlerocket.aws_security_group.node",
            "module.vpc.aws_vpc.this"
          ],
          "create_before_destroy": true
        },
        {
          "index_key": "ingress_cluster_443",
          "schema_version": 2,
          "attributes": {
            "cidr_blocks": null,
            "description": "Cluster API to node groups",
            "from_port": 443,
            "id": "sgrule-4134185386",
            "ipv6_cidr_blocks": null,
            "prefix_list_ids": null,
            "protocol": "tcp",
            "region": "eu-north-1",
            "security_group_id": "sg-0955229a4a8bf76de",
            "security_group_rule_id": "sgr-03741de7fbd4e05f2",
            "self": false,
            "source_security_group_id": "sg-04cb5ae6be929ccdf",
            "timeouts": null,
            "to_port": 443,
            "type": "ingress"
          },
          "sensitive_attributes": [],
          "identity_schema_version": 0,
          "private": "eyJlMmJmYjczMC1lY2FhLTExZTYtOGY4OC0zNDM2M2JjN2M0YzAiOnsiY3JlYXRlIjozMDAwMDAwMDAwMDB9LCJzY2hlbWFfdmVyc2lvbiI6IjIifQ==",
          "dependencies": [
            "module.eks_bottlerocket.aws_security_group.cluster",
            "module.eks_bottlerocket.aws_security_group.node",
            "module.vpc.aws_vpc.this"
          ],
          "create_before_destroy": true
        },
        {
          "index_key": "ingress_cluster_4443_webhook",
          "schema_version": 2,
          "attributes": {
            "cidr_blocks": null,
            "description": "Cluster API to node 4443/tcp webhook",
            "from_port": 4443,
            "id": "sgrule-2120436918",
            "ipv6_cidr_blocks": null,
            "prefix_list_ids": null,
            "protocol": "tcp",
            "region": "eu-north-1",
            "security_group_id": "sg-0955229a4a8bf76de",
            "security_group_rule_id": "sgr-0ae9f643710d0f7ee",
            "self": false,
            "source_security_group_id": "sg-04cb5ae6be929ccdf",
            "timeouts": null,
            "to_port": 4443,
            "type": "ingress"
          },
          "sensitive_attributes": [],
          "identity_schema_version": 0,
          "private": "eyJlMmJmYjczMC1lY2FhLTExZTYtOGY4OC0zNDM2M2JjN2M0YzAiOnsiY3JlYXRlIjozMDAwMDAwMDAwMDB9LCJzY2hlbWFfdmVyc2lvbiI6IjIifQ==",
          "dependencies": [
            "module.eks_bottlerocket.aws_security_group.cluster",
            "module.eks_bottlerocket.aws_security_group.node",
            "module.vpc.aws_vpc.this"
          ],
          "create_before_destroy": true
        },
        {
          "index_key": "ingress_cluster_6443_webhook",
          "schema_version": 2,
          "attributes": {
            "cidr_blocks": null,
            "description": "Cluster API to node 6443/tcp webhook",
            "from_port": 6443,
            "id": "sgrule-3072404256",
            "ipv6_cidr_blocks": null,
            "prefix_list_ids": null,
            "protocol": "tcp",
            "region": "eu-north-1",
            "security_group_id": "sg-0955229a4a8bf76de",
            "security_group_rule_id": "sgr-085e1777f2c3dbcd5",
            "self": false,
            "source_security_group_id": "sg-04cb5ae6be929ccdf",
            "timeouts": null,
            "to_port": 6443,
            "type": "ingress"
          },
          "sensitive_attributes": [],
          "identity_schema_version": 0,
          "private": "eyJlMmJmYjczMC1lY2FhLTExZTYtOGY4OC0zNDM2M2JjN2M0YzAiOnsiY3JlYXRlIjozMDAwMDAwMDAwMDB9LCJzY2hlbWFfdmVyc2lvbiI6IjIifQ==",
          "dependencies": [
            "module.eks_bottlerocket.aws_security_group.cluster",
            "module.eks_bottlerocket.aws_security_group.node",
            "module.vpc.aws_vpc.this"
          ],
          "create_before_destroy": true
        },
        {
          "index_key": "ingress_cluster_8443_webhook",
          "schema_version": 2,
          "attributes": {
            "cidr_blocks": null,
            "description": "Cluster API to node 8443/tcp webhook",
            "from_port": 8443,
            "id": "sgrule-2759661313",
            "ipv6_cidr_blocks": null,
            "prefix_list_ids": null,
            "protocol": "tcp",
            "region": "eu-north-1",
            "security_group_id": "sg-0955229a4a8bf76de",
            "security_group_rule_id": "sgr-08290d6d11a78708a",
            "self": false,
            "source_security_group_id": "sg-04cb5ae6be929ccdf",
            "timeouts": null,
            "to_port": 8443,
            "type": "ingress"
          },
          "sensitive_attributes": [],
          "identity_schema_version": 0,
          "private": "eyJlMmJmYjczMC1lY2FhLTExZTYtOGY4OC0zNDM2M2JjN2M0YzAiOnsiY3JlYXRlIjozMDAwMDAwMDAwMDB9LCJzY2hlbWFfdmVyc2lvbiI6IjIifQ==",
          "dependencies": [
            "module.eks_bottlerocket.aws_security_group.cluster",
            "module.eks_bottlerocket.aws_security_group.node",
            "module.vpc.aws_vpc.this"
          ],
          "create_before_destroy": true
        },
        {
          "index_key": "ingress_cluster_9443_webhook",
          "schema_version": 2,
          "attributes": {
            "cidr_blocks": null,
            "description": "Cluster API to node 9443/tcp webhook",
            "from_port": 9443,
            "id": "sgrule-3235652810",
            "ipv6_cidr_blocks": null,
            "prefix_list_ids": null,
            "protocol": "tcp",
            "region": "eu-north-1",
            "security_group_id": "sg-0955229a4a8bf76de",
            "security_group_rule_id": "sgr-0111e5e6068bf9e0a",
            "self": false,
            "source_security_group_id": "sg-04cb5ae6be929ccdf",
            "timeouts": null,
            "to_port": 9443,
            "type": "ingress"
          },
          "sensitive_attributes": [],
          "identity_schema_version": 0,
          "private": "eyJlMmJmYjczMC1lY2FhLTExZTYtOGY4OC0zNDM2M2JjN2M0YzAiOnsiY3JlYXRlIjozMDAwMDAwMDAwMDB9LCJzY2hlbWFfdmVyc2lvbiI6IjIifQ==",
          "dependencies": [
            "module.eks_bottlerocket.aws_security_group.cluster",
            "module.eks_bottlerocket.aws_security_group.node",
            "module.vpc.aws_vpc.this"
          ],
          "create_before_destroy": true
        },
        {
          "index_key": "ingress_cluster_kubelet",
          "schema_version": 2,
          "attributes": {
            "cidr_blocks": null,
            "description": "Cluster API to node kubelets",
            "from_port": 10250,
            "id": "sgrule-4078065819",
            "ipv6_cidr_blocks": null,
            "prefix_list_ids": null,
            "protocol": "tcp",
            "region": "eu-north-1",
            "security_group_id": "sg-0955229a4a8bf76de",
            "security_group_rule_id": "sgr-0e74a17f5ed7c489d",
            "self": false,
            "source_security_group_id": "sg-04cb5ae6be929ccdf",
            "timeouts": null,
            "to_port": 10250,
            "type": "ingress"
          },
          "sensitive_attributes": [],
          "identity_schema_version": 0,
          "private": "eyJlMmJmYjczMC1lY2FhLTExZTYtOGY4OC0zNDM2M2JjN2M0YzAiOnsiY3JlYXRlIjozMDAwMDAwMDAwMDB9LCJzY2hlbWFfdmVyc2lvbiI6IjIifQ==",
          "dependencies": [
            "module.eks_bottlerocket.aws_security_group.cluster",
            "module.eks_bottlerocket.aws_security_group.node",
            "module.vpc.aws_vpc.this"
          ],
          "create_before_destroy": true
        },
        {
          "index_key": "ingress_nodes_ephemeral",
          "schema_version": 2,
          "attributes": {
            "cidr_blocks": null,
            "description": "Node to node ingress on ephemeral ports",
            "from_port": 1025,
            "id": "sgrule-374713127",
            "ipv6_cidr_blocks": null,
            "prefix_list_ids": null,
            "protocol": "tcp",
            "region": "eu-north-1",
            "security_group_id": "sg-0955229a4a8bf76de",
            "security_group_rule_id": "sgr-0807a9bc823fc6656",
            "self": true,
            "source_security_group_id": null,
            "timeouts": null,
            "to_port": 65535,
            "type": "ingress"
          },
          "sensitive_attributes": [],
          "identity_schema_version": 0,
          "private": "eyJlMmJmYjczMC1lY2FhLTExZTYtOGY4OC0zNDM2M2JjN2M0YzAiOnsiY3JlYXRlIjozMDAwMDAwMDAwMDB9LCJzY2hlbWFfdmVyc2lvbiI6IjIifQ==",
          "dependencies": [
            "module.eks_bottlerocket.aws_security_group.cluster",
            "module.eks_bottlerocket.aws_security_group.node",
            "module.vpc.aws_vpc.this"
          ],
          "create_before_destroy": true
        },
        {
          "index_key": "ingress_self_coredns_tcp",
          "schema_version": 2,
          "attributes": {
            "cidr_blocks": null,
            "description": "Node to node CoreDNS",
            "from_port": 53,
            "id": "sgrule-1352989899",
            "ipv6_cidr_blocks": null,
            "prefix_list_ids": null,
            "protocol": "tcp",
            "region": "eu-north-1",
            "security_group_id": "sg-0955229a4a8bf76de",
            "security_group_rule_id": "sgr-0311b16f2f36cabd5",
            "self": true,
            "source_security_group_id": null,
            "timeouts": null,
            "to_port": 53,
            "type": "ingress"
          },
          "sensitive_attributes": [],
          "identity_schema_version": 0,
          "private": "eyJlMmJmYjczMC1lY2FhLTExZTYtOGY4OC0zNDM2M2JjN2M0YzAiOnsiY3JlYXRlIjozMDAwMDAwMDAwMDB9LCJzY2hlbWFfdmVyc2lvbiI6IjIifQ==",
          "dependencies": [
            "module.eks_bottlerocket.aws_security_group.cluster",
            "module.eks_bottlerocket.aws_security_group.node",
            "module.vpc.aws_vpc.this"
          ],
          "create_before_destroy": true
        },
        {
          "index_key": "ingress_self_coredns_udp",
          "schema_version": 2,
          "attributes": {
            "cidr_blocks": null,
            "description": "Node to node CoreDNS UDP",
            "from_port": 53,
            "id": "sgrule-4110114596",
            "ipv6_cidr_blocks": null,
            "prefix_list_ids": null,
            "protocol": "udp",
            "region": "eu-north-1",
            "security_group_id": "sg-0955229a4a8bf76de",
            "security_group_rule_id": "sgr-0b1312e6ad2397a06",
            "self": true,
            "source_security_group_id": null,
            "timeouts": null,
            "to_port": 53,
            "type": "ingress"
          },
          "sensitive_attributes": [],
          "identity_schema_version": 0,
          "private": "eyJlMmJmYjczMC1lY2FhLTExZTYtOGY4OC0zNDM2M2JjN2M0YzAiOnsiY3JlYXRlIjozMDAwMDAwMDAwMDB9LCJzY2hlbWFfdmVyc2lvbiI6IjIifQ==",
          "dependencies": [
            "module.eks_bottlerocket.aws_security_group.cluster",
            "module.eks_bottlerocket.aws_security_group.node",
            "module.vpc.aws_vpc.this"
          ],
          "create_before_destroy": true
        }
      ]
    },
    {
      "module": "module.eks_bottlerocket",
      "mode": "managed",
      "type": "time_sleep",
      "name": "this",
      "provider": "provider[\"registry.terraform.io/hashicorp/time\"]",
      "instances": [
        {
          "index_key": 0,
          "schema_version": 0,
          "attributes": {
            "create_duration": "30s",
            "destroy_duration": null,
            "id": "2026-06-28T16:27:21Z",
            "triggers": {
              "certificate_authority_data": "LS0tLS1CRUdJTiBDRVJUSUZJQ0FURS0tLS0tCk1JSURCVENDQWUyZ0F3SUJBZ0lJZmlBL2doWURTbDR3RFFZSktvWklodmNOQVFFTEJRQXdGVEVUTUJFR0ExVUUKQXhNS2EzVmlaWEp1WlhSbGN6QWVGdzB5TmpBMk1qZ3hOakUzTlRSYUZ3MHpOakEyTWpVeE5qSXlOVFJhTUJVeApFekFSQmdOVkJBTVRDbXQxWW1WeWJtVjBaWE13Z2dFaU1BMEdDU3FHU0liM0RRRUJBUVVBQTRJQkR3QXdnZ0VLCkFvSUJBUUNoZk5kR2ptZmFGR0h4VkYxRlBxaitJM0IwcjZrK0R4bnQ3cmIrQ3FIN1M2NERaMkJSR3oyME5kSWIKOFNpMVJ1dHQvdW83VmNlYTlNaGl5cTZtb3N5TTk4d2xzRjE2QUtjMkRhNjRQR3ZCWU95ekswUTNBYVphTi8vRgpHS1FiZTlxTmo0R2dJSjVEdGtRdzFtcmNLUURjdnhQdm5YbjNTVWZDRWlWZENDRnpVWDVmYUVJYjU4THdpVmJTClVYMHgvTWV4TUNLNnVCc3o1M2NneUE0Q0srUHNjSk5HVWh2b0M0a3VpSks1eU5uOUpqcVp6Y0xqc28zOGZyTVoKMjFKSjNPR0dqa1YxSzI3Y0IzcUtRM0hLTUxvNUEzYzZKQzRCOVBnMTNhMUYyeDQ3VXBQUTJzaWl3UEx4T0QyQwozL0pBeEhLbWcxeU5uVVE5T2Q2UjZVbVJqaXgvQWdNQkFBR2pXVEJYTUE0R0ExVWREd0VCL3dRRUF3SUNwREFQCkJnTlZIUk1CQWY4RUJUQURBUUgvTUIwR0ExVWREZ1FXQkJRSldDYWNWbGhYd29qWUVGYzVYZGVScFdkOTR6QVYKQmdOVkhSRUVEakFNZ2dwcmRXSmxjbTVsZEdWek1BMEdDU3FHU0liM0RRRUJDd1VBQTRJQkFRQ1ZkYkh1MTZSWgo0Wm5TWkNUN3FNcXhpcGc5bVFUQW9BMG5LQjlQY2JDRFdFZ1Fxb1JiazZXWjl3SnYrVVFWbjVIYWI1azE5RGdhCjBWeTFNRnBJZEJtZXYySFZhMzlLT2NBUitaSFdJM3MrSUZrNDBJZTdhdWM1c21ZTUtUWDhjeTJ0ZERGN201KzQKYi93VWJqMCtkQTB2TkhnODJHRFpoU2EzejlOZnRhT0I2cjJnYmxJN0JreWlreWQ3R0JldUlWcXAvckY3SlUyYQpqVVlwMnNoYlIrMEllOE5mMzFYckduTEsvc054RWJKVHlQSU84empuVzB5OVIzMjdSOFlLVVU2QWFGRkNqWlNMCnBhY1BZRGtuem50bWR4VFBZazBWNkVHOERNZE5nMXY4M0tobXFaaFFvYlNoeVJOTUdadlpKcEZFZFd3K09oT20KaGdyNnRkWjZEREJmCi0tLS0tRU5EIENFUlRJRklDQVRFLS0tLS0K",
              "endpoint": "https://6071ACB1DD40D0843B23E7C226C370FE.gr7.eu-north-1.eks.amazonaws.com",
              "kubernetes_version": "1.33",
              "name": "ex-self-mng-bottlerocket",
              "service_cidr": "172.20.0.0/16"
            }
          },
          "sensitive_attributes": [],
          "identity_schema_version": 0,
          "dependencies": [
            "data.aws_availability_zones.available",
            "module.eks_bottlerocket.aws_cloudwatch_log_group.this",
            "module.eks_bottlerocket.aws_eks_cluster.this",
            "module.eks_bottlerocket.aws_iam_policy.cni_ipv6_policy",
            "module.eks_bottlerocket.aws_iam_role.eks_auto",
            "module.eks_bottlerocket.aws_iam_role.this",
            "module.eks_bottlerocket.aws_iam_role_policy_attachment.this",
            "module.eks_bottlerocket.aws_security_group.cluster",
            "module.eks_bottlerocket.aws_security_group.node",
            "module.eks_bottlerocket.aws_security_group_rule.cluster",
            "module.eks_bottlerocket.aws_security_group_rule.node",
            "module.eks_bottlerocket.data.aws_caller_identity.current",
            "module.eks_bottlerocket.data.aws_iam_policy_document.assume_role_policy",
            "module.eks_bottlerocket.data.aws_iam_policy_document.cni_ipv6_policy",
            "module.eks_bottlerocket.data.aws_iam_policy_document.node_assume_role_policy",
            "module.eks_bottlerocket.data.aws_iam_session_context.current",
            "module.eks_bottlerocket.data.aws_partition.current",
            "module.eks_bottlerocket.module.kms.aws_kms_external_key.this",
            "module.eks_bottlerocket.module.kms.aws_kms_key.this",
            "module.eks_bottlerocket.module.kms.aws_kms_replica_external_key.this",
            "module.eks_bottlerocket.module.kms.aws_kms_replica_key.this",
            "module.eks_bottlerocket.module.kms.data.aws_caller_identity.current",
            "module.eks_bottlerocket.module.kms.data.aws_iam_policy_document.this",
            "module.eks_bottlerocket.module.kms.data.aws_partition.current",
            "module.vpc.aws_subnet.private",
            "module.vpc.aws_vpc.this",
            "module.vpc.aws_vpc_ipv4_cidr_block_association.this"
          ],
          "create_before_destroy": true
        }
      ]
    },
    {
      "module": "module.eks_bottlerocket.module.kms",
      "mode": "data",
      "type": "aws_caller_identity",
      "name": "current",
      "provider": "provider[\"registry.terraform.io/hashicorp/aws\"]",
      "instances": [
        {
          "index_key": 0,
          "schema_version": 0,
          "attributes": {
            "account_id": "547320736290",
            "arn": "arn:aws:iam::547320736290:root",
            "id": "547320736290",
            "user_id": "547320736290"
          },
          "sensitive_attributes": [],
          "identity_schema_version": 0
        }
      ]
    },
    {
      "module": "module.eks_bottlerocket.module.kms",
      "mode": "data",
      "type": "aws_iam_policy_document",
      "name": "this",
      "provider": "provider[\"registry.terraform.io/hashicorp/aws\"]",
      "instances": [
        {
          "index_key": 0,
          "schema_version": 0,
          "attributes": {
            "id": "3935037650",
            "json": "{\n  \"Version\": \"2012-10-17\",\n  \"Statement\": [\n    {\n      \"Sid\": \"Default\",\n      \"Effect\": \"Allow\",\n      \"Action\": \"kms:*\",\n      \"Resource\": \"*\",\n      \"Principal\": {\n        \"AWS\": \"arn:aws:iam::547320736290:root\"\n      }\n    },\n    {\n      \"Sid\": \"KeyAdministration\",\n      \"Effect\": \"Allow\",\n      \"Action\": [\n        \"kms:Update*\",\n        \"kms:UntagResource\",\n        \"kms:TagResource\",\n        \"kms:ScheduleKeyDeletion\",\n        \"kms:Revoke*\",\n        \"kms:ReplicateKey\",\n        \"kms:Put*\",\n        \"kms:List*\",\n        \"kms:ImportKeyMaterial\",\n        \"kms:Get*\",\n        \"kms:Enable*\",\n        \"kms:Disable*\",\n        \"kms:Describe*\",\n        \"kms:Delete*\",\n        \"kms:Create*\",\n        \"kms:CancelKeyDeletion\"\n      ],\n      \"Resource\": \"*\",\n      \"Principal\": {\n        \"AWS\": \"arn:aws:iam::547320736290:root\"\n      }\n    },\n    {\n      \"Sid\": \"KeyUsage\",\n      \"Effect\": \"Allow\",\n      \"Action\": [\n        \"kms:ReEncrypt*\",\n        \"kms:GenerateDataKey*\",\n        \"kms:Encrypt\",\n        \"kms:DescribeKey\",\n        \"kms:Decrypt\"\n      ],\n      \"Resource\": \"*\",\n      \"Principal\": {\n        \"AWS\": \"arn:aws:iam::547320736290:role/ex-self-mng-bottlerocket-cluster-f1dd41036d09678d2634fb0a3c\"\n      }\n    }\n  ]\n}",
            "minified_json": "{\"Version\":\"2012-10-17\",\"Statement\":[{\"Sid\":\"Default\",\"Effect\":\"Allow\",\"Action\":\"kms:*\",\"Resource\":\"*\",\"Principal\":{\"AWS\":\"arn:aws:iam::547320736290:root\"}},{\"Sid\":\"KeyAdministration\",\"Effect\":\"Allow\",\"Action\":[\"kms:Update*\",\"kms:UntagResource\",\"kms:TagResource\",\"kms:ScheduleKeyDeletion\",\"kms:Revoke*\",\"kms:ReplicateKey\",\"kms:Put*\",\"kms:List*\",\"kms:ImportKeyMaterial\",\"kms:Get*\",\"kms:Enable*\",\"kms:Disable*\",\"kms:Describe*\",\"kms:Delete*\",\"kms:Create*\",\"kms:CancelKeyDeletion\"],\"Resource\":\"*\",\"Principal\":{\"AWS\":\"arn:aws:iam::547320736290:root\"}},{\"Sid\":\"KeyUsage\",\"Effect\":\"Allow\",\"Action\":[\"kms:ReEncrypt*\",\"kms:GenerateDataKey*\",\"kms:Encrypt\",\"kms:DescribeKey\",\"kms:Decrypt\"],\"Resource\":\"*\",\"Principal\":{\"AWS\":\"arn:aws:iam::547320736290:role/ex-self-mng-bottlerocket-cluster-f1dd41036d09678d2634fb0a3c\"}}]}",
            "override_json": null,
            "override_policy_documents": null,
            "policy_id": null,
            "source_json": null,
            "source_policy_documents": null,
            "statement": [
              {
                "actions": [
                  "kms:*"
                ],
                "condition": [],
                "effect": "Allow",
                "not_actions": [],
                "not_principals": [],
                "not_resources": [],
                "principals": [
                  {
                    "identifiers": [
                      "arn:aws:iam::547320736290:root"
                    ],
                    "type": "AWS"
                  }
                ],
                "resources": [
                  "*"
                ],
                "sid": "Default"
              },
              {
                "actions": [
                  "kms:CancelKeyDeletion",
                  "kms:Create*",
                  "kms:Delete*",
                  "kms:Describe*",
                  "kms:Disable*",
                  "kms:Enable*",
                  "kms:Get*",
                  "kms:ImportKeyMaterial",
                  "kms:List*",
                  "kms:Put*",
                  "kms:ReplicateKey",
                  "kms:Revoke*",
                  "kms:ScheduleKeyDeletion",
                  "kms:TagResource",
                  "kms:UntagResource",
                  "kms:Update*"
                ],
                "condition": [],
                "effect": "Allow",
                "not_actions": [],
                "not_principals": [],
                "not_resources": [],
                "principals": [
                  {
                    "identifiers": [
                      "arn:aws:iam::547320736290:root"
                    ],
                    "type": "AWS"
                  }
                ],
                "resources": [
                  "*"
                ],
                "sid": "KeyAdministration"
              },
              {
                "actions": [
                  "kms:Decrypt",
                  "kms:DescribeKey",
                  "kms:Encrypt",
                  "kms:GenerateDataKey*",
                  "kms:ReEncrypt*"
                ],
                "condition": [],
                "effect": "Allow",
                "not_actions": [],
                "not_principals": [],
                "not_resources": [],
                "principals": [
                  {
                    "identifiers": [
                      "arn:aws:iam::547320736290:role/ex-self-mng-bottlerocket-cluster-f1dd41036d09678d2634fb0a3c"
                    ],
                    "type": "AWS"
                  }
                ],
                "resources": [
                  "*"
                ],
                "sid": "KeyUsage"
              }
            ],
            "version": "2012-10-17"
          },
          "sensitive_attributes": [],
          "identity_schema_version": 0
        }
      ]
    },
    {
      "module": "module.eks_bottlerocket.module.kms",
      "mode": "data",
      "type": "aws_partition",
      "name": "current",
      "provider": "provider[\"registry.terraform.io/hashicorp/aws\"]",
      "instances": [
        {
          "index_key": 0,
          "schema_version": 0,
          "attributes": {
            "dns_suffix": "amazonaws.com",
            "id": "aws",
            "partition": "aws",
            "reverse_dns_prefix": "com.amazonaws"
          },
          "sensitive_attributes": [],
          "identity_schema_version": 0
        }
      ]
    },
    {
      "module": "module.eks_bottlerocket.module.kms",
      "mode": "managed",
      "type": "aws_kms_alias",
      "name": "this",
      "provider": "provider[\"registry.terraform.io/hashicorp/aws\"]",
      "instances": [
        {
          "index_key": "cluster",
          "schema_version": 0,
          "attributes": {
            "arn": "arn:aws:kms:eu-north-1:547320736290:alias/eks/ex-self-mng-bottlerocket",
            "id": "alias/eks/ex-self-mng-bottlerocket",
            "name": "alias/eks/ex-self-mng-bottlerocket",
            "name_prefix": "",
            "region": "eu-north-1",
            "target_key_arn": "arn:aws:kms:eu-north-1:547320736290:key/8407e2c9-f9ea-4755-b896-355c5b95bc5e",
            "target_key_id": "8407e2c9-f9ea-4755-b896-355c5b95bc5e"
          },
          "sensitive_attributes": [],
          "identity_schema_version": 0,
          "identity": {
            "account_id": "547320736290",
            "name": "alias/eks/ex-self-mng-bottlerocket",
            "region": "eu-north-1"
          },
          "private": "bnVsbA==",
          "dependencies": [
            "module.eks_bottlerocket.aws_iam_role.this",
            "module.eks_bottlerocket.data.aws_caller_identity.current",
            "module.eks_bottlerocket.data.aws_iam_policy_document.assume_role_policy",
            "module.eks_bottlerocket.data.aws_iam_session_context.current",
            "module.eks_bottlerocket.module.kms.aws_kms_external_key.this",
            "module.eks_bottlerocket.module.kms.aws_kms_key.this",
            "module.eks_bottlerocket.module.kms.aws_kms_replica_external_key.this",
            "module.eks_bottlerocket.module.kms.aws_kms_replica_key.this",
            "module.eks_bottlerocket.module.kms.data.aws_caller_identity.current",
            "module.eks_bottlerocket.module.kms.data.aws_iam_policy_document.this",
            "module.eks_bottlerocket.module.kms.data.aws_partition.current"
          ]
        }
      ]
    },
    {
      "module": "module.eks_bottlerocket.module.kms",
      "mode": "managed",
      "type": "aws_kms_external_key",
      "name": "this",
      "provider": "provider[\"registry.terraform.io/hashicorp/aws\"]",
      "instances": []
    },
    {
      "module": "module.eks_bottlerocket.module.kms",
      "mode": "managed",
      "type": "aws_kms_grant",
      "name": "this",
      "provider": "provider[\"registry.terraform.io/hashicorp/aws\"]",
      "instances": []
    },
    {
      "module": "module.eks_bottlerocket.module.kms",
      "mode": "managed",
      "type": "aws_kms_key",
      "name": "this",
      "provider": "provider[\"registry.terraform.io/hashicorp/aws\"]",
      "instances": [
        {
          "index_key": 0,
          "schema_version": 0,
          "attributes": {
            "arn": "arn:aws:kms:eu-north-1:547320736290:key/8407e2c9-f9ea-4755-b896-355c5b95bc5e",
            "bypass_policy_lockout_safety_check": false,
            "custom_key_store_id": "",
            "customer_master_key_spec": "SYMMETRIC_DEFAULT",
            "deletion_window_in_days": null,
            "description": "ex-self-mng-bottlerocket cluster encryption key",
            "enable_key_rotation": true,
            "id": "8407e2c9-f9ea-4755-b896-355c5b95bc5e",
            "is_enabled": true,
            "key_id": "8407e2c9-f9ea-4755-b896-355c5b95bc5e",
            "key_usage": "ENCRYPT_DECRYPT",
            "multi_region": false,
            "policy": "{\"Statement\":[{\"Action\":\"kms:*\",\"Effect\":\"Allow\",\"Principal\":{\"AWS\":\"arn:aws:iam::547320736290:root\"},\"Resource\":\"*\",\"Sid\":\"Default\"},{\"Action\":[\"kms:Update*\",\"kms:UntagResource\",\"kms:TagResource\",\"kms:ScheduleKeyDeletion\",\"kms:Revoke*\",\"kms:ReplicateKey\",\"kms:Put*\",\"kms:List*\",\"kms:ImportKeyMaterial\",\"kms:Get*\",\"kms:Enable*\",\"kms:Disable*\",\"kms:Describe*\",\"kms:Delete*\",\"kms:Create*\",\"kms:CancelKeyDeletion\"],\"Effect\":\"Allow\",\"Principal\":{\"AWS\":\"arn:aws:iam::547320736290:root\"},\"Resource\":\"*\",\"Sid\":\"KeyAdministration\"},{\"Action\":[\"kms:ReEncrypt*\",\"kms:GenerateDataKey*\",\"kms:Encrypt\",\"kms:DescribeKey\",\"kms:Decrypt\"],\"Effect\":\"Allow\",\"Principal\":{\"AWS\":\"arn:aws:iam::547320736290:role/ex-self-mng-bottlerocket-cluster-f1dd41036d09678d2634fb0a3c\"},\"Resource\":\"*\",\"Sid\":\"KeyUsage\"}],\"Version\":\"2012-10-17\"}",
            "region": "eu-north-1",
            "rotation_period_in_days": 365,
            "tags": {
              "Example": "ex-self-mng",
              "GithubOrg": "terraform-aws-modules",
              "GithubRepo": "terraform-aws-eks"
            },
            "tags_all": {
              "Example": "ex-self-mng",
              "GithubOrg": "terraform-aws-modules",
              "GithubRepo": "terraform-aws-eks"
            },
            "timeouts": null,
            "xks_key_id": ""
          },
          "sensitive_attributes": [],
          "identity_schema_version": 0,
          "identity": {
            "account_id": "547320736290",
            "id": "8407e2c9-f9ea-4755-b896-355c5b95bc5e",
            "region": "eu-north-1"
          },
          "private": "eyJlMmJmYjczMC1lY2FhLTExZTYtOGY4OC0zNDM2M2JjN2M0YzAiOnsiY3JlYXRlIjoxMjAwMDAwMDAwMDB9fQ==",
          "dependencies": [
            "module.eks_bottlerocket.aws_iam_role.this",
            "module.eks_bottlerocket.data.aws_caller_identity.current",
            "module.eks_bottlerocket.data.aws_iam_policy_document.assume_role_policy",
            "module.eks_bottlerocket.data.aws_iam_session_context.current",
            "module.eks_bottlerocket.module.kms.data.aws_caller_identity.current",
            "module.eks_bottlerocket.module.kms.data.aws_iam_policy_document.this",
            "module.eks_bottlerocket.module.kms.data.aws_partition.current"
          ],
          "create_before_destroy": true
        }
      ]
    },
    {
      "module": "module.eks_bottlerocket.module.kms",
      "mode": "managed",
      "type": "aws_kms_replica_external_key",
      "name": "this",
      "provider": "provider[\"registry.terraform.io/hashicorp/aws\"]",
      "instances": []
    },
    {
      "module": "module.eks_bottlerocket.module.kms",
      "mode": "managed",
      "type": "aws_kms_replica_key",
      "name": "this",
      "provider": "provider[\"registry.terraform.io/hashicorp/aws\"]",
      "instances": []
    },
    {
      "module": "module.eks_bottlerocket.module.self_managed_node_group[\"example\"]",
      "mode": "data",
      "type": "aws_caller_identity",
      "name": "current",
      "provider": "provider[\"registry.terraform.io/hashicorp/aws\"]",
      "instances": []
    },
    {
      "module": "module.eks_bottlerocket.module.self_managed_node_group[\"example\"]",
      "mode": "data",
      "type": "aws_ec2_instance_type",
      "name": "this",
      "provider": "provider[\"registry.terraform.io/hashicorp/aws\"]",
      "instances": []
    },
    {
      "module": "module.eks_bottlerocket.module.self_managed_node_group[\"example\"]",
      "mode": "data",
      "type": "aws_iam_policy_document",
      "name": "assume_role_policy",
      "provider": "provider[\"registry.terraform.io/hashicorp/aws\"]",
      "instances": [
        {
          "index_key": 0,
          "schema_version": 0,
          "attributes": {
            "id": "2560088296",
            "json": "{\n  \"Version\": \"2012-10-17\",\n  \"Statement\": [\n    {\n      \"Sid\": \"EKSNodeAssumeRole\",\n      \"Effect\": \"Allow\",\n      \"Action\": \"sts:AssumeRole\",\n      \"Principal\": {\n        \"Service\": \"ec2.amazonaws.com\"\n      }\n    }\n  ]\n}",
            "minified_json": "{\"Version\":\"2012-10-17\",\"Statement\":[{\"Sid\":\"EKSNodeAssumeRole\",\"Effect\":\"Allow\",\"Action\":\"sts:AssumeRole\",\"Principal\":{\"Service\":\"ec2.amazonaws.com\"}}]}",
            "override_json": null,
            "override_policy_documents": null,
            "policy_id": null,
            "source_json": null,
            "source_policy_documents": null,
            "statement": [
              {
                "actions": [
                  "sts:AssumeRole"
                ],
                "condition": [],
                "effect": "Allow",
                "not_actions": [],
                "not_principals": [],
                "not_resources": [],
                "principals": [
                  {
                    "identifiers": [
                      "ec2.amazonaws.com"
                    ],
                    "type": "Service"
                  }
                ],
                "resources": [],
                "sid": "EKSNodeAssumeRole"
              }
            ],
            "version": "2012-10-17"
          },
          "sensitive_attributes": [],
          "identity_schema_version": 0
        }
      ]
    },
    {
      "module": "module.eks_bottlerocket.module.self_managed_node_group[\"example\"]",
      "mode": "data",
      "type": "aws_iam_policy_document",
      "name": "role",
      "provider": "provider[\"registry.terraform.io/hashicorp/aws\"]",
      "instances": []
    },
    {
      "module": "module.eks_bottlerocket.module.self_managed_node_group[\"example\"]",
      "mode": "data",
      "type": "aws_partition",
      "name": "current",
      "provider": "provider[\"registry.terraform.io/hashicorp/aws\"]",
      "instances": []
    },
    {
      "module": "module.eks_bottlerocket.module.self_managed_node_group[\"example\"]",
      "mode": "data",
      "type": "aws_ssm_parameter",
      "name": "ami",
      "provider": "provider[\"registry.terraform.io/hashicorp/aws\"]",
      "instances": [
        {
          "index_key": 0,
          "schema_version": 0,
          "attributes": {
            "arn": "arn:aws:ssm:eu-north-1::parameter/aws/service/bottlerocket/aws-k8s-1.33/x86_64/latest/image_id",
            "id": "/aws/service/bottlerocket/aws-k8s-1.33/x86_64/latest/image_id",
            "insecure_value": "ami-0ad691aee7e82d6ef",
            "name": "/aws/service/bottlerocket/aws-k8s-1.33/x86_64/latest/image_id",
            "region": "eu-north-1",
            "type": "String",
            "value": "ami-0ad691aee7e82d6ef",
            "version": 25,
            "with_decryption": true
          },
          "sensitive_attributes": [
            [
              {
                "type": "get_attr",
                "value": "value"
              }
            ]
          ],
          "identity_schema_version": 0
        }
      ]
    },
    {
      "module": "module.eks_bottlerocket.module.self_managed_node_group[\"example\"]",
      "mode": "data",
      "type": "aws_subnet",
      "name": "this",
      "provider": "provider[\"registry.terraform.io/hashicorp/aws\"]",
      "instances": []
    },
    {
      "module": "module.eks_bottlerocket.module.self_managed_node_group[\"example\"]",
      "mode": "managed",
      "type": "aws_autoscaling_group",
      "name": "this",
      "provider": "provider[\"registry.terraform.io/hashicorp/aws\"]",
      "instances": [
        {
          "index_key": 0,
          "status": "tainted",
          "schema_version": 1,
          "attributes": {
            "arn": null,
            "availability_zone_distribution": null,
            "availability_zones": [],
            "capacity_rebalance": null,
            "capacity_reservation_specification": null,
            "context": null,
            "default_cooldown": null,
            "default_instance_warmup": null,
            "desired_capacity": 2,
            "desired_capacity_type": null,
            "enabled_metrics": null,
            "force_delete": false,
            "force_delete_warm_pool": false,
            "health_check_grace_period": 300,
            "health_check_type": null,
            "id": "example-0b1223a56ee5b0198c650f14dd",
            "ignore_failed_scaling_activities": false,
            "initial_lifecycle_hook": [],
            "instance_maintenance_policy": [],
            "instance_refresh": [
              {
                "preferences": [
                  {
                    "alarm_specification": [],
                    "auto_rollback": false,
                    "checkpoint_delay": "",
                    "checkpoint_percentages": null,
                    "instance_warmup": "",
                    "max_healthy_percentage": 100,
                    "min_healthy_percentage": 66,
                    "scale_in_protected_instances": "Ignore",
                    "skip_matching": false,
                    "standby_instances": "Ignore"
                  }
                ],
                "strategy": "Rolling",
                "triggers": null
              }
            ],
            "launch_configuration": null,
            "launch_template": [
              {
                "id": "lt-09e65c18d3d78459f",
                "name": "",
                "version": "1"
              }
            ],
            "load_balancers": [],
            "max_instance_lifetime": null,
            "max_size": 5,
            "metrics_granularity": "1Minute",
            "min_elb_capacity": null,
            "min_size": 2,
            "mixed_instances_policy": null,
            "name": null,
            "name_prefix": "example-",
            "placement_group": null,
            "predicted_capacity": null,
            "protect_from_scale_in": false,
            "region": "eu-north-1",
            "service_linked_role_arn": null,
            "suspended_processes": null,
            "tag": [
              {
                "key": "Example",
                "propagate_at_launch": true,
                "value": "ex-self-mng"
              },
              {
                "key": "GithubOrg",
                "propagate_at_launch": true,
                "value": "terraform-aws-modules"
              },
              {
                "key": "GithubRepo",
                "propagate_at_launch": true,
                "value": "terraform-aws-eks"
              },
              {
                "key": "Name",
                "propagate_at_launch": true,
                "value": "example"
              },
              {
                "key": "k8s.io/cluster/ex-self-mng-bottlerocket",
                "propagate_at_launch": true,
                "value": "owned"
              },
              {
                "key": "kubernetes.io/cluster/ex-self-mng-bottlerocket",
                "propagate_at_launch": true,
                "value": "owned"
              }
            ],
            "target_group_arns": [],
            "termination_policies": [],
            "timeouts": null,
            "traffic_source": [],
            "vpc_zone_identifier": [
              "subnet-0573b75042cf6c417",
              "subnet-0b21cde55cf8f99f5",
              "subnet-0bf08397412da6590"
            ],
            "wait_for_capacity_timeout": "10m",
            "wait_for_elb_capacity": null,
            "warm_pool": [],
            "warm_pool_size": null
          },
          "sensitive_attributes": [],
          "identity_schema_version": 0,
          "private": "eyJlMmJmYjczMC1lY2FhLTExZTYtOGY4OC0zNDM2M2JjN2M0YzAiOnsiZGVsZXRlIjo2MDAwMDAwMDAwMDAsInVwZGF0ZSI6NjAwMDAwMDAwMDAwfSwic2NoZW1hX3ZlcnNpb24iOiIxIn0=",
          "dependencies": [
            "data.aws_availability_zones.available",
            "module.eks_bottlerocket.aws_cloudwatch_log_group.this",
            "module.eks_bottlerocket.aws_eks_cluster.this",
            "module.eks_bottlerocket.aws_iam_policy.cni_ipv6_policy",
            "module.eks_bottlerocket.aws_iam_role.eks_auto",
            "module.eks_bottlerocket.aws_iam_role.this",
            "module.eks_bottlerocket.aws_iam_role_policy_attachment.this",
            "module.eks_bottlerocket.aws_security_group.cluster",
            "module.eks_bottlerocket.aws_security_group.node",
            "module.eks_bottlerocket.aws_security_group_rule.cluster",
            "module.eks_bottlerocket.aws_security_group_rule.node",
            "module.eks_bottlerocket.data.aws_caller_identity.current",
            "module.eks_bottlerocket.data.aws_iam_policy_document.assume_role_policy",
            "module.eks_bottlerocket.data.aws_iam_policy_document.cni_ipv6_policy",
            "module.eks_bottlerocket.data.aws_iam_policy_document.node_assume_role_policy",
            "module.eks_bottlerocket.data.aws_iam_session_context.current",
            "module.eks_bottlerocket.data.aws_partition.current",
            "module.eks_bottlerocket.module.kms.aws_kms_external_key.this",
            "module.eks_bottlerocket.module.kms.aws_kms_key.this",
            "module.eks_bottlerocket.module.kms.aws_kms_replica_external_key.this",
            "module.eks_bottlerocket.module.kms.aws_kms_replica_key.this",
            "module.eks_bottlerocket.module.kms.data.aws_caller_identity.current",
            "module.eks_bottlerocket.module.kms.data.aws_iam_policy_document.this",
            "module.eks_bottlerocket.module.kms.data.aws_partition.current",
            "module.eks_bottlerocket.module.self_managed_node_group.aws_iam_instance_profile.this",
            "module.eks_bottlerocket.module.self_managed_node_group.aws_iam_role.this",
            "module.eks_bottlerocket.module.self_managed_node_group.aws_iam_role_policy_attachment.additional",
            "module.eks_bottlerocket.module.self_managed_node_group.aws_iam_role_policy_attachment.this",
            "module.eks_bottlerocket.module.self_managed_node_group.aws_launch_template.this",
            "module.eks_bottlerocket.module.self_managed_node_group.aws_placement_group.this",
            "module.eks_bottlerocket.module.self_managed_node_group.data.aws_caller_identity.current",
            "module.eks_bottlerocket.module.self_managed_node_group.data.aws_ec2_instance_type.this",
            "module.eks_bottlerocket.module.self_managed_node_group.data.aws_iam_policy_document.assume_role_policy",
            "module.eks_bottlerocket.module.self_managed_node_group.data.aws_partition.current",
            "module.eks_bottlerocket.module.self_managed_node_group.data.aws_ssm_parameter.ami",
            "module.eks_bottlerocket.module.self_managed_node_group.module.user_data.data.cloudinit_config.al2023_eks_managed_node_group",
            "module.eks_bottlerocket.module.self_managed_node_group.module.user_data.data.cloudinit_config.al2_eks_managed_node_group",
            "module.eks_bottlerocket.time_sleep.this",
            "module.vpc.aws_subnet.private",
            "module.vpc.aws_vpc.this",
            "module.vpc.aws_vpc_ipv4_cidr_block_association.this"
          ],
          "create_before_destroy": true
        }
      ]
    },
    {
      "module": "module.eks_bottlerocket.module.self_managed_node_group[\"example\"]",
      "mode": "managed",
      "type": "aws_eks_access_entry",
      "name": "this",
      "provider": "provider[\"registry.terraform.io/hashicorp/aws\"]",
      "instances": [
        {
          "index_key": 0,
          "schema_version": 0,
          "attributes": {
            "access_entry_arn": "arn:aws:eks:eu-north-1:547320736290:access-entry/ex-self-mng-bottlerocket/role/547320736290/example-node-group-965419a62e18410331cdb1ef8c/40cf8787-49af-ba30-085a-a2a28fdc7e08",
            "cluster_name": "ex-self-mng-bottlerocket",
            "created_at": "2026-06-28T16:27:21Z",
            "id": "ex-self-mng-bottlerocket:arn:aws:iam::547320736290:role/example-node-group-965419a62e18410331cdb1ef8c",
            "kubernetes_groups": [
              "system:nodes"
            ],
            "modified_at": "2026-06-28T16:27:21Z",
            "principal_arn": "arn:aws:iam::547320736290:role/example-node-group-965419a62e18410331cdb1ef8c",
            "region": "eu-north-1",
            "tags": {
              "Example": "ex-self-mng",
              "GithubOrg": "terraform-aws-modules",
              "GithubRepo": "terraform-aws-eks"
            },
            "tags_all": {
              "Example": "ex-self-mng",
              "GithubOrg": "terraform-aws-modules",
              "GithubRepo": "terraform-aws-eks"
            },
            "timeouts": null,
            "type": "EC2_LINUX",
            "user_name": "system:node:{{EC2PrivateDNSName}}"
          },
          "sensitive_attributes": [],
          "identity_schema_version": 0,
          "identity": {
            "account_id": "547320736290",
            "cluster_name": "ex-self-mng-bottlerocket",
            "principal_arn": "arn:aws:iam::547320736290:role/example-node-group-965419a62e18410331cdb1ef8c",
            "region": "eu-north-1"
          },
          "private": "eyJlMmJmYjczMC1lY2FhLTExZTYtOGY4OC0zNDM2M2JjN2M0YzAiOnsiY3JlYXRlIjo2MDAwMDAwMDAwMDAsImRlbGV0ZSI6NjAwMDAwMDAwMDAwfX0=",
          "dependencies": [
            "data.aws_availability_zones.available",
            "module.eks_bottlerocket.aws_cloudwatch_log_group.this",
            "module.eks_bottlerocket.aws_eks_cluster.this",
            "module.eks_bottlerocket.aws_iam_policy.cni_ipv6_policy",
            "module.eks_bottlerocket.aws_iam_role.eks_auto",
            "module.eks_bottlerocket.aws_iam_role.this",
            "module.eks_bottlerocket.aws_iam_role_policy_attachment.this",
            "module.eks_bottlerocket.aws_security_group.cluster",
            "module.eks_bottlerocket.aws_security_group.node",
            "module.eks_bottlerocket.aws_security_group_rule.cluster",
            "module.eks_bottlerocket.aws_security_group_rule.node",
            "module.eks_bottlerocket.data.aws_caller_identity.current",
            "module.eks_bottlerocket.data.aws_iam_policy_document.assume_role_policy",
            "module.eks_bottlerocket.data.aws_iam_policy_document.cni_ipv6_policy",
            "module.eks_bottlerocket.data.aws_iam_policy_document.node_assume_role_policy",
            "module.eks_bottlerocket.data.aws_iam_session_context.current",
            "module.eks_bottlerocket.data.aws_partition.current",
            "module.eks_bottlerocket.module.kms.aws_kms_external_key.this",
            "module.eks_bottlerocket.module.kms.aws_kms_key.this",
            "module.eks_bottlerocket.module.kms.aws_kms_replica_external_key.this",
            "module.eks_bottlerocket.module.kms.aws_kms_replica_key.this",
            "module.eks_bottlerocket.module.kms.data.aws_caller_identity.current",
            "module.eks_bottlerocket.module.kms.data.aws_iam_policy_document.this",
            "module.eks_bottlerocket.module.kms.data.aws_partition.current",
            "module.eks_bottlerocket.module.self_managed_node_group.aws_iam_role.this",
            "module.eks_bottlerocket.module.self_managed_node_group.data.aws_iam_policy_document.assume_role_policy",
            "module.eks_bottlerocket.time_sleep.this",
            "module.vpc.aws_subnet.private",
            "module.vpc.aws_vpc.this",
            "module.vpc.aws_vpc_ipv4_cidr_block_association.this"
          ]
        }
      ]
    },
    {
      "module": "module.eks_bottlerocket.module.self_managed_node_group[\"example\"]",
      "mode": "managed",
      "type": "aws_iam_instance_profile",
      "name": "this",
      "provider": "provider[\"registry.terraform.io/hashicorp/aws\"]",
      "instances": [
        {
          "index_key": 0,
          "schema_version": 0,
          "attributes": {
            "arn": "arn:aws:iam::547320736290:instance-profile/example-node-group-3b33064c0530c166d2ba379bc4",
            "create_date": "2026-06-28T16:18:39Z",
            "id": "example-node-group-3b33064c0530c166d2ba379bc4",
            "name": "example-node-group-3b33064c0530c166d2ba379bc4",
            "name_prefix": "example-node-group-",
            "path": "/",
            "role": "example-node-group-965419a62e18410331cdb1ef8c",
            "tags": {
              "Example": "ex-self-mng",
              "GithubOrg": "terraform-aws-modules",
              "GithubRepo": "terraform-aws-eks"
            },
            "tags_all": {
              "Example": "ex-self-mng",
              "GithubOrg": "terraform-aws-modules",
              "GithubRepo": "terraform-aws-eks"
            },
            "unique_id": "AIPAX63W3VIRPZ2GAOBZI"
          },
          "sensitive_attributes": [],
          "identity_schema_version": 0,
          "identity": {
            "account_id": "547320736290",
            "name": "example-node-group-3b33064c0530c166d2ba379bc4"
          },
          "private": "bnVsbA==",
          "dependencies": [
            "module.eks_bottlerocket.module.self_managed_node_group.aws_iam_role.this",
            "module.eks_bottlerocket.module.self_managed_node_group.data.aws_iam_policy_document.assume_role_policy"
          ],
          "create_before_destroy": true
        }
      ]
    },
    {
      "module": "module.eks_bottlerocket.module.self_managed_node_group[\"example\"]",
      "mode": "managed",
      "type": "aws_iam_role",
      "name": "this",
      "provider": "provider[\"registry.terraform.io/hashicorp/aws\"]",
      "instances": [
        {
          "index_key": 0,
          "schema_version": 0,
          "attributes": {
            "arn": "arn:aws:iam::547320736290:role/example-node-group-965419a62e18410331cdb1ef8c",
            "assume_role_policy": "{\"Statement\":[{\"Action\":\"sts:AssumeRole\",\"Effect\":\"Allow\",\"Principal\":{\"Service\":\"ec2.amazonaws.com\"},\"Sid\":\"EKSNodeAssumeRole\"}],\"Version\":\"2012-10-17\"}",
            "create_date": "2026-06-28T16:18:38Z",
            "description": "Self managed node group IAM role",
            "force_detach_policies": true,
            "id": "example-node-group-965419a62e18410331cdb1ef8c",
            "inline_policy": [],
            "managed_policy_arns": [],
            "max_session_duration": 3600,
            "name": "example-node-group-965419a62e18410331cdb1ef8c",
            "name_prefix": "example-node-group-",
            "path": "/",
            "permissions_boundary": "",
            "tags": {
              "Example": "ex-self-mng",
              "GithubOrg": "terraform-aws-modules",
              "GithubRepo": "terraform-aws-eks"
            },
            "tags_all": {
              "Example": "ex-self-mng",
              "GithubOrg": "terraform-aws-modules",
              "GithubRepo": "terraform-aws-eks"
            },
            "unique_id": "AROAX63W3VIROTX6GSIWC"
          },
          "sensitive_attributes": [],
          "identity_schema_version": 0,
          "identity": {
            "account_id": "547320736290",
            "name": "example-node-group-965419a62e18410331cdb1ef8c"
          },
          "private": "bnVsbA==",
          "dependencies": [
            "module.eks_bottlerocket.module.self_managed_node_group.data.aws_iam_policy_document.assume_role_policy"
          ],
          "create_before_destroy": true
        }
      ]
    },
    {
      "module": "module.eks_bottlerocket.module.self_managed_node_group[\"example\"]",
      "mode": "managed",
      "type": "aws_iam_role_policy",
      "name": "this",
      "provider": "provider[\"registry.terraform.io/hashicorp/aws\"]",
      "instances": []
    },
    {
      "module": "module.eks_bottlerocket.module.self_managed_node_group[\"example\"]",
      "mode": "managed",
      "type": "aws_iam_role_policy_attachment",
      "name": "additional",
      "provider": "provider[\"registry.terraform.io/hashicorp/aws\"]",
      "instances": []
    },
    {
      "module": "module.eks_bottlerocket.module.self_managed_node_group[\"example\"]",
      "mode": "managed",
      "type": "aws_iam_role_policy_attachment",
      "name": "this",
      "provider": "provider[\"registry.terraform.io/hashicorp/aws\"]",
      "instances": [
        {
          "index_key": "AmazonEC2ContainerRegistryReadOnly",
          "schema_version": 0,
          "attributes": {
            "id": "example-node-group-965419a62e18410331cdb1ef8c/arn:aws:iam::aws:policy/AmazonEC2ContainerRegistryReadOnly",
            "policy_arn": "arn:aws:iam::aws:policy/AmazonEC2ContainerRegistryReadOnly",
            "role": "example-node-group-965419a62e18410331cdb1ef8c"
          },
          "sensitive_attributes": [],
          "identity_schema_version": 0,
          "identity": {
            "account_id": "547320736290",
            "policy_arn": "arn:aws:iam::aws:policy/AmazonEC2ContainerRegistryReadOnly",
            "role": "example-node-group-965419a62e18410331cdb1ef8c"
          },
          "private": "bnVsbA==",
          "dependencies": [
            "module.eks_bottlerocket.data.aws_caller_identity.current",
            "module.eks_bottlerocket.data.aws_partition.current",
            "module.eks_bottlerocket.module.self_managed_node_group.aws_iam_role.this",
            "module.eks_bottlerocket.module.self_managed_node_group.data.aws_caller_identity.current",
            "module.eks_bottlerocket.module.self_managed_node_group.data.aws_iam_policy_document.assume_role_policy",
            "module.eks_bottlerocket.module.self_managed_node_group.data.aws_partition.current"
          ],
          "create_before_destroy": true
        },
        {
          "index_key": "AmazonEKSWorkerNodePolicy",
          "schema_version": 0,
          "attributes": {
            "id": "example-node-group-965419a62e18410331cdb1ef8c/arn:aws:iam::aws:policy/AmazonEKSWorkerNodePolicy",
            "policy_arn": "arn:aws:iam::aws:policy/AmazonEKSWorkerNodePolicy",
            "role": "example-node-group-965419a62e18410331cdb1ef8c"
          },
          "sensitive_attributes": [],
          "identity_schema_version": 0,
          "identity": {
            "account_id": "547320736290",
            "policy_arn": "arn:aws:iam::aws:policy/AmazonEKSWorkerNodePolicy",
            "role": "example-node-group-965419a62e18410331cdb1ef8c"
          },
          "private": "bnVsbA==",
          "dependencies": [
            "module.eks_bottlerocket.data.aws_caller_identity.current",
            "module.eks_bottlerocket.data.aws_partition.current",
            "module.eks_bottlerocket.module.self_managed_node_group.aws_iam_role.this",
            "module.eks_bottlerocket.module.self_managed_node_group.data.aws_caller_identity.current",
            "module.eks_bottlerocket.module.self_managed_node_group.data.aws_iam_policy_document.assume_role_policy",
            "module.eks_bottlerocket.module.self_managed_node_group.data.aws_partition.current"
          ],
          "create_before_destroy": true
        },
        {
          "index_key": "AmazonEKS_CNI_Policy",
          "schema_version": 0,
          "attributes": {
            "id": "example-node-group-965419a62e18410331cdb1ef8c/arn:aws:iam::aws:policy/AmazonEKS_CNI_Policy",
            "policy_arn": "arn:aws:iam::aws:policy/AmazonEKS_CNI_Policy",
            "role": "example-node-group-965419a62e18410331cdb1ef8c"
          },
          "sensitive_attributes": [],
          "identity_schema_version": 0,
          "identity": {
            "account_id": "547320736290",
            "policy_arn": "arn:aws:iam::aws:policy/AmazonEKS_CNI_Policy",
            "role": "example-node-group-965419a62e18410331cdb1ef8c"
          },
          "private": "bnVsbA==",
          "dependencies": [
            "module.eks_bottlerocket.data.aws_caller_identity.current",
            "module.eks_bottlerocket.data.aws_partition.current",
            "module.eks_bottlerocket.module.self_managed_node_group.aws_iam_role.this",
            "module.eks_bottlerocket.module.self_managed_node_group.data.aws_caller_identity.current",
            "module.eks_bottlerocket.module.self_managed_node_group.data.aws_iam_policy_document.assume_role_policy",
            "module.eks_bottlerocket.module.self_managed_node_group.data.aws_partition.current"
          ],
          "create_before_destroy": true
        }
      ]
    },
    {
      "module": "module.eks_bottlerocket.module.self_managed_node_group[\"example\"]",
      "mode": "managed",
      "type": "aws_launch_template",
      "name": "this",
      "provider": "provider[\"registry.terraform.io/hashicorp/aws\"]",
      "instances": [
        {
          "index_key": 0,
          "schema_version": 1,
          "attributes": {
            "arn": "arn:aws:ec2:eu-north-1:547320736290:launch-template/lt-09e65c18d3d78459f",
            "block_device_mappings": [],
            "capacity_reservation_specification": [],
            "cpu_options": [],
            "credit_specification": [],
            "default_version": 1,
            "description": "Custom launch template for example self managed node group",
            "disable_api_stop": false,
            "disable_api_termination": false,
            "ebs_optimized": "",
            "enclave_options": [],
            "hibernation_options": [],
            "iam_instance_profile": [
              {
                "arn": "arn:aws:iam::547320736290:instance-profile/example-node-group-3b33064c0530c166d2ba379bc4",
                "name": ""
              }
            ],
            "id": "lt-09e65c18d3d78459f",
            "image_id": "ami-0ad691aee7e82d6ef",
            "instance_initiated_shutdown_behavior": "",
            "instance_market_options": [],
            "instance_requirements": [],
            "instance_type": "t2.micro",
            "kernel_id": "",
            "key_name": "",
            "latest_version": 1,
            "license_specification": [],
            "maintenance_options": [],
            "metadata_options": [
              {
                "http_endpoint": "enabled",
                "http_protocol_ipv6": "",
                "http_put_response_hop_limit": 1,
                "http_tokens": "required",
                "instance_metadata_tags": ""
              }
            ],
            "monitoring": [],
            "name": "example-b9355fe22608cad1a686687e25",
            "name_prefix": "example-",
            "network_interfaces": [],
            "network_performance_options": [],
            "placement": [],
            "private_dns_name_options": [],
            "ram_disk_id": "",
            "region": "eu-north-1",
            "secondary_interfaces": [],
            "security_group_names": null,
            "tag_specifications": [
              {
                "resource_type": "instance",
                "tags": {
                  "Example": "ex-self-mng",
                  "GithubOrg": "terraform-aws-modules",
                  "GithubRepo": "terraform-aws-eks",
                  "Name": "example"
                }
              },
              {
                "resource_type": "network-interface",
                "tags": {
                  "Example": "ex-self-mng",
                  "GithubOrg": "terraform-aws-modules",
                  "GithubRepo": "terraform-aws-eks",
                  "Name": "example"
                }
              },
              {
                "resource_type": "volume",
                "tags": {
                  "Example": "ex-self-mng",
                  "GithubOrg": "terraform-aws-modules",
                  "GithubRepo": "terraform-aws-eks",
                  "Name": "example"
                }
              }
            ],
            "tags": {
              "Example": "ex-self-mng",
              "GithubOrg": "terraform-aws-modules",
              "GithubRepo": "terraform-aws-eks"
            },
            "tags_all": {
              "Example": "ex-self-mng",
              "GithubOrg": "terraform-aws-modules",
              "GithubRepo": "terraform-aws-eks"
            },
            "update_default_version": true,
            "user_data": "W3NldHRpbmdzLmt1YmVybmV0ZXNdCiJjbHVzdGVyLW5hbWUiID0gImV4LXNlbGYtbW5nLWJvdHRsZXJvY2tldCIKImFwaS1zZXJ2ZXIiID0gImh0dHBzOi8vNjA3MUFDQjFERDQwRDA4NDNCMjNFN0MyMjZDMzcwRkUuZ3I3LmV1LW5vcnRoLTEuZWtzLmFtYXpvbmF3cy5jb20iCiJjbHVzdGVyLWNlcnRpZmljYXRlIiA9ICJMUzB0TFMxQ1JVZEpUaUJEUlZKVVNVWkpRMEZVUlMwdExTMHRDazFKU1VSQ1ZFTkRRV1V5WjBGM1NVSkJaMGxKWm1sQkwyZG9XVVJUYkRSM1JGRlpTa3R2V2tsb2RtTk9RVkZGVEVKUlFYZEdWRVZVVFVKRlIwRXhWVVVLUVhoTlMyRXpWbWxhV0VwMVdsaFNiR042UVdWR2R6QjVUbXBCTWsxcVozaE9ha1V6VGxSU1lVWjNNSHBPYWtFeVRXcFZlRTVxU1hsT1ZGSmhUVUpWZUFwRmVrRlNRbWRPVmtKQlRWUkRiWFF4V1cxV2VXSnRWakJhV0UxM1oyZEZhVTFCTUVkRFUzRkhVMGxpTTBSUlJVSkJVVlZCUVRSSlFrUjNRWGRuWjBWTENrRnZTVUpCVVVOb1prNWtSMnB0Wm1GR1IwaDRWa1l4UmxCeGFpdEpNMEl3Y2packswUjRiblEzY21JclEzRklOMU0yTkVSYU1rSlNSM295TUU1a1NXSUtPRk5wTVZKMWRIUXZkVzgzVm1ObFlUbE5hR2w1Y1RadGIzTjVUVGs0ZDJ4elJqRTJRVXRqTWtSaE5qUlFSM1pDV1U5NWVrc3dVVE5CWVZwaFRpOHZSZ3BIUzFGaVpUbHhUbW8wUjJkSlNqVkVkR3RSZHpGdGNtTkxVVVJqZG5oUWRtNVliak5UVldaRFJXbFdaRU5EUm5wVldEVm1ZVVZKWWpVNFRIZHBWbUpUQ2xWWU1IZ3ZUV1Y0VFVOTE5uVkNjM28xTTJObmVVRTBRMHNyVUhOalNrNUhWV2gyYjBNMGEzVnBTa3MxZVU1dU9VcHFjVnA2WTB4cWMyOHpPR1p5VFZvS01qRktTak5QUjBkcWExWXhTekkzWTBJemNVdFJNMGhMVFV4dk5VRXpZelpLUXpSQ09WQm5NVE5oTVVZeWVEUTNWWEJRVVRKemFXbDNVRXg0VDBReVF3b3pMMHBCZUVoTGJXY3hlVTV1VlZFNVQyUTJValpWYlZKcWFYZ3ZRV2ROUWtGQlIycFhWRUpZVFVFMFIwRXhWV1JFZDBWQ0wzZFJSVUYzU1VOd1JFRlFDa0puVGxaSVVrMUNRV1k0UlVKVVFVUkJVVWd2VFVJd1IwRXhWV1JFWjFGWFFrSlJTbGREWVdOV2JHaFlkMjlxV1VWR1l6VllaR1ZTY0Zka09UUjZRVllLUW1kT1ZraFNSVVZFYWtGTloyZHdjbVJYU214amJUVnNaRWRXZWsxQk1FZERVM0ZIVTBsaU0wUlJSVUpEZDFWQlFUUkpRa0ZSUTFaa1lraDFNVFpTV2dvMFdtNVRXa05VTjNGTmNYaHBjR2M1YlZGVVFXOUJNRzVMUWpsUVkySkRSRmRGWjFGeGIxSmlhelpYV2psM1NuWXJWVkZXYmpWSVlXSTFhekU1UkdkaENqQldlVEZOUm5CSlpFSnRaWFl5U0ZaaE16bExUMk5CVWl0YVNGZEpNM01yU1Vack5EQkpaVGRoZFdNMWMyMVpUVXRVV0RoamVUSjBaRVJHTjIwMUt6UUtZaTkzVldKcU1DdGtRVEIyVGtobk9ESkhSRnBvVTJFemVqbE9ablJoVDBJMmNqSm5ZbXhKTjBKcmVXbHJlV1EzUjBKbGRVbFdjWEF2Y2tZM1NsVXlZUXBxVlZsd01uTm9ZbElyTUVsbE9FNW1NekZZY2tkdVRFc3ZjMDU0UldKS1ZIbFFTVTg0ZW1wdVZ6QjVPVkl6TWpkU09GbExWVlUyUVdGR1JrTnFXbE5NQ25CaFkxQlpSR3R1ZW01MGJXUjRWRkJaYXpCV05rVkhPRVJOWkU1bk1YWTRNMHRvYlhGYWFGRnZZbE5vZVZKT1RVZGFkbHBLY0VaRlpGZDNLMDlvVDIwS2FHZHlOblJrV2paRVJFSm1DaTB0TFMwdFJVNUVJRU5GVWxSSlJrbERRVlJGTFMwdExTMEsiCiJjbHVzdGVyLWRucy1pcCIgPSBbIjE3Mi4yMC4wLjEwIl0KIyBUaGUgYWRtaW4gaG9zdCBjb250YWluZXIgcHJvdmlkZXMgU1NIIGFjY2VzcyBhbmQgcnVucyB3aXRoICJzdXBlcnBvd2VycyIuCiMgSXQgaXMgZGlzYWJsZWQgYnkgZGVmYXVsdCwgYnV0IGNhbiBiZSBkaXNhYmxlZCBleHBsaWNpdGx5Lgpbc2V0dGluZ3MuaG9zdC1jb250YWluZXJzLmFkbWluXQplbmFibGVkID0gZmFsc2UKCiMgVGhlIGNvbnRyb2wgaG9zdCBjb250YWluZXIgcHJvdmlkZXMgb3V0LW9mLWJhbmQgYWNjZXNzIHZpYSBTU00uCiMgSXQgaXMgZW5hYmxlZCBieSBkZWZhdWx0LCBhbmQgY2FuIGJlIGRpc2FibGVkIGlmIHlvdSBkbyBub3QgZXhwZWN0IHRvIHVzZSBTU00uCiMgVGhpcyBjb3VsZCBsZWF2ZSB5b3Ugd2l0aCBubyB3YXkgdG8gYWNjZXNzIHRoZSBBUEkgYW5kIGNoYW5nZSBzZXR0aW5ncyBvbiBhbiBleGlzdGluZyBub2RlIQpbc2V0dGluZ3MuaG9zdC1jb250YWluZXJzLmNvbnRyb2xdCmVuYWJsZWQgPSB0cnVlCgojIGV4dHJhIGFyZ3MgYWRkZWQKW3NldHRpbmdzLmtlcm5lbF0KbG9ja2Rvd24gPSAiaW50ZWdyaXR5Igo=",
            "vpc_security_group_ids": [
              "sg-0955229a4a8bf76de"
            ]
          },
          "sensitive_attributes": [],
          "identity_schema_version": 0,
          "identity": {
            "account_id": "547320736290",
            "id": "lt-09e65c18d3d78459f",
            "region": "eu-north-1"
          },
          "private": "eyJzY2hlbWFfdmVyc2lvbiI6IjEifQ==",
          "dependencies": [
            "data.aws_availability_zones.available",
            "module.eks_bottlerocket.aws_cloudwatch_log_group.this",
            "module.eks_bottlerocket.aws_eks_cluster.this",
            "module.eks_bottlerocket.aws_iam_policy.cni_ipv6_policy",
            "module.eks_bottlerocket.aws_iam_role.eks_auto",
            "module.eks_bottlerocket.aws_iam_role.this",
            "module.eks_bottlerocket.aws_iam_role_policy_attachment.this",
            "module.eks_bottlerocket.aws_security_group.cluster",
            "module.eks_bottlerocket.aws_security_group.node",
            "module.eks_bottlerocket.aws_security_group_rule.cluster",
            "module.eks_bottlerocket.aws_security_group_rule.node",
            "module.eks_bottlerocket.data.aws_caller_identity.current",
            "module.eks_bottlerocket.data.aws_iam_policy_document.assume_role_policy",
            "module.eks_bottlerocket.data.aws_iam_policy_document.cni_ipv6_policy",
            "module.eks_bottlerocket.data.aws_iam_policy_document.node_assume_role_policy",
            "module.eks_bottlerocket.data.aws_iam_session_context.current",
            "module.eks_bottlerocket.data.aws_partition.current",
            "module.eks_bottlerocket.module.kms.aws_kms_external_key.this",
            "module.eks_bottlerocket.module.kms.aws_kms_key.this",
            "module.eks_bottlerocket.module.kms.aws_kms_replica_external_key.this",
            "module.eks_bottlerocket.module.kms.aws_kms_replica_key.this",
            "module.eks_bottlerocket.module.kms.data.aws_caller_identity.current",
            "module.eks_bottlerocket.module.kms.data.aws_iam_policy_document.this",
            "module.eks_bottlerocket.module.kms.data.aws_partition.current",
            "module.eks_bottlerocket.module.self_managed_node_group.aws_iam_instance_profile.this",
            "module.eks_bottlerocket.module.self_managed_node_group.aws_iam_role.this",
            "module.eks_bottlerocket.module.self_managed_node_group.aws_iam_role_policy_attachment.additional",
            "module.eks_bottlerocket.module.self_managed_node_group.aws_iam_role_policy_attachment.this",
            "module.eks_bottlerocket.module.self_managed_node_group.aws_placement_group.this",
            "module.eks_bottlerocket.module.self_managed_node_group.data.aws_caller_identity.current",
            "module.eks_bottlerocket.module.self_managed_node_group.data.aws_ec2_instance_type.this",
            "module.eks_bottlerocket.module.self_managed_node_group.data.aws_iam_policy_document.assume_role_policy",
            "module.eks_bottlerocket.module.self_managed_node_group.data.aws_partition.current",
            "module.eks_bottlerocket.module.self_managed_node_group.data.aws_ssm_parameter.ami",
            "module.eks_bottlerocket.module.self_managed_node_group.module.user_data.data.cloudinit_config.al2023_eks_managed_node_group",
            "module.eks_bottlerocket.module.self_managed_node_group.module.user_data.data.cloudinit_config.al2_eks_managed_node_group",
            "module.eks_bottlerocket.time_sleep.this",
            "module.vpc.aws_subnet.private",
            "module.vpc.aws_vpc.this",
            "module.vpc.aws_vpc_ipv4_cidr_block_association.this"
          ],
          "create_before_destroy": true
        }
      ]
    },
    {
      "module": "module.eks_bottlerocket.module.self_managed_node_group[\"example\"]",
      "mode": "managed",
      "type": "aws_placement_group",
      "name": "this",
      "provider": "provider[\"registry.terraform.io/hashicorp/aws\"]",
      "instances": []
    },
    {
      "module": "module.eks_bottlerocket.module.self_managed_node_group[\"example\"]",
      "mode": "managed",
      "type": "aws_security_group",
      "name": "this",
      "provider": "provider[\"registry.terraform.io/hashicorp/aws\"]",
      "instances": []
    },
    {
      "module": "module.eks_bottlerocket.module.self_managed_node_group[\"example\"]",
      "mode": "managed",
      "type": "aws_vpc_security_group_egress_rule",
      "name": "this",
      "provider": "provider[\"registry.terraform.io/hashicorp/aws\"]",
      "instances": []
    },
    {
      "module": "module.eks_bottlerocket.module.self_managed_node_group[\"example\"]",
      "mode": "managed",
      "type": "aws_vpc_security_group_ingress_rule",
      "name": "this",
      "provider": "provider[\"registry.terraform.io/hashicorp/aws\"]",
      "instances": []
    },
    {
      "module": "module.eks_bottlerocket.module.self_managed_node_group[\"example\"].module.user_data",
      "mode": "data",
      "type": "cloudinit_config",
      "name": "al2023_eks_managed_node_group",
      "provider": "provider[\"registry.terraform.io/hashicorp/cloudinit\"]",
      "instances": []
    },
    {
      "module": "module.eks_bottlerocket.module.self_managed_node_group[\"example\"].module.user_data",
      "mode": "data",
      "type": "cloudinit_config",
      "name": "al2_eks_managed_node_group",
      "provider": "provider[\"registry.terraform.io/hashicorp/cloudinit\"]",
      "instances": []
    },
    {
      "module": "module.eks_bottlerocket.module.self_managed_node_group[\"example\"].module.user_data",
      "mode": "managed",
      "type": "null_resource",
      "name": "validate_cluster_service_cidr",
      "provider": "provider[\"registry.terraform.io/hashicorp/null\"]",
      "instances": [
        {
          "schema_version": 0,
          "attributes": {
            "id": "3544717526103048898",
            "triggers": null
          },
          "sensitive_attributes": [],
          "identity_schema_version": 0,
          "dependencies": [
            "data.aws_availability_zones.available",
            "module.eks_bottlerocket.aws_cloudwatch_log_group.this",
            "module.eks_bottlerocket.aws_eks_cluster.this",
            "module.eks_bottlerocket.aws_iam_policy.cni_ipv6_policy",
            "module.eks_bottlerocket.aws_iam_role.eks_auto",
            "module.eks_bottlerocket.aws_iam_role.this",
            "module.eks_bottlerocket.aws_iam_role_policy_attachment.this",
            "module.eks_bottlerocket.aws_security_group.cluster",
            "module.eks_bottlerocket.aws_security_group.node",
            "module.eks_bottlerocket.aws_security_group_rule.cluster",
            "module.eks_bottlerocket.aws_security_group_rule.node",
            "module.eks_bottlerocket.data.aws_caller_identity.current",
            "module.eks_bottlerocket.data.aws_iam_policy_document.assume_role_policy",
            "module.eks_bottlerocket.data.aws_iam_policy_document.cni_ipv6_policy",
            "module.eks_bottlerocket.data.aws_iam_policy_document.node_assume_role_policy",
            "module.eks_bottlerocket.data.aws_iam_session_context.current",
            "module.eks_bottlerocket.data.aws_partition.current",
            "module.eks_bottlerocket.module.kms.aws_kms_external_key.this",
            "module.eks_bottlerocket.module.kms.aws_kms_key.this",
            "module.eks_bottlerocket.module.kms.aws_kms_replica_external_key.this",
            "module.eks_bottlerocket.module.kms.aws_kms_replica_key.this",
            "module.eks_bottlerocket.module.kms.data.aws_caller_identity.current",
            "module.eks_bottlerocket.module.kms.data.aws_iam_policy_document.this",
            "module.eks_bottlerocket.module.kms.data.aws_partition.current",
            "module.eks_bottlerocket.time_sleep.this",
            "module.vpc.aws_subnet.private",
            "module.vpc.aws_vpc.this",
            "module.vpc.aws_vpc_ipv4_cidr_block_association.this"
          ]
        }
      ]
    },
    {
      "module": "module.vpc",
      "mode": "data",
      "type": "aws_caller_identity",
      "name": "current",
      "provider": "provider[\"registry.terraform.io/hashicorp/aws\"]",
      "instances": []
    },
    {
      "module": "module.vpc",
      "mode": "data",
      "type": "aws_iam_policy_document",
      "name": "flow_log_cloudwatch_assume_role",
      "provider": "provider[\"registry.terraform.io/hashicorp/aws\"]",
      "instances": []
    },
    {
      "module": "module.vpc",
      "mode": "data",
      "type": "aws_iam_policy_document",
      "name": "vpc_flow_log_cloudwatch",
      "provider": "provider[\"registry.terraform.io/hashicorp/aws\"]",
      "instances": []
    },
    {
      "module": "module.vpc",
      "mode": "data",
      "type": "aws_partition",
      "name": "current",
      "provider": "provider[\"registry.terraform.io/hashicorp/aws\"]",
      "instances": []
    },
    {
      "module": "module.vpc",
      "mode": "data",
      "type": "aws_region",
      "name": "current",
      "provider": "provider[\"registry.terraform.io/hashicorp/aws\"]",
      "instances": []
    },
    {
      "module": "module.vpc",
      "mode": "managed",
      "type": "aws_cloudwatch_log_group",
      "name": "flow_log",
      "provider": "provider[\"registry.terraform.io/hashicorp/aws\"]",
      "instances": []
    },
    {
      "module": "module.vpc",
      "mode": "managed",
      "type": "aws_customer_gateway",
      "name": "this",
      "provider": "provider[\"registry.terraform.io/hashicorp/aws\"]",
      "instances": []
    },
    {
      "module": "module.vpc",
      "mode": "managed",
      "type": "aws_db_subnet_group",
      "name": "database",
      "provider": "provider[\"registry.terraform.io/hashicorp/aws\"]",
      "instances": []
    },
    {
      "module": "module.vpc",
      "mode": "managed",
      "type": "aws_default_network_acl",
      "name": "this",
      "provider": "provider[\"registry.terraform.io/hashicorp/aws\"]",
      "instances": [
        {
          "index_key": 0,
          "schema_version": 0,
          "attributes": {
            "arn": "arn:aws:ec2:eu-north-1:547320736290:network-acl/acl-05f26c4c504cf9d53",
            "default_network_acl_id": "acl-05f26c4c504cf9d53",
            "egress": [
              {
                "action": "allow",
                "cidr_block": "",
                "from_port": 0,
                "icmp_code": null,
                "icmp_type": null,
                "ipv6_cidr_block": "::/0",
                "protocol": "-1",
                "rule_no": 101,
                "to_port": 0
              },
              {
                "action": "allow",
                "cidr_block": "0.0.0.0/0",
                "from_port": 0,
                "icmp_code": null,
                "icmp_type": null,
                "ipv6_cidr_block": "",
                "protocol": "-1",
                "rule_no": 100,
                "to_port": 0
              }
            ],
            "id": "acl-05f26c4c504cf9d53",
            "ingress": [
              {
                "action": "allow",
                "cidr_block": "",
                "from_port": 0,
                "icmp_code": null,
                "icmp_type": null,
                "ipv6_cidr_block": "::/0",
                "protocol": "-1",
                "rule_no": 101,
                "to_port": 0
              },
              {
                "action": "allow",
                "cidr_block": "0.0.0.0/0",
                "from_port": 0,
                "icmp_code": null,
                "icmp_type": null,
                "ipv6_cidr_block": "",
                "protocol": "-1",
                "rule_no": 100,
                "to_port": 0
              }
            ],
            "owner_id": "547320736290",
            "region": "eu-north-1",
            "subnet_ids": null,
            "tags": {
              "Example": "ex-self-mng",
              "GithubOrg": "terraform-aws-modules",
              "GithubRepo": "terraform-aws-eks",
              "Name": "ex-self-mng-default"
            },
            "tags_all": {
              "Example": "ex-self-mng",
              "GithubOrg": "terraform-aws-modules",
              "GithubRepo": "terraform-aws-eks",
              "Name": "ex-self-mng-default"
            },
            "vpc_id": "vpc-0bebf8dd9cf303951"
          },
          "sensitive_attributes": [],
          "identity_schema_version": 0,
          "private": "bnVsbA==",
          "dependencies": [
            "module.vpc.aws_vpc.this"
          ]
        }
      ]
    },
    {
      "module": "module.vpc",
      "mode": "managed",
      "type": "aws_default_route_table",
      "name": "default",
      "provider": "provider[\"registry.terraform.io/hashicorp/aws\"]",
      "instances": [
        {
          "index_key": 0,
          "schema_version": 0,
          "attributes": {
            "arn": "arn:aws:ec2:eu-north-1:547320736290:route-table/rtb-0abf90fc35de0a358",
            "default_route_table_id": "rtb-0abf90fc35de0a358",
            "id": "rtb-0abf90fc35de0a358",
            "owner_id": "547320736290",
            "propagating_vgws": null,
            "region": "eu-north-1",
            "route": [],
            "tags": {
              "Example": "ex-self-mng",
              "GithubOrg": "terraform-aws-modules",
              "GithubRepo": "terraform-aws-eks",
              "Name": "ex-self-mng-default"
            },
            "tags_all": {
              "Example": "ex-self-mng",
              "GithubOrg": "terraform-aws-modules",
              "GithubRepo": "terraform-aws-eks",
              "Name": "ex-self-mng-default"
            },
            "timeouts": {
              "create": "5m",
              "update": "5m"
            },
            "vpc_id": "vpc-0bebf8dd9cf303951"
          },
          "sensitive_attributes": [],
          "identity_schema_version": 0,
          "private": "eyJlMmJmYjczMC1lY2FhLTExZTYtOGY4OC0zNDM2M2JjN2M0YzAiOnsiY3JlYXRlIjozMDAwMDAwMDAwMDAsInVwZGF0ZSI6MzAwMDAwMDAwMDAwfX0=",
          "dependencies": [
            "module.vpc.aws_vpc.this"
          ]
        }
      ]
    },
    {
      "module": "module.vpc",
      "mode": "managed",
      "type": "aws_default_security_group",
      "name": "this",
      "provider": "provider[\"registry.terraform.io/hashicorp/aws\"]",
      "instances": [
        {
          "index_key": 0,
          "schema_version": 1,
          "attributes": {
            "arn": "arn:aws:ec2:eu-north-1:547320736290:security-group/sg-0d8527aa73a560955",
            "description": "default VPC security group",
            "egress": [],
            "id": "sg-0d8527aa73a560955",
            "ingress": [],
            "name": "default",
            "name_prefix": "",
            "owner_id": "547320736290",
            "region": "eu-north-1",
            "revoke_rules_on_delete": false,
            "tags": {
              "Example": "ex-self-mng",
              "GithubOrg": "terraform-aws-modules",
              "GithubRepo": "terraform-aws-eks",
              "Name": "ex-self-mng-default"
            },
            "tags_all": {
              "Example": "ex-self-mng",
              "GithubOrg": "terraform-aws-modules",
              "GithubRepo": "terraform-aws-eks",
              "Name": "ex-self-mng-default"
            },
            "vpc_id": "vpc-0bebf8dd9cf303951"
          },
          "sensitive_attributes": [],
          "identity_schema_version": 0,
          "private": "eyJzY2hlbWFfdmVyc2lvbiI6IjEifQ==",
          "dependencies": [
            "module.vpc.aws_vpc.this"
          ]
        }
      ]
    },
    {
      "module": "module.vpc",
      "mode": "managed",
      "type": "aws_default_vpc",
      "name": "this",
      "provider": "provider[\"registry.terraform.io/hashicorp/aws\"]",
      "instances": []
    },
    {
      "module": "module.vpc",
      "mode": "managed",
      "type": "aws_egress_only_internet_gateway",
      "name": "this",
      "provider": "provider[\"registry.terraform.io/hashicorp/aws\"]",
      "instances": []
    },
    {
      "module": "module.vpc",
      "mode": "managed",
      "type": "aws_eip",
      "name": "nat",
      "provider": "provider[\"registry.terraform.io/hashicorp/aws\"]",
      "instances": [
        {
          "index_key": 0,
          "schema_version": 0,
          "attributes": {
            "address": null,
            "allocation_id": "eipalloc-08427186002506c9f",
            "arn": "arn:aws:ec2:eu-north-1:547320736290:elastic-ip/eipalloc-08427186002506c9f",
            "associate_with_private_ip": null,
            "association_id": "",
            "carrier_ip": "",
            "customer_owned_ip": "",
            "customer_owned_ipv4_pool": "",
            "domain": "vpc",
            "id": "eipalloc-08427186002506c9f",
            "instance": "",
            "ipam_pool_id": "",
            "network_border_group": "eu-north-1",
            "network_interface": "",
            "private_dns": "",
            "private_ip": "",
            "ptr_record": "",
            "public_dns": "ec2-13-63-8-180.eu-north-1.compute.amazonaws.com",
            "public_ip": "13.63.8.180",
            "public_ipv4_pool": "amazon",
            "region": "eu-north-1",
            "tags": {
              "Example": "ex-self-mng",
              "GithubOrg": "terraform-aws-modules",
              "GithubRepo": "terraform-aws-eks",
              "Name": "ex-self-mng-eu-north-1a"
            },
            "tags_all": {
              "Example": "ex-self-mng",
              "GithubOrg": "terraform-aws-modules",
              "GithubRepo": "terraform-aws-eks",
              "Name": "ex-self-mng-eu-north-1a"
            },
            "timeouts": null
          },
          "sensitive_attributes": [],
          "identity_schema_version": 0,
          "identity": {
            "account_id": "547320736290",
            "id": "eipalloc-08427186002506c9f",
            "region": "eu-north-1"
          },
          "private": "eyJlMmJmYjczMC1lY2FhLTExZTYtOGY4OC0zNDM2M2JjN2M0YzAiOnsiZGVsZXRlIjoxODAwMDAwMDAwMDAsInJlYWQiOjkwMDAwMDAwMDAwMCwidXBkYXRlIjozMDAwMDAwMDAwMDB9fQ==",
          "dependencies": [
            "data.aws_availability_zones.available",
            "module.vpc.aws_internet_gateway.this",
            "module.vpc.aws_vpc.this",
            "module.vpc.aws_vpc_ipv4_cidr_block_association.this"
          ]
        }
      ]
    },
    {
      "module": "module.vpc",
      "mode": "managed",
      "type": "aws_elasticache_subnet_group",
      "name": "elasticache",
      "provider": "provider[\"registry.terraform.io/hashicorp/aws\"]",
      "instances": []
    },
    {
      "module": "module.vpc",
      "mode": "managed",
      "type": "aws_flow_log",
      "name": "this",
      "provider": "provider[\"registry.terraform.io/hashicorp/aws\"]",
      "instances": []
    },
    {
      "module": "module.vpc",
      "mode": "managed",
      "type": "aws_iam_policy",
      "name": "vpc_flow_log_cloudwatch",
      "provider": "provider[\"registry.terraform.io/hashicorp/aws\"]",
      "instances": []
    },
    {
      "module": "module.vpc",
      "mode": "managed",
      "type": "aws_iam_role",
      "name": "vpc_flow_log_cloudwatch",
      "provider": "provider[\"registry.terraform.io/hashicorp/aws\"]",
      "instances": []
    },
    {
      "module": "module.vpc",
      "mode": "managed",
      "type": "aws_iam_role_policy_attachment",
      "name": "vpc_flow_log_cloudwatch",
      "provider": "provider[\"registry.terraform.io/hashicorp/aws\"]",
      "instances": []
    },
    {
      "module": "module.vpc",
      "mode": "managed",
      "type": "aws_internet_gateway",
      "name": "this",
      "provider": "provider[\"registry.terraform.io/hashicorp/aws\"]",
      "instances": [
        {
          "index_key": 0,
          "schema_version": 0,
          "attributes": {
            "arn": "arn:aws:ec2:eu-north-1:547320736290:internet-gateway/igw-03767a9dad93607d1",
            "id": "igw-03767a9dad93607d1",
            "owner_id": "547320736290",
            "region": "eu-north-1",
            "tags": {
              "Example": "ex-self-mng",
              "GithubOrg": "terraform-aws-modules",
              "GithubRepo": "terraform-aws-eks",
              "Name": "ex-self-mng"
            },
            "tags_all": {
              "Example": "ex-self-mng",
              "GithubOrg": "terraform-aws-modules",
              "GithubRepo": "terraform-aws-eks",
              "Name": "ex-self-mng"
            },
            "timeouts": null,
            "vpc_id": "vpc-0bebf8dd9cf303951"
          },
          "sensitive_attributes": [],
          "identity_schema_version": 0,
          "identity": {
            "account_id": "547320736290",
            "id": "igw-03767a9dad93607d1",
            "region": "eu-north-1"
          },
          "private": "eyJlMmJmYjczMC1lY2FhLTExZTYtOGY4OC0zNDM2M2JjN2M0YzAiOnsiY3JlYXRlIjoxMjAwMDAwMDAwMDAwLCJkZWxldGUiOjEyMDAwMDAwMDAwMDAsInVwZGF0ZSI6MTIwMDAwMDAwMDAwMH19",
          "dependencies": [
            "data.aws_availability_zones.available",
            "module.vpc.aws_vpc.this",
            "module.vpc.aws_vpc_ipv4_cidr_block_association.this"
          ]
        }
      ]
    },
    {
      "module": "module.vpc",
      "mode": "managed",
      "type": "aws_nat_gateway",
      "name": "this",
      "provider": "provider[\"registry.terraform.io/hashicorp/aws\"]",
      "instances": [
        {
          "index_key": 0,
          "schema_version": 0,
          "attributes": {
            "allocation_id": "eipalloc-08427186002506c9f",
            "association_id": "eipassoc-0f9a9a0537c943a69",
            "auto_provision_zones": null,
            "auto_scaling_ips": null,
            "availability_mode": "zonal",
            "availability_zone_address": [],
            "connectivity_type": "public",
            "id": "nat-01bce7abd180c19d9",
            "network_interface_id": "eni-0e686886860f44a37",
            "private_ip": "10.0.48.94",
            "public_ip": "13.63.8.180",
            "region": "eu-north-1",
            "regional_nat_gateway_address": [],
            "regional_nat_gateway_auto_mode": null,
            "route_table_id": null,
            "secondary_allocation_ids": [],
            "secondary_private_ip_address_count": 0,
            "secondary_private_ip_addresses": [],
            "subnet_id": "subnet-00d168931240e1e25",
            "tags": {
              "Example": "ex-self-mng",
              "GithubOrg": "terraform-aws-modules",
              "GithubRepo": "terraform-aws-eks",
              "Name": "ex-self-mng-eu-north-1a"
            },
            "tags_all": {
              "Example": "ex-self-mng",
              "GithubOrg": "terraform-aws-modules",
              "GithubRepo": "terraform-aws-eks",
              "Name": "ex-self-mng-eu-north-1a"
            },
            "timeouts": null,
            "vpc_id": "vpc-0bebf8dd9cf303951"
          },
          "sensitive_attributes": [],
          "identity_schema_version": 0,
          "identity": {
            "account_id": "547320736290",
            "id": "nat-01bce7abd180c19d9",
            "region": "eu-north-1"
          },
          "private": "eyJlMmJmYjczMC1lY2FhLTExZTYtOGY4OC0zNDM2M2JjN2M0YzAiOnsiY3JlYXRlIjo2MDAwMDAwMDAwMDAsImRlbGV0ZSI6MTgwMDAwMDAwMDAwMCwidXBkYXRlIjo2MDAwMDAwMDAwMDB9fQ==",
          "dependencies": [
            "data.aws_availability_zones.available",
            "module.vpc.aws_eip.nat",
            "module.vpc.aws_internet_gateway.this",
            "module.vpc.aws_subnet.public",
            "module.vpc.aws_vpc.this",
            "module.vpc.aws_vpc_ipv4_cidr_block_association.this"
          ]
        }
      ]
    },
    {
      "module": "module.vpc",
      "mode": "managed",
      "type": "aws_network_acl",
      "name": "database",
      "provider": "provider[\"registry.terraform.io/hashicorp/aws\"]",
      "instances": []
    },
    {
      "module": "module.vpc",
      "mode": "managed",
      "type": "aws_network_acl",
      "name": "elasticache",
      "provider": "provider[\"registry.terraform.io/hashicorp/aws\"]",
      "instances": []
    },
    {
      "module": "module.vpc",
      "mode": "managed",
      "type": "aws_network_acl",
      "name": "intra",
      "provider": "provider[\"registry.terraform.io/hashicorp/aws\"]",
      "instances": []
    },
    {
      "module": "module.vpc",
      "mode": "managed",
      "type": "aws_network_acl",
      "name": "outpost",
      "provider": "provider[\"registry.terraform.io/hashicorp/aws\"]",
      "instances": []
    },
    {
      "module": "module.vpc",
      "mode": "managed",
      "type": "aws_network_acl",
      "name": "private",
      "provider": "provider[\"registry.terraform.io/hashicorp/aws\"]",
      "instances": []
    },
    {
      "module": "module.vpc",
      "mode": "managed",
      "type": "aws_network_acl",
      "name": "public",
      "provider": "provider[\"registry.terraform.io/hashicorp/aws\"]",
      "instances": []
    },
    {
      "module": "module.vpc",
      "mode": "managed",
      "type": "aws_network_acl",
      "name": "redshift",
      "provider": "provider[\"registry.terraform.io/hashicorp/aws\"]",
      "instances": []
    },
    {
      "module": "module.vpc",
      "mode": "managed",
      "type": "aws_network_acl_rule",
      "name": "database_inbound",
      "provider": "provider[\"registry.terraform.io/hashicorp/aws\"]",
      "instances": []
    },
    {
      "module": "module.vpc",
      "mode": "managed",
      "type": "aws_network_acl_rule",
      "name": "database_outbound",
      "provider": "provider[\"registry.terraform.io/hashicorp/aws\"]",
      "instances": []
    },
    {
      "module": "module.vpc",
      "mode": "managed",
      "type": "aws_network_acl_rule",
      "name": "elasticache_inbound",
      "provider": "provider[\"registry.terraform.io/hashicorp/aws\"]",
      "instances": []
    },
    {
      "module": "module.vpc",
      "mode": "managed",
      "type": "aws_network_acl_rule",
      "name": "elasticache_outbound",
      "provider": "provider[\"registry.terraform.io/hashicorp/aws\"]",
      "instances": []
    },
    {
      "module": "module.vpc",
      "mode": "managed",
      "type": "aws_network_acl_rule",
      "name": "intra_inbound",
      "provider": "provider[\"registry.terraform.io/hashicorp/aws\"]",
      "instances": []
    },
    {
      "module": "module.vpc",
      "mode": "managed",
      "type": "aws_network_acl_rule",
      "name": "intra_outbound",
      "provider": "provider[\"registry.terraform.io/hashicorp/aws\"]",
      "instances": []
    },
    {
      "module": "module.vpc",
      "mode": "managed",
      "type": "aws_network_acl_rule",
      "name": "outpost_inbound",
      "provider": "provider[\"registry.terraform.io/hashicorp/aws\"]",
      "instances": []
    },
    {
      "module": "module.vpc",
      "mode": "managed",
      "type": "aws_network_acl_rule",
      "name": "outpost_outbound",
      "provider": "provider[\"registry.terraform.io/hashicorp/aws\"]",
      "instances": []
    },
    {
      "module": "module.vpc",
      "mode": "managed",
      "type": "aws_network_acl_rule",
      "name": "private_inbound",
      "provider": "provider[\"registry.terraform.io/hashicorp/aws\"]",
      "instances": []
    },
    {
      "module": "module.vpc",
      "mode": "managed",
      "type": "aws_network_acl_rule",
      "name": "private_outbound",
      "provider": "provider[\"registry.terraform.io/hashicorp/aws\"]",
      "instances": []
    },
    {
      "module": "module.vpc",
      "mode": "managed",
      "type": "aws_network_acl_rule",
      "name": "public_inbound",
      "provider": "provider[\"registry.terraform.io/hashicorp/aws\"]",
      "instances": []
    },
    {
      "module": "module.vpc",
      "mode": "managed",
      "type": "aws_network_acl_rule",
      "name": "public_outbound",
      "provider": "provider[\"registry.terraform.io/hashicorp/aws\"]",
      "instances": []
    },
    {
      "module": "module.vpc",
      "mode": "managed",
      "type": "aws_network_acl_rule",
      "name": "redshift_inbound",
      "provider": "provider[\"registry.terraform.io/hashicorp/aws\"]",
      "instances": []
    },
    {
      "module": "module.vpc",
      "mode": "managed",
      "type": "aws_network_acl_rule",
      "name": "redshift_outbound",
      "provider": "provider[\"registry.terraform.io/hashicorp/aws\"]",
      "instances": []
    },
    {
      "module": "module.vpc",
      "mode": "managed",
      "type": "aws_redshift_subnet_group",
      "name": "redshift",
      "provider": "provider[\"registry.terraform.io/hashicorp/aws\"]",
      "instances": []
    },
    {
      "module": "module.vpc",
      "mode": "managed",
      "type": "aws_route",
      "name": "database_dns64_nat_gateway",
      "provider": "provider[\"registry.terraform.io/hashicorp/aws\"]",
      "instances": []
    },
    {
      "module": "module.vpc",
      "mode": "managed",
      "type": "aws_route",
      "name": "database_internet_gateway",
      "provider": "provider[\"registry.terraform.io/hashicorp/aws\"]",
      "instances": []
    },
    {
      "module": "module.vpc",
      "mode": "managed",
      "type": "aws_route",
      "name": "database_ipv6_egress",
      "provider": "provider[\"registry.terraform.io/hashicorp/aws\"]",
      "instances": []
    },
    {
      "module": "module.vpc",
      "mode": "managed",
      "type": "aws_route",
      "name": "database_nat_gateway",
      "provider": "provider[\"registry.terraform.io/hashicorp/aws\"]",
      "instances": []
    },
    {
      "module": "module.vpc",
      "mode": "managed",
      "type": "aws_route",
      "name": "private_dns64_nat_gateway",
      "provider": "provider[\"registry.terraform.io/hashicorp/aws\"]",
      "instances": []
    },
    {
      "module": "module.vpc",
      "mode": "managed",
      "type": "aws_route",
      "name": "private_ipv6_egress",
      "provider": "provider[\"registry.terraform.io/hashicorp/aws\"]",
      "instances": []
    },
    {
      "module": "module.vpc",
      "mode": "managed",
      "type": "aws_route",
      "name": "private_nat_gateway",
      "provider": "provider[\"registry.terraform.io/hashicorp/aws\"]",
      "instances": [
        {
          "index_key": 0,
          "schema_version": 0,
          "attributes": {
            "carrier_gateway_id": "",
            "core_network_arn": "",
            "destination_cidr_block": "0.0.0.0/0",
            "destination_ipv6_cidr_block": "",
            "destination_prefix_list_id": "",
            "egress_only_gateway_id": "",
            "gateway_id": "",
            "id": "r-rtb-03bbf19e8d380f6021080289494",
            "instance_id": "",
            "instance_owner_id": "",
            "local_gateway_id": "",
            "nat_gateway_id": "nat-01bce7abd180c19d9",
            "network_interface_id": "",
            "odb_network_arn": "",
            "origin": "CreateRoute",
            "region": "eu-north-1",
            "route_table_id": "rtb-03bbf19e8d380f602",
            "state": "active",
            "timeouts": {
              "create": "5m",
              "delete": null,
              "update": null
            },
            "transit_gateway_id": "",
            "vpc_endpoint_id": "",
            "vpc_peering_connection_id": ""
          },
          "sensitive_attributes": [],
          "identity_schema_version": 0,
          "identity": {
            "account_id": "547320736290",
            "destination_cidr_block": "0.0.0.0/0",
            "destination_ipv6_cidr_block": null,
            "destination_prefix_list_id": null,
            "region": "eu-north-1",
            "route_table_id": "rtb-03bbf19e8d380f602"
          },
          "private": "eyJlMmJmYjczMC1lY2FhLTExZTYtOGY4OC0zNDM2M2JjN2M0YzAiOnsiY3JlYXRlIjozMDAwMDAwMDAwMDAsImRlbGV0ZSI6MzAwMDAwMDAwMDAwLCJ1cGRhdGUiOjEyMDAwMDAwMDAwMH19",
          "dependencies": [
            "data.aws_availability_zones.available",
            "module.vpc.aws_eip.nat",
            "module.vpc.aws_internet_gateway.this",
            "module.vpc.aws_nat_gateway.this",
            "module.vpc.aws_route_table.private",
            "module.vpc.aws_subnet.public",
            "module.vpc.aws_vpc.this",
            "module.vpc.aws_vpc_ipv4_cidr_block_association.this"
          ]
        }
      ]
    },
    {
      "module": "module.vpc",
      "mode": "managed",
      "type": "aws_route",
      "name": "public_internet_gateway",
      "provider": "provider[\"registry.terraform.io/hashicorp/aws\"]",
      "instances": [
        {
          "index_key": 0,
          "schema_version": 0,
          "attributes": {
            "carrier_gateway_id": "",
            "core_network_arn": "",
            "destination_cidr_block": "0.0.0.0/0",
            "destination_ipv6_cidr_block": "",
            "destination_prefix_list_id": "",
            "egress_only_gateway_id": "",
            "gateway_id": "igw-03767a9dad93607d1",
            "id": "r-rtb-0584522658a03352d1080289494",
            "instance_id": "",
            "instance_owner_id": "",
            "local_gateway_id": "",
            "nat_gateway_id": "",
            "network_interface_id": "",
            "odb_network_arn": "",
            "origin": "CreateRoute",
            "region": "eu-north-1",
            "route_table_id": "rtb-0584522658a03352d",
            "state": "active",
            "timeouts": {
              "create": "5m",
              "delete": null,
              "update": null
            },
            "transit_gateway_id": "",
            "vpc_endpoint_id": "",
            "vpc_peering_connection_id": ""
          },
          "sensitive_attributes": [],
          "identity_schema_version": 0,
          "identity": {
            "account_id": "547320736290",
            "destination_cidr_block": "0.0.0.0/0",
            "destination_ipv6_cidr_block": null,
            "destination_prefix_list_id": null,
            "region": "eu-north-1",
            "route_table_id": "rtb-0584522658a03352d"
          },
          "private": "eyJlMmJmYjczMC1lY2FhLTExZTYtOGY4OC0zNDM2M2JjN2M0YzAiOnsiY3JlYXRlIjozMDAwMDAwMDAwMDAsImRlbGV0ZSI6MzAwMDAwMDAwMDAwLCJ1cGRhdGUiOjEyMDAwMDAwMDAwMH19",
          "dependencies": [
            "data.aws_availability_zones.available",
            "module.vpc.aws_internet_gateway.this",
            "module.vpc.aws_route_table.public",
            "module.vpc.aws_vpc.this",
            "module.vpc.aws_vpc_ipv4_cidr_block_association.this"
          ]
        }
      ]
    },
    {
      "module": "module.vpc",
      "mode": "managed",
      "type": "aws_route",
      "name": "public_internet_gateway_ipv6",
      "provider": "provider[\"registry.terraform.io/hashicorp/aws\"]",
      "instances": []
    },
    {
      "module": "module.vpc",
      "mode": "managed",
      "type": "aws_route_table",
      "name": "database",
      "provider": "provider[\"registry.terraform.io/hashicorp/aws\"]",
      "instances": []
    },
    {
      "module": "module.vpc",
      "mode": "managed",
      "type": "aws_route_table",
      "name": "elasticache",
      "provider": "provider[\"registry.terraform.io/hashicorp/aws\"]",
      "instances": []
    },
    {
      "module": "module.vpc",
      "mode": "managed",
      "type": "aws_route_table",
      "name": "intra",
      "provider": "provider[\"registry.terraform.io/hashicorp/aws\"]",
      "instances": [
        {
          "index_key": 0,
          "schema_version": 0,
          "attributes": {
            "arn": "arn:aws:ec2:eu-north-1:547320736290:route-table/rtb-0f7e4ac15a1c48b45",
            "id": "rtb-0f7e4ac15a1c48b45",
            "owner_id": "547320736290",
            "propagating_vgws": [],
            "region": "eu-north-1",
            "route": [],
            "tags": {
              "Example": "ex-self-mng",
              "GithubOrg": "terraform-aws-modules",
              "GithubRepo": "terraform-aws-eks",
              "Name": "ex-self-mng-intra"
            },
            "tags_all": {
              "Example": "ex-self-mng",
              "GithubOrg": "terraform-aws-modules",
              "GithubRepo": "terraform-aws-eks",
              "Name": "ex-self-mng-intra"
            },
            "timeouts": null,
            "vpc_id": "vpc-0bebf8dd9cf303951"
          },
          "sensitive_attributes": [],
          "identity_schema_version": 0,
          "identity": {
            "account_id": "547320736290",
            "id": "rtb-0f7e4ac15a1c48b45",
            "region": "eu-north-1"
          },
          "private": "eyJlMmJmYjczMC1lY2FhLTExZTYtOGY4OC0zNDM2M2JjN2M0YzAiOnsiY3JlYXRlIjozMDAwMDAwMDAwMDAsImRlbGV0ZSI6MzAwMDAwMDAwMDAwLCJ1cGRhdGUiOjEyMDAwMDAwMDAwMH19",
          "dependencies": [
            "data.aws_availability_zones.available",
            "module.vpc.aws_vpc.this",
            "module.vpc.aws_vpc_ipv4_cidr_block_association.this"
          ]
        }
      ]
    },
    {
      "module": "module.vpc",
      "mode": "managed",
      "type": "aws_route_table",
      "name": "private",
      "provider": "provider[\"registry.terraform.io/hashicorp/aws\"]",
      "instances": [
        {
          "index_key": 0,
          "schema_version": 0,
          "attributes": {
            "arn": "arn:aws:ec2:eu-north-1:547320736290:route-table/rtb-03bbf19e8d380f602",
            "id": "rtb-03bbf19e8d380f602",
            "owner_id": "547320736290",
            "propagating_vgws": [],
            "region": "eu-north-1",
            "route": [],
            "tags": {
              "Example": "ex-self-mng",
              "GithubOrg": "terraform-aws-modules",
              "GithubRepo": "terraform-aws-eks",
              "Name": "ex-self-mng-private"
            },
            "tags_all": {
              "Example": "ex-self-mng",
              "GithubOrg": "terraform-aws-modules",
              "GithubRepo": "terraform-aws-eks",
              "Name": "ex-self-mng-private"
            },
            "timeouts": null,
            "vpc_id": "vpc-0bebf8dd9cf303951"
          },
          "sensitive_attributes": [],
          "identity_schema_version": 0,
          "identity": {
            "account_id": "547320736290",
            "id": "rtb-03bbf19e8d380f602",
            "region": "eu-north-1"
          },
          "private": "eyJlMmJmYjczMC1lY2FhLTExZTYtOGY4OC0zNDM2M2JjN2M0YzAiOnsiY3JlYXRlIjozMDAwMDAwMDAwMDAsImRlbGV0ZSI6MzAwMDAwMDAwMDAwLCJ1cGRhdGUiOjEyMDAwMDAwMDAwMH19",
          "dependencies": [
            "data.aws_availability_zones.available",
            "module.vpc.aws_vpc.this",
            "module.vpc.aws_vpc_ipv4_cidr_block_association.this"
          ]
        }
      ]
    },
    {
      "module": "module.vpc",
      "mode": "managed",
      "type": "aws_route_table",
      "name": "public",
      "provider": "provider[\"registry.terraform.io/hashicorp/aws\"]",
      "instances": [
        {
          "index_key": 0,
          "schema_version": 0,
          "attributes": {
            "arn": "arn:aws:ec2:eu-north-1:547320736290:route-table/rtb-0584522658a03352d",
            "id": "rtb-0584522658a03352d",
            "owner_id": "547320736290",
            "propagating_vgws": [],
            "region": "eu-north-1",
            "route": [],
            "tags": {
              "Example": "ex-self-mng",
              "GithubOrg": "terraform-aws-modules",
              "GithubRepo": "terraform-aws-eks",
              "Name": "ex-self-mng-public"
            },
            "tags_all": {
              "Example": "ex-self-mng",
              "GithubOrg": "terraform-aws-modules",
              "GithubRepo": "terraform-aws-eks",
              "Name": "ex-self-mng-public"
            },
            "timeouts": null,
            "vpc_id": "vpc-0bebf8dd9cf303951"
          },
          "sensitive_attributes": [],
          "identity_schema_version": 0,
          "identity": {
            "account_id": "547320736290",
            "id": "rtb-0584522658a03352d",
            "region": "eu-north-1"
          },
          "private": "eyJlMmJmYjczMC1lY2FhLTExZTYtOGY4OC0zNDM2M2JjN2M0YzAiOnsiY3JlYXRlIjozMDAwMDAwMDAwMDAsImRlbGV0ZSI6MzAwMDAwMDAwMDAwLCJ1cGRhdGUiOjEyMDAwMDAwMDAwMH19",
          "dependencies": [
            "data.aws_availability_zones.available",
            "module.vpc.aws_vpc.this",
            "module.vpc.aws_vpc_ipv4_cidr_block_association.this"
          ]
        }
      ]
    },
    {
      "module": "module.vpc",
      "mode": "managed",
      "type": "aws_route_table",
      "name": "redshift",
      "provider": "provider[\"registry.terraform.io/hashicorp/aws\"]",
      "instances": []
    },
    {
      "module": "module.vpc",
      "mode": "managed",
      "type": "aws_route_table_association",
      "name": "database",
      "provider": "provider[\"registry.terraform.io/hashicorp/aws\"]",
      "instances": []
    },
    {
      "module": "module.vpc",
      "mode": "managed",
      "type": "aws_route_table_association",
      "name": "elasticache",
      "provider": "provider[\"registry.terraform.io/hashicorp/aws\"]",
      "instances": []
    },
    {
      "module": "module.vpc",
      "mode": "managed",
      "type": "aws_route_table_association",
      "name": "intra",
      "provider": "provider[\"registry.terraform.io/hashicorp/aws\"]",
      "instances": [
        {
          "index_key": 0,
          "schema_version": 0,
          "attributes": {
            "gateway_id": "",
            "id": "rtbassoc-007ace2f99911c257",
            "region": "eu-north-1",
            "route_table_id": "rtb-0f7e4ac15a1c48b45",
            "subnet_id": "subnet-03694c0df8ea824cd",
            "timeouts": null
          },
          "sensitive_attributes": [],
          "identity_schema_version": 0,
          "identity": {
            "account_id": "547320736290",
            "id": "rtbassoc-007ace2f99911c257",
            "region": "eu-north-1"
          },
          "private": "eyJlMmJmYjczMC1lY2FhLTExZTYtOGY4OC0zNDM2M2JjN2M0YzAiOnsiY3JlYXRlIjozMDAwMDAwMDAwMDAsImRlbGV0ZSI6MzAwMDAwMDAwMDAwLCJ1cGRhdGUiOjEyMDAwMDAwMDAwMH19",
          "dependencies": [
            "data.aws_availability_zones.available",
            "module.vpc.aws_route_table.intra",
            "module.vpc.aws_subnet.intra",
            "module.vpc.aws_vpc.this",
            "module.vpc.aws_vpc_ipv4_cidr_block_association.this"
          ]
        },
        {
          "index_key": 1,
          "schema_version": 0,
          "attributes": {
            "gateway_id": "",
            "id": "rtbassoc-0d65441ae010a33a7",
            "region": "eu-north-1",
            "route_table_id": "rtb-0f7e4ac15a1c48b45",
            "subnet_id": "subnet-04d5dde28233f9c7d",
            "timeouts": null
          },
          "sensitive_attributes": [],
          "identity_schema_version": 0,
          "identity": {
            "account_id": "547320736290",
            "id": "rtbassoc-0d65441ae010a33a7",
            "region": "eu-north-1"
          },
          "private": "eyJlMmJmYjczMC1lY2FhLTExZTYtOGY4OC0zNDM2M2JjN2M0YzAiOnsiY3JlYXRlIjozMDAwMDAwMDAwMDAsImRlbGV0ZSI6MzAwMDAwMDAwMDAwLCJ1cGRhdGUiOjEyMDAwMDAwMDAwMH19",
          "dependencies": [
            "data.aws_availability_zones.available",
            "module.vpc.aws_route_table.intra",
            "module.vpc.aws_subnet.intra",
            "module.vpc.aws_vpc.this",
            "module.vpc.aws_vpc_ipv4_cidr_block_association.this"
          ]
        },
        {
          "index_key": 2,
          "schema_version": 0,
          "attributes": {
            "gateway_id": "",
            "id": "rtbassoc-0fde947744d9e93a8",
            "region": "eu-north-1",
            "route_table_id": "rtb-0f7e4ac15a1c48b45",
            "subnet_id": "subnet-041c7aa6617f90d95",
            "timeouts": null
          },
          "sensitive_attributes": [],
          "identity_schema_version": 0,
          "identity": {
            "account_id": "547320736290",
            "id": "rtbassoc-0fde947744d9e93a8",
            "region": "eu-north-1"
          },
          "private": "eyJlMmJmYjczMC1lY2FhLTExZTYtOGY4OC0zNDM2M2JjN2M0YzAiOnsiY3JlYXRlIjozMDAwMDAwMDAwMDAsImRlbGV0ZSI6MzAwMDAwMDAwMDAwLCJ1cGRhdGUiOjEyMDAwMDAwMDAwMH19",
          "dependencies": [
            "data.aws_availability_zones.available",
            "module.vpc.aws_route_table.intra",
            "module.vpc.aws_subnet.intra",
            "module.vpc.aws_vpc.this",
            "module.vpc.aws_vpc_ipv4_cidr_block_association.this"
          ]
        }
      ]
    },
    {
      "module": "module.vpc",
      "mode": "managed",
      "type": "aws_route_table_association",
      "name": "outpost",
      "provider": "provider[\"registry.terraform.io/hashicorp/aws\"]",
      "instances": []
    },
    {
      "module": "module.vpc",
      "mode": "managed",
      "type": "aws_route_table_association",
      "name": "private",
      "provider": "provider[\"registry.terraform.io/hashicorp/aws\"]",
      "instances": [
        {
          "index_key": 0,
          "schema_version": 0,
          "attributes": {
            "gateway_id": "",
            "id": "rtbassoc-0271a5e21321fa57b",
            "region": "eu-north-1",
            "route_table_id": "rtb-03bbf19e8d380f602",
            "subnet_id": "subnet-0bf08397412da6590",
            "timeouts": null
          },
          "sensitive_attributes": [],
          "identity_schema_version": 0,
          "identity": {
            "account_id": "547320736290",
            "id": "rtbassoc-0271a5e21321fa57b",
            "region": "eu-north-1"
          },
          "private": "eyJlMmJmYjczMC1lY2FhLTExZTYtOGY4OC0zNDM2M2JjN2M0YzAiOnsiY3JlYXRlIjozMDAwMDAwMDAwMDAsImRlbGV0ZSI6MzAwMDAwMDAwMDAwLCJ1cGRhdGUiOjEyMDAwMDAwMDAwMH19",
          "dependencies": [
            "data.aws_availability_zones.available",
            "module.vpc.aws_route_table.private",
            "module.vpc.aws_subnet.private",
            "module.vpc.aws_vpc.this",
            "module.vpc.aws_vpc_ipv4_cidr_block_association.this"
          ]
        },
        {
          "index_key": 1,
          "schema_version": 0,
          "attributes": {
            "gateway_id": "",
            "id": "rtbassoc-0e264fb8698d2a1f2",
            "region": "eu-north-1",
            "route_table_id": "rtb-03bbf19e8d380f602",
            "subnet_id": "subnet-0573b75042cf6c417",
            "timeouts": null
          },
          "sensitive_attributes": [],
          "identity_schema_version": 0,
          "identity": {
            "account_id": "547320736290",
            "id": "rtbassoc-0e264fb8698d2a1f2",
            "region": "eu-north-1"
          },
          "private": "eyJlMmJmYjczMC1lY2FhLTExZTYtOGY4OC0zNDM2M2JjN2M0YzAiOnsiY3JlYXRlIjozMDAwMDAwMDAwMDAsImRlbGV0ZSI6MzAwMDAwMDAwMDAwLCJ1cGRhdGUiOjEyMDAwMDAwMDAwMH19",
          "dependencies": [
            "data.aws_availability_zones.available",
            "module.vpc.aws_route_table.private",
            "module.vpc.aws_subnet.private",
            "module.vpc.aws_vpc.this",
            "module.vpc.aws_vpc_ipv4_cidr_block_association.this"
          ]
        },
        {
          "index_key": 2,
          "schema_version": 0,
          "attributes": {
            "gateway_id": "",
            "id": "rtbassoc-0ca820fe232ff2779",
            "region": "eu-north-1",
            "route_table_id": "rtb-03bbf19e8d380f602",
            "subnet_id": "subnet-0b21cde55cf8f99f5",
            "timeouts": null
          },
          "sensitive_attributes": [],
          "identity_schema_version": 0,
          "identity": {
            "account_id": "547320736290",
            "id": "rtbassoc-0ca820fe232ff2779",
            "region": "eu-north-1"
          },
          "private": "eyJlMmJmYjczMC1lY2FhLTExZTYtOGY4OC0zNDM2M2JjN2M0YzAiOnsiY3JlYXRlIjozMDAwMDAwMDAwMDAsImRlbGV0ZSI6MzAwMDAwMDAwMDAwLCJ1cGRhdGUiOjEyMDAwMDAwMDAwMH19",
          "dependencies": [
            "data.aws_availability_zones.available",
            "module.vpc.aws_route_table.private",
            "module.vpc.aws_subnet.private",
            "module.vpc.aws_vpc.this",
            "module.vpc.aws_vpc_ipv4_cidr_block_association.this"
          ]
        }
      ]
    },
    {
      "module": "module.vpc",
      "mode": "managed",
      "type": "aws_route_table_association",
      "name": "public",
      "provider": "provider[\"registry.terraform.io/hashicorp/aws\"]",
      "instances": [
        {
          "index_key": 0,
          "schema_version": 0,
          "attributes": {
            "gateway_id": "",
            "id": "rtbassoc-00ea1ae6ec7560a18",
            "region": "eu-north-1",
            "route_table_id": "rtb-0584522658a03352d",
            "subnet_id": "subnet-00d168931240e1e25",
            "timeouts": null
          },
          "sensitive_attributes": [],
          "identity_schema_version": 0,
          "identity": {
            "account_id": "547320736290",
            "id": "rtbassoc-00ea1ae6ec7560a18",
            "region": "eu-north-1"
          },
          "private": "eyJlMmJmYjczMC1lY2FhLTExZTYtOGY4OC0zNDM2M2JjN2M0YzAiOnsiY3JlYXRlIjozMDAwMDAwMDAwMDAsImRlbGV0ZSI6MzAwMDAwMDAwMDAwLCJ1cGRhdGUiOjEyMDAwMDAwMDAwMH19",
          "dependencies": [
            "data.aws_availability_zones.available",
            "module.vpc.aws_route_table.public",
            "module.vpc.aws_subnet.public",
            "module.vpc.aws_vpc.this",
            "module.vpc.aws_vpc_ipv4_cidr_block_association.this"
          ]
        },
        {
          "index_key": 1,
          "schema_version": 0,
          "attributes": {
            "gateway_id": "",
            "id": "rtbassoc-0a5aeeedc137764eb",
            "region": "eu-north-1",
            "route_table_id": "rtb-0584522658a03352d",
            "subnet_id": "subnet-00f470e6818d4ea82",
            "timeouts": null
          },
          "sensitive_attributes": [],
          "identity_schema_version": 0,
          "identity": {
            "account_id": "547320736290",
            "id": "rtbassoc-0a5aeeedc137764eb",
            "region": "eu-north-1"
          },
          "private": "eyJlMmJmYjczMC1lY2FhLTExZTYtOGY4OC0zNDM2M2JjN2M0YzAiOnsiY3JlYXRlIjozMDAwMDAwMDAwMDAsImRlbGV0ZSI6MzAwMDAwMDAwMDAwLCJ1cGRhdGUiOjEyMDAwMDAwMDAwMH19",
          "dependencies": [
            "data.aws_availability_zones.available",
            "module.vpc.aws_route_table.public",
            "module.vpc.aws_subnet.public",
            "module.vpc.aws_vpc.this",
            "module.vpc.aws_vpc_ipv4_cidr_block_association.this"
          ]
        },
        {
          "index_key": 2,
          "schema_version": 0,
          "attributes": {
            "gateway_id": "",
            "id": "rtbassoc-01cf2b42bea78dd59",
            "region": "eu-north-1",
            "route_table_id": "rtb-0584522658a03352d",
            "subnet_id": "subnet-0ca5985175c6a31ba",
            "timeouts": null
          },
          "sensitive_attributes": [],
          "identity_schema_version": 0,
          "identity": {
            "account_id": "547320736290",
            "id": "rtbassoc-01cf2b42bea78dd59",
            "region": "eu-north-1"
          },
          "private": "eyJlMmJmYjczMC1lY2FhLTExZTYtOGY4OC0zNDM2M2JjN2M0YzAiOnsiY3JlYXRlIjozMDAwMDAwMDAwMDAsImRlbGV0ZSI6MzAwMDAwMDAwMDAwLCJ1cGRhdGUiOjEyMDAwMDAwMDAwMH19",
          "dependencies": [
            "data.aws_availability_zones.available",
            "module.vpc.aws_route_table.public",
            "module.vpc.aws_subnet.public",
            "module.vpc.aws_vpc.this",
            "module.vpc.aws_vpc_ipv4_cidr_block_association.this"
          ]
        }
      ]
    },
    {
      "module": "module.vpc",
      "mode": "managed",
      "type": "aws_route_table_association",
      "name": "redshift",
      "provider": "provider[\"registry.terraform.io/hashicorp/aws\"]",
      "instances": []
    },
    {
      "module": "module.vpc",
      "mode": "managed",
      "type": "aws_route_table_association",
      "name": "redshift_public",
      "provider": "provider[\"registry.terraform.io/hashicorp/aws\"]",
      "instances": []
    },
    {
      "module": "module.vpc",
      "mode": "managed",
      "type": "aws_subnet",
      "name": "database",
      "provider": "provider[\"registry.terraform.io/hashicorp/aws\"]",
      "instances": []
    },
    {
      "module": "module.vpc",
      "mode": "managed",
      "type": "aws_subnet",
      "name": "elasticache",
      "provider": "provider[\"registry.terraform.io/hashicorp/aws\"]",
      "instances": []
    },
    {
      "module": "module.vpc",
      "mode": "managed",
      "type": "aws_subnet",
      "name": "intra",
      "provider": "provider[\"registry.terraform.io/hashicorp/aws\"]",
      "instances": [
        {
          "index_key": 0,
          "schema_version": 1,
          "attributes": {
            "arn": "arn:aws:ec2:eu-north-1:547320736290:subnet/subnet-03694c0df8ea824cd",
            "assign_ipv6_address_on_creation": false,
            "availability_zone": "eu-north-1a",
            "availability_zone_id": "eun1-az1",
            "cidr_block": "10.0.52.0/24",
            "customer_owned_ipv4_pool": "",
            "enable_dns64": false,
            "enable_lni_at_device_index": 0,
            "enable_resource_name_dns_a_record_on_launch": false,
            "enable_resource_name_dns_aaaa_record_on_launch": false,
            "id": "subnet-03694c0df8ea824cd",
            "ipv4_ipam_pool_id": null,
            "ipv4_netmask_length": null,
            "ipv6_cidr_block": "",
            "ipv6_cidr_block_association_id": "",
            "ipv6_ipam_pool_id": null,
            "ipv6_native": false,
            "ipv6_netmask_length": null,
            "map_customer_owned_ip_on_launch": false,
            "map_public_ip_on_launch": false,
            "outpost_arn": "",
            "owner_id": "547320736290",
            "private_dns_hostname_type_on_launch": "ip-name",
            "region": "eu-north-1",
            "tags": {
              "Example": "ex-self-mng",
              "GithubOrg": "terraform-aws-modules",
              "GithubRepo": "terraform-aws-eks",
              "Name": "ex-self-mng-intra-eu-north-1a"
            },
            "tags_all": {
              "Example": "ex-self-mng",
              "GithubOrg": "terraform-aws-modules",
              "GithubRepo": "terraform-aws-eks",
              "Name": "ex-self-mng-intra-eu-north-1a"
            },
            "timeouts": null,
            "vpc_id": "vpc-0bebf8dd9cf303951"
          },
          "sensitive_attributes": [],
          "identity_schema_version": 0,
          "identity": {
            "account_id": "547320736290",
            "id": "subnet-03694c0df8ea824cd",
            "region": "eu-north-1"
          },
          "private": "eyJlMmJmYjczMC1lY2FhLTExZTYtOGY4OC0zNDM2M2JjN2M0YzAiOnsiY3JlYXRlIjo2MDAwMDAwMDAwMDAsImRlbGV0ZSI6MTIwMDAwMDAwMDAwMH0sInNjaGVtYV92ZXJzaW9uIjoiMSJ9",
          "dependencies": [
            "data.aws_availability_zones.available",
            "module.vpc.aws_vpc.this",
            "module.vpc.aws_vpc_ipv4_cidr_block_association.this"
          ]
        },
        {
          "index_key": 1,
          "schema_version": 1,
          "attributes": {
            "arn": "arn:aws:ec2:eu-north-1:547320736290:subnet/subnet-04d5dde28233f9c7d",
            "assign_ipv6_address_on_creation": false,
            "availability_zone": "eu-north-1b",
            "availability_zone_id": "eun1-az2",
            "cidr_block": "10.0.53.0/24",
            "customer_owned_ipv4_pool": "",
            "enable_dns64": false,
            "enable_lni_at_device_index": 0,
            "enable_resource_name_dns_a_record_on_launch": false,
            "enable_resource_name_dns_aaaa_record_on_launch": false,
            "id": "subnet-04d5dde28233f9c7d",
            "ipv4_ipam_pool_id": null,
            "ipv4_netmask_length": null,
            "ipv6_cidr_block": "",
            "ipv6_cidr_block_association_id": "",
            "ipv6_ipam_pool_id": null,
            "ipv6_native": false,
            "ipv6_netmask_length": null,
            "map_customer_owned_ip_on_launch": false,
            "map_public_ip_on_launch": false,
            "outpost_arn": "",
            "owner_id": "547320736290",
            "private_dns_hostname_type_on_launch": "ip-name",
            "region": "eu-north-1",
            "tags": {
              "Example": "ex-self-mng",
              "GithubOrg": "terraform-aws-modules",
              "GithubRepo": "terraform-aws-eks",
              "Name": "ex-self-mng-intra-eu-north-1b"
            },
            "tags_all": {
              "Example": "ex-self-mng",
              "GithubOrg": "terraform-aws-modules",
              "GithubRepo": "terraform-aws-eks",
              "Name": "ex-self-mng-intra-eu-north-1b"
            },
            "timeouts": null,
            "vpc_id": "vpc-0bebf8dd9cf303951"
          },
          "sensitive_attributes": [],
          "identity_schema_version": 0,
          "identity": {
            "account_id": "547320736290",
            "id": "subnet-04d5dde28233f9c7d",
            "region": "eu-north-1"
          },
          "private": "eyJlMmJmYjczMC1lY2FhLTExZTYtOGY4OC0zNDM2M2JjN2M0YzAiOnsiY3JlYXRlIjo2MDAwMDAwMDAwMDAsImRlbGV0ZSI6MTIwMDAwMDAwMDAwMH0sInNjaGVtYV92ZXJzaW9uIjoiMSJ9",
          "dependencies": [
            "data.aws_availability_zones.available",
            "module.vpc.aws_vpc.this",
            "module.vpc.aws_vpc_ipv4_cidr_block_association.this"
          ]
        },
        {
          "index_key": 2,
          "schema_version": 1,
          "attributes": {
            "arn": "arn:aws:ec2:eu-north-1:547320736290:subnet/subnet-041c7aa6617f90d95",
            "assign_ipv6_address_on_creation": false,
            "availability_zone": "eu-north-1c",
            "availability_zone_id": "eun1-az3",
            "cidr_block": "10.0.54.0/24",
            "customer_owned_ipv4_pool": "",
            "enable_dns64": false,
            "enable_lni_at_device_index": 0,
            "enable_resource_name_dns_a_record_on_launch": false,
            "enable_resource_name_dns_aaaa_record_on_launch": false,
            "id": "subnet-041c7aa6617f90d95",
            "ipv4_ipam_pool_id": null,
            "ipv4_netmask_length": null,
            "ipv6_cidr_block": "",
            "ipv6_cidr_block_association_id": "",
            "ipv6_ipam_pool_id": null,
            "ipv6_native": false,
            "ipv6_netmask_length": null,
            "map_customer_owned_ip_on_launch": false,
            "map_public_ip_on_launch": false,
            "outpost_arn": "",
            "owner_id": "547320736290",
            "private_dns_hostname_type_on_launch": "ip-name",
            "region": "eu-north-1",
            "tags": {
              "Example": "ex-self-mng",
              "GithubOrg": "terraform-aws-modules",
              "GithubRepo": "terraform-aws-eks",
              "Name": "ex-self-mng-intra-eu-north-1c"
            },
            "tags_all": {
              "Example": "ex-self-mng",
              "GithubOrg": "terraform-aws-modules",
              "GithubRepo": "terraform-aws-eks",
              "Name": "ex-self-mng-intra-eu-north-1c"
            },
            "timeouts": null,
            "vpc_id": "vpc-0bebf8dd9cf303951"
          },
          "sensitive_attributes": [],
          "identity_schema_version": 0,
          "identity": {
            "account_id": "547320736290",
            "id": "subnet-041c7aa6617f90d95",
            "region": "eu-north-1"
          },
          "private": "eyJlMmJmYjczMC1lY2FhLTExZTYtOGY4OC0zNDM2M2JjN2M0YzAiOnsiY3JlYXRlIjo2MDAwMDAwMDAwMDAsImRlbGV0ZSI6MTIwMDAwMDAwMDAwMH0sInNjaGVtYV92ZXJzaW9uIjoiMSJ9",
          "dependencies": [
            "data.aws_availability_zones.available",
            "module.vpc.aws_vpc.this",
            "module.vpc.aws_vpc_ipv4_cidr_block_association.this"
          ]
        }
      ]
    },
    {
      "module": "module.vpc",
      "mode": "managed",
      "type": "aws_subnet",
      "name": "outpost",
      "provider": "provider[\"registry.terraform.io/hashicorp/aws\"]",
      "instances": []
    },
    {
      "module": "module.vpc",
      "mode": "managed",
      "type": "aws_subnet",
      "name": "private",
      "provider": "provider[\"registry.terraform.io/hashicorp/aws\"]",
      "instances": [
        {
          "index_key": 0,
          "schema_version": 1,
          "attributes": {
            "arn": "arn:aws:ec2:eu-north-1:547320736290:subnet/subnet-0bf08397412da6590",
            "assign_ipv6_address_on_creation": false,
            "availability_zone": "eu-north-1a",
            "availability_zone_id": "eun1-az1",
            "cidr_block": "10.0.0.0/20",
            "customer_owned_ipv4_pool": "",
            "enable_dns64": false,
            "enable_lni_at_device_index": 0,
            "enable_resource_name_dns_a_record_on_launch": false,
            "enable_resource_name_dns_aaaa_record_on_launch": false,
            "id": "subnet-0bf08397412da6590",
            "ipv4_ipam_pool_id": null,
            "ipv4_netmask_length": null,
            "ipv6_cidr_block": "",
            "ipv6_cidr_block_association_id": "",
            "ipv6_ipam_pool_id": null,
            "ipv6_native": false,
            "ipv6_netmask_length": null,
            "map_customer_owned_ip_on_launch": false,
            "map_public_ip_on_launch": false,
            "outpost_arn": "",
            "owner_id": "547320736290",
            "private_dns_hostname_type_on_launch": "ip-name",
            "region": "eu-north-1",
            "tags": {
              "Example": "ex-self-mng",
              "GithubOrg": "terraform-aws-modules",
              "GithubRepo": "terraform-aws-eks",
              "Name": "ex-self-mng-private-eu-north-1a",
              "kubernetes.io/role/internal-elb": "1"
            },
            "tags_all": {
              "Example": "ex-self-mng",
              "GithubOrg": "terraform-aws-modules",
              "GithubRepo": "terraform-aws-eks",
              "Name": "ex-self-mng-private-eu-north-1a",
              "kubernetes.io/role/internal-elb": "1"
            },
            "timeouts": null,
            "vpc_id": "vpc-0bebf8dd9cf303951"
          },
          "sensitive_attributes": [],
          "identity_schema_version": 0,
          "identity": {
            "account_id": "547320736290",
            "id": "subnet-0bf08397412da6590",
            "region": "eu-north-1"
          },
          "private": "eyJlMmJmYjczMC1lY2FhLTExZTYtOGY4OC0zNDM2M2JjN2M0YzAiOnsiY3JlYXRlIjo2MDAwMDAwMDAwMDAsImRlbGV0ZSI6MTIwMDAwMDAwMDAwMH0sInNjaGVtYV92ZXJzaW9uIjoiMSJ9",
          "dependencies": [
            "data.aws_availability_zones.available",
            "module.vpc.aws_vpc.this",
            "module.vpc.aws_vpc_ipv4_cidr_block_association.this"
          ],
          "create_before_destroy": true
        },
        {
          "index_key": 1,
          "schema_version": 1,
          "attributes": {
            "arn": "arn:aws:ec2:eu-north-1:547320736290:subnet/subnet-0573b75042cf6c417",
            "assign_ipv6_address_on_creation": false,
            "availability_zone": "eu-north-1b",
            "availability_zone_id": "eun1-az2",
            "cidr_block": "10.0.16.0/20",
            "customer_owned_ipv4_pool": "",
            "enable_dns64": false,
            "enable_lni_at_device_index": 0,
            "enable_resource_name_dns_a_record_on_launch": false,
            "enable_resource_name_dns_aaaa_record_on_launch": false,
            "id": "subnet-0573b75042cf6c417",
            "ipv4_ipam_pool_id": null,
            "ipv4_netmask_length": null,
            "ipv6_cidr_block": "",
            "ipv6_cidr_block_association_id": "",
            "ipv6_ipam_pool_id": null,
            "ipv6_native": false,
            "ipv6_netmask_length": null,
            "map_customer_owned_ip_on_launch": false,
            "map_public_ip_on_launch": false,
            "outpost_arn": "",
            "owner_id": "547320736290",
            "private_dns_hostname_type_on_launch": "ip-name",
            "region": "eu-north-1",
            "tags": {
              "Example": "ex-self-mng",
              "GithubOrg": "terraform-aws-modules",
              "GithubRepo": "terraform-aws-eks",
              "Name": "ex-self-mng-private-eu-north-1b",
              "kubernetes.io/role/internal-elb": "1"
            },
            "tags_all": {
              "Example": "ex-self-mng",
              "GithubOrg": "terraform-aws-modules",
              "GithubRepo": "terraform-aws-eks",
              "Name": "ex-self-mng-private-eu-north-1b",
              "kubernetes.io/role/internal-elb": "1"
            },
            "timeouts": null,
            "vpc_id": "vpc-0bebf8dd9cf303951"
          },
          "sensitive_attributes": [],
          "identity_schema_version": 0,
          "identity": {
            "account_id": "547320736290",
            "id": "subnet-0573b75042cf6c417",
            "region": "eu-north-1"
          },
          "private": "eyJlMmJmYjczMC1lY2FhLTExZTYtOGY4OC0zNDM2M2JjN2M0YzAiOnsiY3JlYXRlIjo2MDAwMDAwMDAwMDAsImRlbGV0ZSI6MTIwMDAwMDAwMDAwMH0sInNjaGVtYV92ZXJzaW9uIjoiMSJ9",
          "dependencies": [
            "data.aws_availability_zones.available",
            "module.vpc.aws_vpc.this",
            "module.vpc.aws_vpc_ipv4_cidr_block_association.this"
          ],
          "create_before_destroy": true
        },
        {
          "index_key": 2,
          "schema_version": 1,
          "attributes": {
            "arn": "arn:aws:ec2:eu-north-1:547320736290:subnet/subnet-0b21cde55cf8f99f5",
            "assign_ipv6_address_on_creation": false,
            "availability_zone": "eu-north-1c",
            "availability_zone_id": "eun1-az3",
            "cidr_block": "10.0.32.0/20",
            "customer_owned_ipv4_pool": "",
            "enable_dns64": false,
            "enable_lni_at_device_index": 0,
            "enable_resource_name_dns_a_record_on_launch": false,
            "enable_resource_name_dns_aaaa_record_on_launch": false,
            "id": "subnet-0b21cde55cf8f99f5",
            "ipv4_ipam_pool_id": null,
            "ipv4_netmask_length": null,
            "ipv6_cidr_block": "",
            "ipv6_cidr_block_association_id": "",
            "ipv6_ipam_pool_id": null,
            "ipv6_native": false,
            "ipv6_netmask_length": null,
            "map_customer_owned_ip_on_launch": false,
            "map_public_ip_on_launch": false,
            "outpost_arn": "",
            "owner_id": "547320736290",
            "private_dns_hostname_type_on_launch": "ip-name",
            "region": "eu-north-1",
            "tags": {
              "Example": "ex-self-mng",
              "GithubOrg": "terraform-aws-modules",
              "GithubRepo": "terraform-aws-eks",
              "Name": "ex-self-mng-private-eu-north-1c",
              "kubernetes.io/role/internal-elb": "1"
            },
            "tags_all": {
              "Example": "ex-self-mng",
              "GithubOrg": "terraform-aws-modules",
              "GithubRepo": "terraform-aws-eks",
              "Name": "ex-self-mng-private-eu-north-1c",
              "kubernetes.io/role/internal-elb": "1"
            },
            "timeouts": null,
            "vpc_id": "vpc-0bebf8dd9cf303951"
          },
          "sensitive_attributes": [],
          "identity_schema_version": 0,
          "identity": {
            "account_id": "547320736290",
            "id": "subnet-0b21cde55cf8f99f5",
            "region": "eu-north-1"
          },
          "private": "eyJlMmJmYjczMC1lY2FhLTExZTYtOGY4OC0zNDM2M2JjN2M0YzAiOnsiY3JlYXRlIjo2MDAwMDAwMDAwMDAsImRlbGV0ZSI6MTIwMDAwMDAwMDAwMH0sInNjaGVtYV92ZXJzaW9uIjoiMSJ9",
          "dependencies": [
            "data.aws_availability_zones.available",
            "module.vpc.aws_vpc.this",
            "module.vpc.aws_vpc_ipv4_cidr_block_association.this"
          ],
          "create_before_destroy": true
        }
      ]
    },
    {
      "module": "module.vpc",
      "mode": "managed",
      "type": "aws_subnet",
      "name": "public",
      "provider": "provider[\"registry.terraform.io/hashicorp/aws\"]",
      "instances": [
        {
          "index_key": 0,
          "schema_version": 1,
          "attributes": {
            "arn": "arn:aws:ec2:eu-north-1:547320736290:subnet/subnet-00d168931240e1e25",
            "assign_ipv6_address_on_creation": false,
            "availability_zone": "eu-north-1a",
            "availability_zone_id": "eun1-az1",
            "cidr_block": "10.0.48.0/24",
            "customer_owned_ipv4_pool": "",
            "enable_dns64": false,
            "enable_lni_at_device_index": 0,
            "enable_resource_name_dns_a_record_on_launch": false,
            "enable_resource_name_dns_aaaa_record_on_launch": false,
            "id": "subnet-00d168931240e1e25",
            "ipv4_ipam_pool_id": null,
            "ipv4_netmask_length": null,
            "ipv6_cidr_block": "",
            "ipv6_cidr_block_association_id": "",
            "ipv6_ipam_pool_id": null,
            "ipv6_native": false,
            "ipv6_netmask_length": null,
            "map_customer_owned_ip_on_launch": false,
            "map_public_ip_on_launch": false,
            "outpost_arn": "",
            "owner_id": "547320736290",
            "private_dns_hostname_type_on_launch": "ip-name",
            "region": "eu-north-1",
            "tags": {
              "Example": "ex-self-mng",
              "GithubOrg": "terraform-aws-modules",
              "GithubRepo": "terraform-aws-eks",
              "Name": "ex-self-mng-public-eu-north-1a",
              "kubernetes.io/role/elb": "1"
            },
            "tags_all": {
              "Example": "ex-self-mng",
              "GithubOrg": "terraform-aws-modules",
              "GithubRepo": "terraform-aws-eks",
              "Name": "ex-self-mng-public-eu-north-1a",
              "kubernetes.io/role/elb": "1"
            },
            "timeouts": null,
            "vpc_id": "vpc-0bebf8dd9cf303951"
          },
          "sensitive_attributes": [],
          "identity_schema_version": 0,
          "identity": {
            "account_id": "547320736290",
            "id": "subnet-00d168931240e1e25",
            "region": "eu-north-1"
          },
          "private": "eyJlMmJmYjczMC1lY2FhLTExZTYtOGY4OC0zNDM2M2JjN2M0YzAiOnsiY3JlYXRlIjo2MDAwMDAwMDAwMDAsImRlbGV0ZSI6MTIwMDAwMDAwMDAwMH0sInNjaGVtYV92ZXJzaW9uIjoiMSJ9",
          "dependencies": [
            "data.aws_availability_zones.available",
            "module.vpc.aws_vpc.this",
            "module.vpc.aws_vpc_ipv4_cidr_block_association.this"
          ]
        },
        {
          "index_key": 1,
          "schema_version": 1,
          "attributes": {
            "arn": "arn:aws:ec2:eu-north-1:547320736290:subnet/subnet-00f470e6818d4ea82",
            "assign_ipv6_address_on_creation": false,
            "availability_zone": "eu-north-1b",
            "availability_zone_id": "eun1-az2",
            "cidr_block": "10.0.49.0/24",
            "customer_owned_ipv4_pool": "",
            "enable_dns64": false,
            "enable_lni_at_device_index": 0,
            "enable_resource_name_dns_a_record_on_launch": false,
            "enable_resource_name_dns_aaaa_record_on_launch": false,
            "id": "subnet-00f470e6818d4ea82",
            "ipv4_ipam_pool_id": null,
            "ipv4_netmask_length": null,
            "ipv6_cidr_block": "",
            "ipv6_cidr_block_association_id": "",
            "ipv6_ipam_pool_id": null,
            "ipv6_native": false,
            "ipv6_netmask_length": null,
            "map_customer_owned_ip_on_launch": false,
            "map_public_ip_on_launch": false,
            "outpost_arn": "",
            "owner_id": "547320736290",
            "private_dns_hostname_type_on_launch": "ip-name",
            "region": "eu-north-1",
            "tags": {
              "Example": "ex-self-mng",
              "GithubOrg": "terraform-aws-modules",
              "GithubRepo": "terraform-aws-eks",
              "Name": "ex-self-mng-public-eu-north-1b",
              "kubernetes.io/role/elb": "1"
            },
            "tags_all": {
              "Example": "ex-self-mng",
              "GithubOrg": "terraform-aws-modules",
              "GithubRepo": "terraform-aws-eks",
              "Name": "ex-self-mng-public-eu-north-1b",
              "kubernetes.io/role/elb": "1"
            },
            "timeouts": null,
            "vpc_id": "vpc-0bebf8dd9cf303951"
          },
          "sensitive_attributes": [],
          "identity_schema_version": 0,
          "identity": {
            "account_id": "547320736290",
            "id": "subnet-00f470e6818d4ea82",
            "region": "eu-north-1"
          },
          "private": "eyJlMmJmYjczMC1lY2FhLTExZTYtOGY4OC0zNDM2M2JjN2M0YzAiOnsiY3JlYXRlIjo2MDAwMDAwMDAwMDAsImRlbGV0ZSI6MTIwMDAwMDAwMDAwMH0sInNjaGVtYV92ZXJzaW9uIjoiMSJ9",
          "dependencies": [
            "data.aws_availability_zones.available",
            "module.vpc.aws_vpc.this",
            "module.vpc.aws_vpc_ipv4_cidr_block_association.this"
          ]
        },
        {
          "index_key": 2,
          "schema_version": 1,
          "attributes": {
            "arn": "arn:aws:ec2:eu-north-1:547320736290:subnet/subnet-0ca5985175c6a31ba",
            "assign_ipv6_address_on_creation": false,
            "availability_zone": "eu-north-1c",
            "availability_zone_id": "eun1-az3",
            "cidr_block": "10.0.50.0/24",
            "customer_owned_ipv4_pool": "",
            "enable_dns64": false,
            "enable_lni_at_device_index": 0,
            "enable_resource_name_dns_a_record_on_launch": false,
            "enable_resource_name_dns_aaaa_record_on_launch": false,
            "id": "subnet-0ca5985175c6a31ba",
            "ipv4_ipam_pool_id": null,
            "ipv4_netmask_length": null,
            "ipv6_cidr_block": "",
            "ipv6_cidr_block_association_id": "",
            "ipv6_ipam_pool_id": null,
            "ipv6_native": false,
            "ipv6_netmask_length": null,
            "map_customer_owned_ip_on_launch": false,
            "map_public_ip_on_launch": false,
            "outpost_arn": "",
            "owner_id": "547320736290",
            "private_dns_hostname_type_on_launch": "ip-name",
            "region": "eu-north-1",
            "tags": {
              "Example": "ex-self-mng",
              "GithubOrg": "terraform-aws-modules",
              "GithubRepo": "terraform-aws-eks",
              "Name": "ex-self-mng-public-eu-north-1c",
              "kubernetes.io/role/elb": "1"
            },
            "tags_all": {
              "Example": "ex-self-mng",
              "GithubOrg": "terraform-aws-modules",
              "GithubRepo": "terraform-aws-eks",
              "Name": "ex-self-mng-public-eu-north-1c",
              "kubernetes.io/role/elb": "1"
            },
            "timeouts": null,
            "vpc_id": "vpc-0bebf8dd9cf303951"
          },
          "sensitive_attributes": [],
          "identity_schema_version": 0,
          "identity": {
            "account_id": "547320736290",
            "id": "subnet-0ca5985175c6a31ba",
            "region": "eu-north-1"
          },
          "private": "eyJlMmJmYjczMC1lY2FhLTExZTYtOGY4OC0zNDM2M2JjN2M0YzAiOnsiY3JlYXRlIjo2MDAwMDAwMDAwMDAsImRlbGV0ZSI6MTIwMDAwMDAwMDAwMH0sInNjaGVtYV92ZXJzaW9uIjoiMSJ9",
          "dependencies": [
            "data.aws_availability_zones.available",
            "module.vpc.aws_vpc.this",
            "module.vpc.aws_vpc_ipv4_cidr_block_association.this"
          ]
        }
      ]
    },
    {
      "module": "module.vpc",
      "mode": "managed",
      "type": "aws_subnet",
      "name": "redshift",
      "provider": "provider[\"registry.terraform.io/hashicorp/aws\"]",
      "instances": []
    },
    {
      "module": "module.vpc",
      "mode": "managed",
      "type": "aws_vpc",
      "name": "this",
      "provider": "provider[\"registry.terraform.io/hashicorp/aws\"]",
      "instances": [
        {
          "index_key": 0,
          "schema_version": 1,
          "attributes": {
            "arn": "arn:aws:ec2:eu-north-1:547320736290:vpc/vpc-0bebf8dd9cf303951",
            "assign_generated_ipv6_cidr_block": false,
            "cidr_block": "10.0.0.0/16",
            "default_network_acl_id": "acl-05f26c4c504cf9d53",
            "default_route_table_id": "rtb-0abf90fc35de0a358",
            "default_security_group_id": "sg-0d8527aa73a560955",
            "dhcp_options_id": "dopt-00db907c40bd30adf",
            "enable_dns_hostnames": true,
            "enable_dns_support": true,
            "enable_network_address_usage_metrics": false,
            "id": "vpc-0bebf8dd9cf303951",
            "instance_tenancy": "default",
            "ipv4_ipam_pool_id": null,
            "ipv4_netmask_length": null,
            "ipv6_association_id": "",
            "ipv6_cidr_block": "",
            "ipv6_cidr_block_network_border_group": "",
            "ipv6_ipam_pool_id": "",
            "ipv6_netmask_length": 0,
            "main_route_table_id": "rtb-0abf90fc35de0a358",
            "owner_id": "547320736290",
            "region": "eu-north-1",
            "tags": {
              "Example": "ex-self-mng",
              "GithubOrg": "terraform-aws-modules",
              "GithubRepo": "terraform-aws-eks",
              "Name": "ex-self-mng"
            },
            "tags_all": {
              "Example": "ex-self-mng",
              "GithubOrg": "terraform-aws-modules",
              "GithubRepo": "terraform-aws-eks",
              "Name": "ex-self-mng"
            }
          },
          "sensitive_attributes": [],
          "identity_schema_version": 0,
          "identity": {
            "account_id": "547320736290",
            "id": "vpc-0bebf8dd9cf303951",
            "region": "eu-north-1"
          },
          "private": "eyJzY2hlbWFfdmVyc2lvbiI6IjEifQ==",
          "create_before_destroy": true
        }
      ]
    },
    {
      "module": "module.vpc",
      "mode": "managed",
      "type": "aws_vpc_block_public_access_exclusion",
      "name": "this",
      "provider": "provider[\"registry.terraform.io/hashicorp/aws\"]",
      "instances": []
    },
    {
      "module": "module.vpc",
      "mode": "managed",
      "type": "aws_vpc_block_public_access_options",
      "name": "this",
      "provider": "provider[\"registry.terraform.io/hashicorp/aws\"]",
      "instances": []
    },
    {
      "module": "module.vpc",
      "mode": "managed",
      "type": "aws_vpc_dhcp_options",
      "name": "this",
      "provider": "provider[\"registry.terraform.io/hashicorp/aws\"]",
      "instances": []
    },
    {
      "module": "module.vpc",
      "mode": "managed",
      "type": "aws_vpc_dhcp_options_association",
      "name": "this",
      "provider": "provider[\"registry.terraform.io/hashicorp/aws\"]",
      "instances": []
    },
    {
      "module": "module.vpc",
      "mode": "managed",
      "type": "aws_vpc_ipv4_cidr_block_association",
      "name": "this",
      "provider": "provider[\"registry.terraform.io/hashicorp/aws\"]",
      "instances": []
    },
    {
      "module": "module.vpc",
      "mode": "managed",
      "type": "aws_vpn_gateway",
      "name": "this",
      "provider": "provider[\"registry.terraform.io/hashicorp/aws\"]",
      "instances": []
    },
    {
      "module": "module.vpc",
      "mode": "managed",
      "type": "aws_vpn_gateway_attachment",
      "name": "this",
      "provider": "provider[\"registry.terraform.io/hashicorp/aws\"]",
      "instances": []
    },
    {
      "module": "module.vpc",
      "mode": "managed",
      "type": "aws_vpn_gateway_route_propagation",
      "name": "intra",
      "provider": "provider[\"registry.terraform.io/hashicorp/aws\"]",
      "instances": []
    },
    {
      "module": "module.vpc",
      "mode": "managed",
      "type": "aws_vpn_gateway_route_propagation",
      "name": "private",
      "provider": "provider[\"registry.terraform.io/hashicorp/aws\"]",
      "instances": []
    },
    {
      "module": "module.vpc",
      "mode": "managed",
      "type": "aws_vpn_gateway_route_propagation",
      "name": "public",
      "provider": "provider[\"registry.terraform.io/hashicorp/aws\"]",
      "instances": []
    }
  ],
  "check_results": [
    {
      "object_kind": "resource",
      "config_addr": "module.eks_bottlerocket.module.self_managed_node_group.module.user_data.null_resource.validate_cluster_service_cidr",
      "status": "pass",
      "objects": [
        {
          "object_addr": "module.eks_bottlerocket.module.self_managed_node_group[\"example\"].module.user_data.null_resource.validate_cluster_service_cidr",
          "status": "pass"
        }
      ]
    },
    {
      "object_kind": "resource",
      "config_addr": "module.eks_al2023.module.eks_managed_node_group.module.user_data.null_resource.validate_cluster_service_cidr",
      "status": "pass",
      "objects": null
    },
    {
      "object_kind": "resource",
      "config_addr": "module.eks_al2023.module.self_managed_node_group.module.user_data.null_resource.validate_cluster_service_cidr",
      "status": "pass",
      "objects": [
        {
          "object_addr": "module.eks_al2023.module.self_managed_node_group[\"example\"].module.user_data.null_resource.validate_cluster_service_cidr",
          "status": "pass"
        }
      ]
    },
    {
      "object_kind": "resource",
      "config_addr": "module.eks_bottlerocket.module.eks_managed_node_group.module.user_data.null_resource.validate_cluster_service_cidr",
      "status": "pass",
      "objects": null
    }
  ]
}
